PODS:
  - Alamofire (5.4.4)
  - ASN1Swift (1.2.3)
  - CryptoSwift (1.3.1)
  - EllipticCurveKeyPair (2.0)
  - lottie-ios (3.4.3)
  - OHHTTPStubs/Core (9.1.0)
  - OHHTTPStubs/Default (9.1.0):
    - OHHTTPStubs/Core
    - OHHTTPStubs/JSON
    - OHHTTPStubs/NSURLSession
    - OHHTTPStubs/OHPathHelpers
  - OHHTTPStubs/JSON (9.1.0):
    - OHHTTPStubs/Core
  - OHHTTPStubs/NSURLSession (9.1.0):
    - OHHTTPStubs/Core
  - OHHTTPStubs/OHPathHelpers (9.1.0)
  - OHHTTPStubs/Swift (9.1.0):
    - OHHTTPStubs/Default
  - pmtest (1.1.0)
  - ProtonCore-AccountDeletion-V5/Crypto-Go1.15.15 (3.24.1):
    - ProtonCore-Authentication/Crypto-Go1.15.15 (= 3.24.1)
    - ProtonCore-CoreTranslation (= 3.24.1)
    - ProtonCore-Doh (= 3.24.1)
    - ProtonCore-Foundations (= 3.24.1)
    - ProtonCore-Log (= 3.24.1)
    - ProtonCore-Networking (= 3.24.1)
    - ProtonCore-Services (= 3.24.1)
    - ProtonCore-UIFoundations-V5 (= 3.24.1)
    - ProtonCore-Utilities (= 3.24.1)
  - ProtonCore-AccountDeletion-V5/Crypto-Go1.15.15/Tests (3.24.1):
    - ProtonCore-Authentication/Crypto-Go1.15.15 (= 3.24.1)
    - ProtonCore-CoreTranslation (= 3.24.1)
    - ProtonCore-Doh (= 3.24.1)
    - ProtonCore-Foundations (= 3.24.1)
    - ProtonCore-Log (= 3.24.1)
    - ProtonCore-Networking (= 3.24.1)
    - ProtonCore-Services (= 3.24.1)
    - ProtonCore-TestingToolkit/UnitTests/Doh (= 3.24.1)
    - ProtonCore-TestingToolkit/UnitTests/Networking (= 3.24.1)
    - ProtonCore-TestingToolkit/UnitTests/Services (= 3.24.1)
    - ProtonCore-UIFoundations-V5 (= 3.24.1)
    - ProtonCore-Utilities (= 3.24.1)
  - ProtonCore-AccountSwitcher-V5 (3.24.1):
    - ProtonCore-CoreTranslation (= 3.24.1)
    - ProtonCore-Log (= 3.24.1)
    - ProtonCore-UIFoundations-V5 (= 3.24.1)
    - ProtonCore-Utilities (= 3.24.1)
  - ProtonCore-AccountSwitcher-V5/Tests (3.24.1):
    - ProtonCore-CoreTranslation (= 3.24.1)
    - ProtonCore-Log (= 3.24.1)
    - ProtonCore-UIFoundations-V5 (= 3.24.1)
    - ProtonCore-Utilities (= 3.24.1)
  - ProtonCore-APIClient (3.24.1):
    - "ProtonCore-APIClient/Crypto+Search-Go1.15.15 (= 3.24.1)"
    - "ProtonCore-APIClient/Crypto+Search-Go1.17.9 (= 3.24.1)"
    - "ProtonCore-APIClient/Crypto+Search-Go1.18.3 (= 3.24.1)"
    - "ProtonCore-APIClient/Crypto+Search-Go1.19.2 (= 3.24.1)"
    - "ProtonCore-APIClient/Crypto+VPN-Go1.15.15 (= 3.24.1)"
    - "ProtonCore-APIClient/Crypto+VPN-Go1.17.9 (= 3.24.1)"
    - "ProtonCore-APIClient/Crypto+VPN-Go1.18.3 (= 3.24.1)"
    - "ProtonCore-APIClient/Crypto+VPN-Go1.19.2 (= 3.24.1)"
    - ProtonCore-APIClient/Crypto-Go1.15.15 (= 3.24.1)
    - ProtonCore-APIClient/Crypto-Go1.17.9 (= 3.24.1)
    - ProtonCore-APIClient/Crypto-Go1.18.3 (= 3.24.1)
    - ProtonCore-APIClient/Crypto-Go1.19.2 (= 3.24.1)
    - ProtonCore-APIClient/Crypto-patched-Go1.19.2 (= 3.24.1)
    - ProtonCore-DataModel (= 3.24.1)
    - ProtonCore-Networking (= 3.24.1)
    - ProtonCore-Services (= 3.24.1)
  - "ProtonCore-APIClient/Crypto+Search-Go1.15.15 (3.24.1)":
    - ProtonCore-DataModel (= 3.24.1)
    - ProtonCore-Networking (= 3.24.1)
    - ProtonCore-Services (= 3.24.1)
  - "ProtonCore-APIClient/Crypto+Search-Go1.17.9 (3.24.1)":
    - ProtonCore-DataModel (= 3.24.1)
    - ProtonCore-Networking (= 3.24.1)
    - ProtonCore-Services (= 3.24.1)
  - "ProtonCore-APIClient/Crypto+Search-Go1.18.3 (3.24.1)":
    - ProtonCore-DataModel (= 3.24.1)
    - ProtonCore-Networking (= 3.24.1)
    - ProtonCore-Services (= 3.24.1)
  - "ProtonCore-APIClient/Crypto+Search-Go1.19.2 (3.24.1)":
    - ProtonCore-DataModel (= 3.24.1)
    - ProtonCore-Networking (= 3.24.1)
    - ProtonCore-Services (= 3.24.1)
  - "ProtonCore-APIClient/Crypto+VPN-Go1.15.15 (3.24.1)":
    - ProtonCore-DataModel (= 3.24.1)
    - ProtonCore-Networking (= 3.24.1)
    - ProtonCore-Services (= 3.24.1)
  - "ProtonCore-APIClient/Crypto+VPN-Go1.17.9 (3.24.1)":
    - ProtonCore-DataModel (= 3.24.1)
    - ProtonCore-Networking (= 3.24.1)
    - ProtonCore-Services (= 3.24.1)
  - "ProtonCore-APIClient/Crypto+VPN-Go1.18.3 (3.24.1)":
    - ProtonCore-DataModel (= 3.24.1)
    - ProtonCore-Networking (= 3.24.1)
    - ProtonCore-Services (= 3.24.1)
  - "ProtonCore-APIClient/Crypto+VPN-Go1.19.2 (3.24.1)":
    - ProtonCore-DataModel (= 3.24.1)
    - ProtonCore-Networking (= 3.24.1)
    - ProtonCore-Services (= 3.24.1)
  - ProtonCore-APIClient/Crypto-Go1.15.15 (3.24.1):
    - ProtonCore-DataModel (= 3.24.1)
    - ProtonCore-Networking (= 3.24.1)
    - ProtonCore-Services (= 3.24.1)
  - ProtonCore-APIClient/Crypto-Go1.15.15/Tests-Crypto-Go1.15.15 (3.24.1):
    - OHHTTPStubs/Swift
    - ProtonCore-Authentication/Crypto-Go1.15.15 (= 3.24.1)
    - ProtonCore-DataModel (= 3.24.1)
    - ProtonCore-GoLibs/Crypto-Go1.15.15 (= 3.24.1)
    - ProtonCore-Networking (= 3.24.1)
    - ProtonCore-Services (= 3.24.1)
    - ProtonCore-TestingToolkit/UnitTests/Authentication/Crypto-Go1.15.15 (= 3.24.1)
    - TrustKit
  - ProtonCore-APIClient/Crypto-Go1.17.9 (3.24.1):
    - ProtonCore-DataModel (= 3.24.1)
    - ProtonCore-Networking (= 3.24.1)
    - ProtonCore-Services (= 3.24.1)
  - ProtonCore-APIClient/Crypto-Go1.18.3 (3.24.1):
    - ProtonCore-DataModel (= 3.24.1)
    - ProtonCore-Networking (= 3.24.1)
    - ProtonCore-Services (= 3.24.1)
  - ProtonCore-APIClient/Crypto-Go1.19.2 (3.24.1):
    - ProtonCore-DataModel (= 3.24.1)
    - ProtonCore-Networking (= 3.24.1)
    - ProtonCore-Services (= 3.24.1)
  - ProtonCore-APIClient/Crypto-patched-Go1.19.2 (3.24.1):
    - ProtonCore-DataModel (= 3.24.1)
    - ProtonCore-Networking (= 3.24.1)
    - ProtonCore-Services (= 3.24.1)
  - ProtonCore-Authentication-KeyGeneration/Crypto-Go1.15.15 (3.24.1):
    - ProtonCore-Authentication/Crypto-Go1.15.15 (= 3.24.1)
    - ProtonCore-FeatureSwitch (= 3.24.1)
    - ProtonCore-GoLibs/Crypto-Go1.15.15 (= 3.24.1)
    - ProtonCore-Hash (= 3.24.1)
    - ProtonCore-OpenPGP (= 3.24.1)
  - ProtonCore-Authentication-KeyGeneration/Crypto-Go1.15.15/Tests (3.24.1):
    - OHHTTPStubs/Swift
    - ProtonCore-Authentication/Crypto-Go1.15.15 (= 3.24.1)
    - ProtonCore-FeatureSwitch (= 3.24.1)
    - ProtonCore-GoLibs/Crypto-Go1.15.15 (= 3.24.1)
    - ProtonCore-Hash (= 3.24.1)
    - ProtonCore-ObfuscatedConstants (= 3.24.1)
    - ProtonCore-OpenPGP (= 3.24.1)
    - ProtonCore-TestingToolkit/UnitTests/Authentication-KeyGeneration/Crypto-Go1.15.15 (= 3.24.1)
  - ProtonCore-Authentication/Crypto-Go1.15.15 (3.24.1):
    - ProtonCore-APIClient (= 3.24.1)
    - ProtonCore-FeatureSwitch (= 3.24.1)
    - ProtonCore-GoLibs/Crypto-Go1.15.15 (= 3.24.1)
    - ProtonCore-Services (= 3.24.1)
  - ProtonCore-Authentication/Crypto-Go1.15.15/Tests (3.24.1):
    - OHHTTPStubs/Swift
    - ProtonCore-APIClient (= 3.24.1)
    - ProtonCore-FeatureSwitch (= 3.24.1)
    - ProtonCore-GoLibs/Crypto-Go1.15.15 (= 3.24.1)
    - ProtonCore-Services (= 3.24.1)
    - ProtonCore-TestingToolkit/UnitTests/Authentication/Crypto-Go1.15.15 (= 3.24.1)
  - ProtonCore-Challenge (3.24.1):
    - ProtonCore-Foundations (= 3.24.1)
    - ProtonCore-UIFoundations-V5 (= 3.24.1)
  - ProtonCore-Challenge/Tests (3.24.1):
    - ProtonCore-Foundations (= 3.24.1)
    - ProtonCore-UIFoundations-V5 (= 3.24.1)
  - ProtonCore-Common-V5 (3.24.1):
    - ProtonCore-Networking (= 3.24.1)
    - ProtonCore-Services (= 3.24.1)
    - ProtonCore-UIFoundations-V5 (= 3.24.1)
  - ProtonCore-Common-V5/Tests (3.24.1):
    - ProtonCore-Networking (= 3.24.1)
    - ProtonCore-Services (= 3.24.1)
    - ProtonCore-UIFoundations-V5 (= 3.24.1)
  - ProtonCore-CoreTranslation (3.24.1)
  - ProtonCore-CoreTranslation-V5 (3.24.1)
  - ProtonCore-DataModel (3.24.1):
    - ProtonCore-Utilities (= 3.24.1)
  - ProtonCore-DataModel/Tests (3.24.1):
    - ProtonCore-TestingToolkit/UnitTests/DataModel (= 3.24.1)
    - ProtonCore-Utilities (= 3.24.1)
  - ProtonCore-Doh (3.24.1):
    - ProtonCore-Log (= 3.24.1)
    - ProtonCore-Utilities (= 3.24.1)
  - ProtonCore-Doh/Tests (3.24.1):
    - OHHTTPStubs/Swift
    - ProtonCore-Log (= 3.24.1)
    - ProtonCore-TestingToolkit/UnitTests/Doh (= 3.24.1)
    - ProtonCore-Utilities (= 3.24.1)
  - ProtonCore-Environment (3.24.1):
    - ProtonCore-Doh (= 3.24.1)
    - TrustKit
  - ProtonCore-Environment/Tests (3.24.1):
    - OHHTTPStubs/Swift
    - ProtonCore-Doh (= 3.24.1)
    - ProtonCore-TestingToolkit/UnitTests/Doh (= 3.24.1)
    - TrustKit
  - ProtonCore-Features-V5/Crypto-Go1.15.15 (3.24.1):
    - ProtonCore-Authentication/Crypto-Go1.15.15 (= 3.24.1)
    - ProtonCore-Common-V5 (= 3.24.1)
    - ProtonCore-DataModel
    - ProtonCore-GoLibs/Crypto-Go1.15.15 (= 3.24.1)
    - ProtonCore-Hash
    - ProtonCore-KeyManager/Crypto-Go1.15.15 (= 3.24.1)
    - ProtonCore-Networking (= 3.24.1)
  - ProtonCore-FeatureSwitch (3.24.1):
    - ProtonCore-CoreTranslation (= 3.24.1)
    - ProtonCore-Doh (= 3.24.1)
    - ProtonCore-Foundations (= 3.24.1)
    - ProtonCore-Utilities (= 3.24.1)
  - ProtonCore-FeatureSwitch/Tests (3.24.1):
    - ProtonCore-CoreTranslation (= 3.24.1)
    - ProtonCore-Doh (= 3.24.1)
    - ProtonCore-Foundations (= 3.24.1)
    - ProtonCore-TestingToolkit/UnitTests/Doh (= 3.24.1)
    - ProtonCore-Utilities (= 3.24.1)
  - ProtonCore-ForceUpgrade-V5 (3.24.1):
    - ProtonCore-CoreTranslation (= 3.24.1)
    - ProtonCore-Networking (= 3.24.1)
    - ProtonCore-UIFoundations-V5 (= 3.24.1)
  - ProtonCore-ForceUpgrade-V5/Tests (3.24.1):
    - ProtonCore-CoreTranslation (= 3.24.1)
    - ProtonCore-Networking (= 3.24.1)
    - ProtonCore-UIFoundations-V5 (= 3.24.1)
  - ProtonCore-Foundations (3.24.1):
    - ProtonCore-Log (= 3.24.1)
  - ProtonCore-Foundations/Tests (3.24.1):
    - ProtonCore-Log (= 3.24.1)
  - ProtonCore-GoLibs/Crypto-Go1.15.15 (3.24.1):
    - ProtonCore-DataModel (= 3.24.1)
  - ProtonCore-GoLibs/Crypto-Go1.15.15/Tests (3.24.1):
    - ProtonCore-DataModel (= 3.24.1)
  - ProtonCore-Hash (3.24.1)
  - ProtonCore-Hash/Tests (3.24.1)
  - ProtonCore-HumanVerification-V5 (3.24.1):
    - ProtonCore-APIClient (= 3.24.1)
    - ProtonCore-CoreTranslation (= 3.24.1)
    - ProtonCore-Foundations (= 3.24.1)
    - ProtonCore-UIFoundations-V5 (= 3.24.1)
    - ProtonCore-Utilities (= 3.24.1)
  - ProtonCore-HumanVerification-V5/Tests (3.24.1):
    - ProtonCore-APIClient (= 3.24.1)
    - ProtonCore-CoreTranslation (= 3.24.1)
    - ProtonCore-Foundations (= 3.24.1)
    - ProtonCore-TestingToolkit/UnitTests/HumanVerification-V5 (= 3.24.1)
    - ProtonCore-UIFoundations-V5 (= 3.24.1)
    - ProtonCore-Utilities (= 3.24.1)
  - ProtonCore-Keymaker/Crypto-Go1.15.15 (3.24.1):
    - EllipticCurveKeyPair (~> 2.0)
    - ProtonCore-GoLibs/Crypto-Go1.15.15 (= 3.24.1)
  - ProtonCore-Keymaker/Crypto-Go1.15.15/Tests (3.24.1):
    - EllipticCurveKeyPair (~> 2.0)
    - ProtonCore-GoLibs/Crypto-Go1.15.15 (= 3.24.1)
  - ProtonCore-KeyManager/Crypto-Go1.15.15 (3.24.1):
    - ProtonCore-DataModel (= 3.24.1)
    - ProtonCore-GoLibs/Crypto-Go1.15.15 (= 3.24.1)
  - ProtonCore-KeyManager/Crypto-Go1.15.15/Tests (3.24.1):
    - ProtonCore-DataModel (= 3.24.1)
    - ProtonCore-GoLibs/Crypto-Go1.15.15 (= 3.24.1)
  - ProtonCore-Log (3.24.1)
  - ProtonCore-Log/Tests (3.24.1)
  - ProtonCore-Login/Crypto-Go1.15.15 (3.24.1):
    - ProtonCore-Authentication-KeyGeneration/Crypto-Go1.15.15 (= 3.24.1)
    - ProtonCore-Authentication/Crypto-Go1.15.15 (= 3.24.1)
    - ProtonCore-CoreTranslation (= 3.24.1)
    - ProtonCore-DataModel (= 3.24.1)
    - ProtonCore-Foundations (= 3.24.1)
    - ProtonCore-GoLibs/Crypto-Go1.15.15 (= 3.24.1)
    - ProtonCore-Log (= 3.24.1)
    - ProtonCore-OpenPGP (= 3.24.1)
    - TrustKit
  - ProtonCore-Login/Tests-Crypto-Go1.15.15 (3.24.1):
    - OHHTTPStubs/Swift
    - ProtonCore-Authentication-KeyGeneration/Crypto-Go1.15.15 (= 3.24.1)
    - ProtonCore-Authentication/Crypto-Go1.15.15 (= 3.24.1)
    - ProtonCore-CoreTranslation (= 3.24.1)
    - ProtonCore-DataModel (= 3.24.1)
    - ProtonCore-Foundations (= 3.24.1)
    - ProtonCore-GoLibs/Crypto-Go1.15.15 (= 3.24.1)
    - ProtonCore-Log (= 3.24.1)
    - ProtonCore-ObfuscatedConstants (= 3.24.1)
    - ProtonCore-OpenPGP (= 3.24.1)
    - ProtonCore-TestingToolkit/TestData (= 3.24.1)
    - ProtonCore-TestingToolkit/UnitTests/Login/Crypto-Go1.15.15 (= 3.24.1)
    - TrustKit
  - ProtonCore-LoginUI-V5/Crypto-Go1.15.15 (3.24.1):
    - lottie-ios (= 3.4.3)
    - ProtonCore-Authentication-KeyGeneration/Crypto-Go1.15.15 (= 3.24.1)
    - ProtonCore-Authentication/Crypto-Go1.15.15 (= 3.24.1)
    - ProtonCore-Challenge (= 3.24.1)
    - ProtonCore-CoreTranslation (= 3.24.1)
    - ProtonCore-DataModel (= 3.24.1)
    - ProtonCore-Environment (= 3.24.1)
    - ProtonCore-Foundations (= 3.24.1)
    - ProtonCore-GoLibs/Crypto-Go1.15.15 (= 3.24.1)
    - ProtonCore-HumanVerification-V5 (= 3.24.1)
    - ProtonCore-Log (= 3.24.1)
    - ProtonCore-Login/Crypto-Go1.15.15 (= 3.24.1)
    - ProtonCore-OpenPGP (= 3.24.1)
    - ProtonCore-Payments/Crypto-Go1.15.15 (= 3.24.1)
    - ProtonCore-PaymentsUI-V5/Crypto-Go1.15.15 (= 3.24.1)
    - ProtonCore-TroubleShooting (= 3.24.1)
    - ProtonCore-UIFoundations-V5 (= 3.24.1)
    - TrustKit
  - ProtonCore-LoginUI-V5/Tests-Crypto-Go1.15.15 (3.24.1):
    - lottie-ios (= 3.4.3)
    - OHHTTPStubs/Swift
    - ProtonCore-Authentication-KeyGeneration/Crypto-Go1.15.15 (= 3.24.1)
    - ProtonCore-Authentication/Crypto-Go1.15.15 (= 3.24.1)
    - ProtonCore-Challenge (= 3.24.1)
    - ProtonCore-CoreTranslation (= 3.24.1)
    - ProtonCore-DataModel (= 3.24.1)
    - ProtonCore-Environment (= 3.24.1)
    - ProtonCore-Foundations (= 3.24.1)
    - ProtonCore-GoLibs/Crypto-Go1.15.15 (= 3.24.1)
    - ProtonCore-HumanVerification-V5 (= 3.24.1)
    - ProtonCore-Log (= 3.24.1)
    - ProtonCore-Login/Crypto-Go1.15.15 (= 3.24.1)
    - ProtonCore-ObfuscatedConstants (= 3.24.1)
    - ProtonCore-OpenPGP (= 3.24.1)
    - ProtonCore-Payments/Crypto-Go1.15.15 (= 3.24.1)
    - ProtonCore-PaymentsUI-V5/Crypto-Go1.15.15 (= 3.24.1)
    - ProtonCore-TestingToolkit/TestData (= 3.24.1)
    - ProtonCore-TestingToolkit/UnitTests/Core (= 3.24.1)
    - ProtonCore-TestingToolkit/UnitTests/LoginUI-V5/Crypto-Go1.15.15 (= 3.24.1)
    - ProtonCore-TroubleShooting (= 3.24.1)
    - ProtonCore-UIFoundations-V5 (= 3.24.1)
    - TrustKit
  - ProtonCore-Networking (3.24.1):
    - Alamofire (= 5.4.4)
    - ProtonCore-CoreTranslation (= 3.24.1)
    - ProtonCore-Environment (= 3.24.1)
    - ProtonCore-Log (= 3.24.1)
    - ProtonCore-Utilities (= 3.24.1)
    - TrustKit
  - ProtonCore-Networking/Tests (3.24.1):
    - Alamofire (= 5.4.4)
    - OHHTTPStubs/Swift
    - ProtonCore-CoreTranslation (= 3.24.1)
    - ProtonCore-Doh (= 3.24.1)
    - ProtonCore-Environment (= 3.24.1)
    - ProtonCore-Log (= 3.24.1)
    - ProtonCore-TestingToolkit/UnitTests/Networking (= 3.24.1)
    - ProtonCore-Utilities (= 3.24.1)
    - TrustKit
  - ProtonCore-ObfuscatedConstants (3.24.1):
    - TrustKit
  - ProtonCore-OpenPGP (3.24.1)
  - ProtonCore-Payments/Crypto-Go1.15.15 (3.24.1):
    - ProtonCore-Authentication/Crypto-Go1.15.15 (= 3.24.1)
    - ProtonCore-CoreTranslation (= 3.24.1)
    - ProtonCore-Foundations (= 3.24.1)
    - ProtonCore-Hash (= 3.24.1)
    - ProtonCore-Log (= 3.24.1)
    - ProtonCore-Networking (= 3.24.1)
    - ProtonCore-Services (= 3.24.1)
    - ReachabilitySwift (~> 5.0.0)
  - ProtonCore-Payments/Crypto-Go1.15.15/Tests (3.24.1):
    - ProtonCore-Authentication/Crypto-Go1.15.15 (= 3.24.1)
    - ProtonCore-CoreTranslation (= 3.24.1)
    - ProtonCore-Foundations (= 3.24.1)
    - ProtonCore-Hash (= 3.24.1)
    - ProtonCore-Log (= 3.24.1)
    - ProtonCore-Networking (= 3.24.1)
    - ProtonCore-Services (= 3.24.1)
    - ProtonCore-TestingToolkit/UnitTests/Payments/Crypto-Go1.15.15 (= 3.24.1)
    - ReachabilitySwift (~> 5.0.0)
  - ProtonCore-PaymentsUI-V5/Crypto-Go1.15.15 (3.24.1):
    - ProtonCore-CoreTranslation (= 3.24.1)
    - ProtonCore-CoreTranslation-V5 (= 3.24.1)
    - ProtonCore-Foundations (= 3.24.1)
    - ProtonCore-Log (= 3.24.1)
    - ProtonCore-Payments/Crypto-Go1.15.15 (= 3.24.1)
    - ProtonCore-UIFoundations-V5 (= 3.24.1)
  - ProtonCore-PaymentsUI-V5/Crypto-Go1.15.15/Tests (3.24.1):
    - ProtonCore-CoreTranslation (= 3.24.1)
    - ProtonCore-CoreTranslation-V5 (= 3.24.1)
    - ProtonCore-Foundations (= 3.24.1)
    - ProtonCore-Log (= 3.24.1)
    - ProtonCore-Payments/Crypto-Go1.15.15 (= 3.24.1)
    - ProtonCore-TestingToolkit/UnitTests/Payments/Crypto-Go1.15.15 (= 3.24.1)
    - ProtonCore-UIFoundations-V5 (= 3.24.1)
    - swift-snapshot-testing
  - ProtonCore-QuarkCommands (3.24.1):
    - ProtonCore-Doh (= 3.24.1)
    - ProtonCore-Environment (= 3.24.1)
    - ProtonCore-Log (= 3.24.1)
    - ProtonCore-Networking (= 3.24.1)
    - ProtonCore-Services (= 3.24.1)
  - ProtonCore-QuarkCommands/Tests (3.24.1):
    - ProtonCore-Doh (= 3.24.1)
    - ProtonCore-Environment (= 3.24.1)
    - ProtonCore-Log (= 3.24.1)
    - ProtonCore-Networking (= 3.24.1)
    - ProtonCore-Services (= 3.24.1)
    - ProtonCore-TestingToolkit/UnitTests/Doh (= 3.24.1)
  - ProtonCore-Services (3.24.1):
    - ProtonCore-DataModel (= 3.24.1)
    - ProtonCore-Doh (= 3.24.1)
    - ProtonCore-Environment (= 3.24.1)
    - ProtonCore-Log (= 3.24.1)
    - ProtonCore-Networking (= 3.24.1)
    - ProtonCore-Utilities (= 3.24.1)
    - TrustKit
  - ProtonCore-Services/Tests (3.24.1):
    - ProtonCore-DataModel (= 3.24.1)
    - ProtonCore-Doh (= 3.24.1)
    - ProtonCore-Environment (= 3.24.1)
    - ProtonCore-Log (= 3.24.1)
    - ProtonCore-Networking (= 3.24.1)
    - ProtonCore-TestingToolkit/UnitTests/Networking (= 3.24.1)
    - ProtonCore-TestingToolkit/UnitTests/Services (= 3.24.1)
    - ProtonCore-Utilities (= 3.24.1)
    - TrustKit
  - ProtonCore-Settings-V5 (3.24.1):
    - ProtonCore-UIFoundations-V5
  - ProtonCore-Settings-V5/Tests (3.24.1):
    - ProtonCore-TestingToolkit/UnitTests/Core (= 3.24.1)
    - ProtonCore-UIFoundations-V5
  - ProtonCore-TestingToolkit/TestData (3.24.1):
    - CryptoSwift (= 1.3.1)
    - ProtonCore-DataModel (= 3.24.1)
    - ProtonCore-Networking (= 3.24.1)
    - ProtonCore-ObfuscatedConstants (= 3.24.1)
    - SwiftOTP (~> 2.0)
  - ProtonCore-TestingToolkit/UITests/AccountDeletion (3.24.1):
    - pmtest
    - ProtonCore-CoreTranslation (= 3.24.1)
    - ProtonCore-Doh (= 3.24.1)
    - ProtonCore-QuarkCommands (= 3.24.1)
  - ProtonCore-TestingToolkit/UITests/AccountSwitcher (3.24.1):
    - pmtest
    - ProtonCore-CoreTranslation (= 3.24.1)
    - ProtonCore-Doh (= 3.24.1)
    - ProtonCore-QuarkCommands (= 3.24.1)
  - ProtonCore-TestingToolkit/UITests/Core (3.24.1):
    - pmtest
    - ProtonCore-CoreTranslation (= 3.24.1)
    - ProtonCore-Doh (= 3.24.1)
    - ProtonCore-Log (= 3.24.1)
    - ProtonCore-QuarkCommands (= 3.24.1)
  - ProtonCore-TestingToolkit/UITests/HumanVerification (3.24.1):
    - pmtest
    - ProtonCore-CoreTranslation (= 3.24.1)
    - ProtonCore-Doh (= 3.24.1)
    - ProtonCore-QuarkCommands (= 3.24.1)
  - ProtonCore-TestingToolkit/UITests/Login (3.24.1):
    - pmtest
    - ProtonCore-CoreTranslation (= 3.24.1)
    - ProtonCore-Doh (= 3.24.1)
    - ProtonCore-QuarkCommands (= 3.24.1)
  - ProtonCore-TestingToolkit/UITests/PaymentsUI (3.24.1):
    - pmtest
    - ProtonCore-CoreTranslation (= 3.24.1)
    - ProtonCore-Doh (= 3.24.1)
    - ProtonCore-QuarkCommands (= 3.24.1)
  - ProtonCore-TestingToolkit/UnitTests/AccountDeletion-V5/Crypto-Go1.15.15 (3.24.1):
    - ProtonCore-AccountDeletion-V5/Crypto-Go1.15.15 (= 3.24.1)
    - ProtonCore-TestingToolkit/UnitTests/Core (= 3.24.1)
    - ProtonCore-TestingToolkit/UnitTests/Networking (= 3.24.1)
  - ProtonCore-TestingToolkit/UnitTests/Authentication-KeyGeneration/Crypto-Go1.15.15 (3.24.1):
    - ProtonCore-Authentication-KeyGeneration/Crypto-Go1.15.15 (= 3.24.1)
    - ProtonCore-TestingToolkit/UnitTests/Core (= 3.24.1)
    - ProtonCore-TestingToolkit/UnitTests/Services (= 3.24.1)
  - ProtonCore-TestingToolkit/UnitTests/Authentication/Crypto-Go1.15.15 (3.24.1):
    - ProtonCore-Authentication/Crypto-Go1.15.15 (= 3.24.1)
    - ProtonCore-TestingToolkit/UnitTests/Core (= 3.24.1)
    - ProtonCore-TestingToolkit/UnitTests/Services (= 3.24.1)
  - ProtonCore-TestingToolkit/UnitTests/Core (3.24.1):
    - ProtonCore-Utilities (= 3.24.1)
    - swift-snapshot-testing
  - ProtonCore-TestingToolkit/UnitTests/DataModel (3.24.1):
    - ProtonCore-DataModel (= 3.24.1)
    - ProtonCore-TestingToolkit/UnitTests/Core (= 3.24.1)
  - ProtonCore-TestingToolkit/UnitTests/Doh (3.24.1):
    - ProtonCore-Doh (= 3.24.1)
    - ProtonCore-TestingToolkit/UnitTests/Core (= 3.24.1)
  - ProtonCore-TestingToolkit/UnitTests/HumanVerification-V5 (3.24.1):
    - ProtonCore-HumanVerification-V5 (= 3.24.1)
    - ProtonCore-TestingToolkit/UnitTests/Core (= 3.24.1)
  - ProtonCore-TestingToolkit/UnitTests/Login/Crypto-Go1.15.15 (3.24.1):
    - ProtonCore-Login/Crypto-Go1.15.15 (= 3.24.1)
    - ProtonCore-TestingToolkit/UnitTests/Authentication/Crypto-Go1.15.15 (= 3.24.1)
    - ProtonCore-TestingToolkit/UnitTests/Core (= 3.24.1)
    - ProtonCore-TestingToolkit/UnitTests/DataModel (= 3.24.1)
    - ProtonCore-TestingToolkit/UnitTests/Services (= 3.24.1)
  - ProtonCore-TestingToolkit/UnitTests/LoginUI-V5/Crypto-Go1.15.15 (3.24.1):
    - ProtonCore-LoginUI-V5/Crypto-Go1.15.15 (= 3.24.1)
    - ProtonCore-TestingToolkit/UnitTests/Authentication/Crypto-Go1.15.15 (= 3.24.1)
    - ProtonCore-TestingToolkit/UnitTests/Core (= 3.24.1)
    - ProtonCore-TestingToolkit/UnitTests/DataModel (= 3.24.1)
    - ProtonCore-TestingToolkit/UnitTests/HumanVerification-V5 (= 3.24.1)
    - ProtonCore-TestingToolkit/UnitTests/Login/Crypto-Go1.15.15 (= 3.24.1)
    - ProtonCore-TestingToolkit/UnitTests/Services (= 3.24.1)
  - ProtonCore-TestingToolkit/UnitTests/Networking (3.24.1):
    - ProtonCore-Networking (= 3.24.1)
    - ProtonCore-TestingToolkit/UnitTests/Core (= 3.24.1)
  - ProtonCore-TestingToolkit/UnitTests/Payments/Crypto-Go1.15.15 (3.24.1):
    - OHHTTPStubs/Swift
    - ProtonCore-Payments/Crypto-Go1.15.15 (= 3.24.1)
    - ProtonCore-TestingToolkit/UnitTests/Core (= 3.24.1)
  - ProtonCore-TestingToolkit/UnitTests/Services (3.24.1):
    - ProtonCore-Services (= 3.24.1)
    - ProtonCore-TestingToolkit/UnitTests/Core (= 3.24.1)
    - ProtonCore-TestingToolkit/UnitTests/DataModel (= 3.24.1)
    - ProtonCore-TestingToolkit/UnitTests/Doh (= 3.24.1)
    - ProtonCore-TestingToolkit/UnitTests/Networking (= 3.24.1)
  - ProtonCore-TroubleShooting (3.24.1):
    - ProtonCore-CoreTranslation (= 3.24.1)
    - ProtonCore-Doh (= 3.24.1)
    - ProtonCore-Foundations (= 3.24.1)
    - ProtonCore-UIFoundations-V5 (= 3.24.1)
    - ProtonCore-Utilities (= 3.24.1)
  - ProtonCore-TroubleShooting/Tests (3.24.1):
    - ProtonCore-CoreTranslation (= 3.24.1)
    - ProtonCore-Doh (= 3.24.1)
    - ProtonCore-Foundations (= 3.24.1)
    - ProtonCore-TestingToolkit/UnitTests/Doh (= 3.24.1)
    - ProtonCore-UIFoundations-V5 (= 3.24.1)
    - ProtonCore-Utilities (= 3.24.1)
  - ProtonCore-UIFoundations-V5 (3.24.1):
    - ProtonCore-CoreTranslation (= 3.24.1)
    - ProtonCore-CoreTranslation-V5 (= 3.24.1)
    - ProtonCore-Foundations (= 3.24.1)
    - ProtonCore-Log (= 3.24.1)
    - ProtonCore-Utilities (= 3.24.1)
  - ProtonCore-UIFoundations-V5/Tests (3.24.1):
    - ProtonCore-CoreTranslation (= 3.24.1)
    - ProtonCore-CoreTranslation-V5 (= 3.24.1)
    - ProtonCore-Foundations (= 3.24.1)
    - ProtonCore-Log (= 3.24.1)
    - ProtonCore-Utilities (= 3.24.1)
  - ProtonCore-Utilities (3.24.1):
    - ProtonCore-Log (= 3.24.1)
  - ProtonCore-Utilities/Tests (3.24.1):
    - ProtonCore-Log (= 3.24.1)
  - ProtonCore-VCard (3.24.1)
  - ReachabilitySwift (5.0.0)
  - Sentry (5.2.2):
    - Sentry/Core (= 5.2.2)
  - Sentry/Core (5.2.2)
  - swift-snapshot-testing (1.10.0)
  - SwiftOTP (2.0.3):
    - CryptoSwift (>= 1.0.0)
  - TPInAppReceipt (3.3.4):
    - TPInAppReceipt/Core (= 3.3.4)
  - TPInAppReceipt/Core (3.3.4):
    - ASN1Swift (~> 1.2.3)
  - TrustKit (2.0.0)

DEPENDENCIES:
  - CryptoSwift (= 1.3.1)
  - OHHTTPStubs/Swift
  - "pmtest (from `git@gitlab.protontech.ch:apple/shared/pmtestautomation.git`)"
  - ProtonCore-AccountDeletion-V5/Crypto-Go1.15.15 (from `../../`)
  - ProtonCore-AccountDeletion-V5/Crypto-Go1.15.15/Tests (from `../../`)
  - ProtonCore-AccountSwitcher-V5 (from `../../`)
  - ProtonCore-AccountSwitcher-V5/Tests (from `../../`)
  - ProtonCore-APIClient (from `../../`)
  - ProtonCore-APIClient/Crypto-Go1.15.15 (from `../../`)
  - ProtonCore-APIClient/Crypto-Go1.15.15/Tests-Crypto-Go1.15.15 (from `../../`)
  - ProtonCore-Authentication-KeyGeneration/Crypto-Go1.15.15 (from `../../`)
  - ProtonCore-Authentication-KeyGeneration/Crypto-Go1.15.15/Tests (from `../../`)
  - ProtonCore-Authentication/Crypto-Go1.15.15 (from `../../`)
  - ProtonCore-Authentication/Crypto-Go1.15.15/Tests (from `../../`)
  - ProtonCore-Challenge (from `../../`)
  - ProtonCore-Challenge/Tests (from `../../`)
  - ProtonCore-Common-V5 (from `../../`)
  - ProtonCore-Common-V5/Tests (from `../../`)
  - ProtonCore-CoreTranslation (from `../../`)
  - ProtonCore-CoreTranslation-V5 (from `../../`)
  - ProtonCore-DataModel (from `../../`)
  - ProtonCore-DataModel/Tests (from `../../`)
  - ProtonCore-Doh (from `../../`)
  - ProtonCore-Doh/Tests (from `../../`)
  - ProtonCore-Environment (from `../../`)
  - ProtonCore-Environment/Tests (from `../../`)
  - ProtonCore-Features-V5/Crypto-Go1.15.15 (from `../../`)
  - ProtonCore-FeatureSwitch (from `../../`)
  - ProtonCore-FeatureSwitch/Tests (from `../../`)
  - ProtonCore-ForceUpgrade-V5 (from `../../`)
  - ProtonCore-ForceUpgrade-V5/Tests (from `../../`)
  - ProtonCore-Foundations (from `../../`)
  - ProtonCore-Foundations/Tests (from `../../`)
  - ProtonCore-GoLibs/Crypto-Go1.15.15 (from `../../`)
  - ProtonCore-GoLibs/Crypto-Go1.15.15/Tests (from `../../`)
  - ProtonCore-Hash (from `../../`)
  - ProtonCore-Hash/Tests (from `../../`)
  - ProtonCore-HumanVerification-V5 (from `../../`)
  - ProtonCore-HumanVerification-V5/Tests (from `../../`)
  - ProtonCore-Keymaker/Crypto-Go1.15.15 (from `../../`)
  - ProtonCore-Keymaker/Crypto-Go1.15.15/Tests (from `../../`)
  - ProtonCore-KeyManager/Crypto-Go1.15.15 (from `../../`)
  - ProtonCore-KeyManager/Crypto-Go1.15.15/Tests (from `../../`)
  - ProtonCore-Log (from `../../`)
  - ProtonCore-Log/Tests (from `../../`)
  - ProtonCore-Login/Crypto-Go1.15.15 (from `../../`)
  - ProtonCore-Login/Tests-Crypto-Go1.15.15 (from `../../`)
  - ProtonCore-LoginUI-V5/Crypto-Go1.15.15 (from `../../`)
  - ProtonCore-LoginUI-V5/Tests-Crypto-Go1.15.15 (from `../../`)
  - ProtonCore-Networking (from `../../`)
  - ProtonCore-Networking/Tests (from `../../`)
  - ProtonCore-ObfuscatedConstants (from `../../`)
  - ProtonCore-OpenPGP (from `../../`)
  - ProtonCore-Payments/Crypto-Go1.15.15 (from `../../`)
  - ProtonCore-Payments/Crypto-Go1.15.15/Tests (from `../../`)
  - ProtonCore-PaymentsUI-V5/Crypto-Go1.15.15 (from `../../`)
  - ProtonCore-PaymentsUI-V5/Crypto-Go1.15.15/Tests (from `../../`)
  - ProtonCore-QuarkCommands (from `../../`)
  - ProtonCore-QuarkCommands/Tests (from `../../`)
  - ProtonCore-Services (from `../../`)
  - ProtonCore-Services/Tests (from `../../`)
  - ProtonCore-Settings-V5 (from `../../`)
  - ProtonCore-Settings-V5/Tests (from `../../`)
  - ProtonCore-TestingToolkit/TestData (from `../../`)
  - ProtonCore-TestingToolkit/UITests/AccountDeletion (from `../../`)
  - ProtonCore-TestingToolkit/UITests/AccountSwitcher (from `../../`)
  - ProtonCore-TestingToolkit/UITests/Core (from `../../`)
  - ProtonCore-TestingToolkit/UITests/HumanVerification (from `../../`)
  - ProtonCore-TestingToolkit/UITests/Login (from `../../`)
  - ProtonCore-TestingToolkit/UITests/PaymentsUI (from `../../`)
  - ProtonCore-TestingToolkit/UnitTests/AccountDeletion-V5/Crypto-Go1.15.15 (from `../../`)
  - ProtonCore-TestingToolkit/UnitTests/Authentication-KeyGeneration/Crypto-Go1.15.15 (from `../../`)
  - ProtonCore-TestingToolkit/UnitTests/Authentication/Crypto-Go1.15.15 (from `../../`)
  - ProtonCore-TestingToolkit/UnitTests/Core (from `../../`)
  - ProtonCore-TestingToolkit/UnitTests/DataModel (from `../../`)
  - ProtonCore-TestingToolkit/UnitTests/Doh (from `../../`)
  - ProtonCore-TestingToolkit/UnitTests/HumanVerification-V5 (from `../../`)
  - ProtonCore-TestingToolkit/UnitTests/Login/Crypto-Go1.15.15 (from `../../`)
  - ProtonCore-TestingToolkit/UnitTests/LoginUI-V5/Crypto-Go1.15.15 (from `../../`)
  - ProtonCore-TestingToolkit/UnitTests/Networking (from `../../`)
  - ProtonCore-TestingToolkit/UnitTests/Payments/Crypto-Go1.15.15 (from `../../`)
  - ProtonCore-TestingToolkit/UnitTests/Services (from `../../`)
  - ProtonCore-TroubleShooting (from `../../`)
  - ProtonCore-TroubleShooting/Tests (from `../../`)
  - ProtonCore-UIFoundations-V5 (from `../../`)
  - ProtonCore-UIFoundations-V5/Tests (from `../../`)
  - ProtonCore-Utilities (from `../../`)
  - ProtonCore-Utilities/Tests (from `../../`)
  - ProtonCore-VCard (from `../../`)
  - Sentry (from `https://github.com/getsentry/sentry-cocoa.git`, tag `5.2.2`)
  - swift-snapshot-testing (from `../../`)
  - SwiftOTP (~> 2.0)
  - TPInAppReceipt
  - TrustKit (from `https://github.com/ProtonMail/TrustKit.git`, branch `release/1.0.1`)

SPEC REPOS:
  trunk:
    - Alamofire
    - ASN1Swift
    - CryptoSwift
    - EllipticCurveKeyPair
    - lottie-ios
    - OHHTTPStubs
    - ReachabilitySwift
    - SwiftOTP
    - TPInAppReceipt

EXTERNAL SOURCES:
  pmtest:
    :git: "git@gitlab.protontech.ch:apple/shared/pmtestautomation.git"
  ProtonCore-AccountDeletion-V5:
    :path: "../../"
  ProtonCore-AccountSwitcher-V5:
    :path: "../../"
  ProtonCore-APIClient:
    :path: "../../"
  ProtonCore-Authentication:
    :path: "../../"
  ProtonCore-Authentication-KeyGeneration:
    :path: "../../"
  ProtonCore-Challenge:
    :path: "../../"
  ProtonCore-Common-V5:
    :path: "../../"
  ProtonCore-CoreTranslation:
    :path: "../../"
  ProtonCore-CoreTranslation-V5:
    :path: "../../"
  ProtonCore-DataModel:
    :path: "../../"
  ProtonCore-Doh:
    :path: "../../"
  ProtonCore-Environment:
    :path: "../../"
  ProtonCore-Features-V5:
    :path: "../../"
  ProtonCore-FeatureSwitch:
    :path: "../../"
  ProtonCore-ForceUpgrade-V5:
    :path: "../../"
  ProtonCore-Foundations:
    :path: "../../"
  ProtonCore-GoLibs:
    :path: "../../"
  ProtonCore-Hash:
    :path: "../../"
  ProtonCore-HumanVerification-V5:
    :path: "../../"
  ProtonCore-Keymaker:
    :path: "../../"
  ProtonCore-KeyManager:
    :path: "../../"
  ProtonCore-Log:
    :path: "../../"
  ProtonCore-Login:
    :path: "../../"
  ProtonCore-LoginUI-V5:
    :path: "../../"
  ProtonCore-Networking:
    :path: "../../"
  ProtonCore-ObfuscatedConstants:
    :path: "../../"
  ProtonCore-OpenPGP:
    :path: "../../"
  ProtonCore-Payments:
    :path: "../../"
  ProtonCore-PaymentsUI-V5:
    :path: "../../"
  ProtonCore-QuarkCommands:
    :path: "../../"
  ProtonCore-Services:
    :path: "../../"
  ProtonCore-Settings-V5:
    :path: "../../"
  ProtonCore-TestingToolkit:
    :path: "../../"
  ProtonCore-TroubleShooting:
    :path: "../../"
  ProtonCore-UIFoundations-V5:
    :path: "../../"
  ProtonCore-Utilities:
    :path: "../../"
  ProtonCore-VCard:
    :path: "../../"
  Sentry:
    :git: https://github.com/getsentry/sentry-cocoa.git
    :tag: 5.2.2
  swift-snapshot-testing:
    :path: "../../"
  TrustKit:
    :branch: release/1.0.1
    :git: https://github.com/ProtonMail/TrustKit.git

CHECKOUT OPTIONS:
  pmtest:
    :commit: f227efd1934c828421c5722f4e9e8f3e5deb1e8d
    :git: "git@gitlab.protontech.ch:apple/shared/pmtestautomation.git"
  Sentry:
    :git: https://github.com/getsentry/sentry-cocoa.git
    :tag: 5.2.2
  TrustKit:
    :commit: 0edccba6b372378246d4b895a4d01e3303d53dc8
    :git: https://github.com/ProtonMail/TrustKit.git

SPEC CHECKSUMS:
  Alamofire: f3b09a368f1582ab751b3fff5460276e0d2cf5c9
  ASN1Swift: 73ba94f1d97c1c1d059d180708ad42845aeac4f9
  CryptoSwift: f12f037f6d0fcd6d48c96db0071b653de64e6c4d
  EllipticCurveKeyPair: 8c69e5238a6e47243a10a48fbd41dfb19110b22e
  lottie-ios: 9ae750cdc7820fecbd3c2f0cfc493038208fcdc4
  OHHTTPStubs: 90eac6d8f2c18317baeca36698523dc67c513831
  pmtest: 5cfa1c8f623eb9f68e8be673a6690991701cbb3a
  ProtonCore-AccountDeletion-V5: 32f4a343d0606672675f931bc3d4306e43e25ff6
  ProtonCore-AccountSwitcher-V5: f6a23b98e27a817081052eb6efdb43986a51b2fc
  ProtonCore-APIClient: 09a7d09ea3e177767481ad459537aa990e22b855
  ProtonCore-Authentication: b6863174bd8af415268cc8f474bd8a4e281931c7
  ProtonCore-Authentication-KeyGeneration: c5404e44d5bdd986c14b998a2cad62d0dba25ef7
  ProtonCore-Challenge: d5dfc0004a28c77ae94f343b16db8eec1867ae4e
  ProtonCore-Common-V5: f6e852124a7ee425c3de4545bc6c973b2665dc6b
  ProtonCore-CoreTranslation: 5377b699ba4bc3714a4276ad48a78061a1f86208
  ProtonCore-CoreTranslation-V5: 539c68f7e48fc1cd6dc19425074995dc54d461a4
  ProtonCore-DataModel: 7e459aee5d138f41e5ae8261d9109111dde6cf94
  ProtonCore-Doh: 136f2e757caa077435765f0595cc15a4d7746b53
  ProtonCore-Environment: b042c153becec7c021d1f725cab427ba4d87cddc
  ProtonCore-Features-V5: 4e73f219cec794937c7b92304739a976960603f8
  ProtonCore-FeatureSwitch: 68c81a979a652a2ff713cf330c269023ac19ac5b
  ProtonCore-ForceUpgrade-V5: 8d7d8bd3424ae6a32282e1646b11f1afdc5c2ebb
  ProtonCore-Foundations: b7d8098f380888159b6689bf9a0449d5e4cf0bea
  ProtonCore-GoLibs: 74d7b6edcd67da6250e054c243a99cb4d1682321
  ProtonCore-Hash: e9bec979a2fd476dc32ee161a2fdb68977429268
  ProtonCore-HumanVerification-V5: 500749e2237998aa6844d905c7c66865ab200b79
  ProtonCore-Keymaker: 85ab33f10ebe6aff1c6ef021ad356c003c465f29
  ProtonCore-KeyManager: da64926d9febc0e2c0cf6f870a8901d3003c512b
  ProtonCore-Log: ed4820aed4211d6bd7a0f24e68570a76e1e80e99
  ProtonCore-Login: c56f13a22c928bde78377e87b2d1a5688a2a7620
  ProtonCore-LoginUI-V5: 8600d2319c57381571396c5b43da7db5907db113
  ProtonCore-Networking: d78413f82b20dae46445ddcaa517f291e9ea58c8
  ProtonCore-ObfuscatedConstants: 8da96424642c4d3f4b0d531884399953f6a43779
  ProtonCore-OpenPGP: b36283300e3520b4f994496789721ad025c873b6
  ProtonCore-Payments: 1b6c290257060974ea18ed7c4dd98dcc765f60ca
  ProtonCore-PaymentsUI-V5: a938ca57f7c9c1401a22a5e1b606dcfabaeeeed5
  ProtonCore-QuarkCommands: e3a502f51ce03e947b70f5cda54dee6544357d1b
  ProtonCore-Services: 19f0060b015eeaf19dc84712a95d5052a044f2d9
  ProtonCore-Settings-V5: 29007c5fbadf83c77cb43af34bd57cf3342e4f91
  ProtonCore-TestingToolkit: f4e12949ec05ff7b3a7ac609b9ae56d957728f04
  ProtonCore-TroubleShooting: d6bf34721ec44d4d0838e8f24d32b6a93e8542cb
  ProtonCore-UIFoundations-V5: 2c8cfaaf608fa88bb5feb533bfb13d8c35c2b926
  ProtonCore-Utilities: c6bd301432f265db9a5ce605d635e5e260560b8a
  ProtonCore-VCard: a6b16040eacd7e9f44074119aa5bc4ddba70ec82
  ReachabilitySwift: 985039c6f7b23a1da463388634119492ff86c825
  Sentry: 8fa58a051237554f22507fb483b9a1de0171a2dc
  swift-snapshot-testing: 864c5702bd619caf8d1e811fe19e0f99bca3afa5
  SwiftOTP: ce98ded1ab42e4e66c39228fcad6b0c07b98e494
  TPInAppReceipt: 75ff97f2484a463cf46c172fe7f94225612aeda1
  TrustKit: f830ff5af0a8cbad5178aef1d0951389b096d312

PODFILE CHECKSUM: b65efcb0ede28fc9da05bcfe6de573f36886a5ba

COCOAPODS: 1.11.3
