PODS:
  - Alamofire (5.4.4)
  - ASN1Swift (1.2.3)
  - CryptoSwift (1.3.1)
  - EllipticCurveKeyPair (2.0)
  - lottie-ios (3.3.0)
  - OHHTTPStubs/Core (9.1.0)
  - OHHTTPStubs/Default (9.1.0):
    - OHHTTPStubs/Core
    - OHHTTPStubs/JSON
    - OHHTTPStubs/NSURLSession
    - OHHTTPStubs/OHPathHelpers
  - OHHTTPStubs/JSON (9.1.0):
    - OHHTTPStubs/Core
  - OHHTTPStubs/NSURLSession (9.1.0):
    - OHHTTPStubs/Core
  - OHHTTPStubs/OHPathHelpers (9.1.0)
  - OHHTTPStubs/Swift (9.1.0):
    - OHHTTPStubs/Default
  - pmtest (1.0.2)
  - "ProtonCore-AccountDeletion/UsingCrypto+Alamofire (3.21.0)":
    - "ProtonCore-Authentication/UsingCrypto+Alamofire (= 3.21.0)"
    - ProtonCore-CoreTranslation (= 3.21.0)
    - ProtonCore-Doh (= 3.21.0)
    - ProtonCore-Foundations (= 3.21.0)
    - ProtonCore-Log (= 3.21.0)
    - ProtonCore-Networking/Alamofire (= 3.21.0)
    - ProtonCore-Services/Alamofire (= 3.21.0)
    - ProtonCore-UIFoundations (= 3.21.0)
    - ProtonCore-Utilities (= 3.21.0)
  - "ProtonCore-AccountDeletion/UsingCrypto+Alamofire/Tests (3.21.0)":
    - "ProtonCore-Authentication/UsingCrypto+Alamofire (= 3.21.0)"
    - ProtonCore-CoreTranslation (= 3.21.0)
    - ProtonCore-Doh (= 3.21.0)
    - ProtonCore-Foundations (= 3.21.0)
    - ProtonCore-Log (= 3.21.0)
    - ProtonCore-Networking/Alamofire (= 3.21.0)
    - ProtonCore-Services/Alamofire (= 3.21.0)
    - ProtonCore-TestingToolkit/UnitTests/Doh (= 3.21.0)
    - ProtonCore-TestingToolkit/UnitTests/Networking/Alamofire (= 3.21.0)
    - ProtonCore-TestingToolkit/UnitTests/Services/Alamofire (= 3.21.0)
    - ProtonCore-UIFoundations (= 3.21.0)
    - ProtonCore-Utilities (= 3.21.0)
  - ProtonCore-AccountSwitcher (3.21.0):
    - ProtonCore-CoreTranslation (= 3.21.0)
    - ProtonCore-Log (= 3.21.0)
    - ProtonCore-UIFoundations (= 3.21.0)
    - ProtonCore-Utilities (= 3.21.0)
  - ProtonCore-AccountSwitcher/Tests (3.21.0):
    - ProtonCore-CoreTranslation (= 3.21.0)
    - ProtonCore-Log (= 3.21.0)
    - ProtonCore-UIFoundations (= 3.21.0)
    - ProtonCore-Utilities (= 3.21.0)
  - ProtonCore-APIClient/Alamofire (3.21.0):
    - ProtonCore-DataModel (= 3.21.0)
    - ProtonCore-Networking/Alamofire (= 3.21.0)
    - ProtonCore-Services/Alamofire (= 3.21.0)
  - ProtonCore-APIClient/TestsUsingCrypto (3.21.0):
    - OHHTTPStubs/Swift
    - "ProtonCore-Authentication/UsingCrypto+Alamofire (= 3.21.0)"
    - ProtonCore-Crypto (= 3.21.0)
    - ProtonCore-DataModel (= 3.21.0)
    - "ProtonCore-TestingToolkit/UnitTests/Authentication/UsingCrypto+Alamofire (= 3.21.0)"
    - TrustKit
  - "ProtonCore-Authentication-KeyGeneration/UsingCrypto+Alamofire (3.21.0)":
    - "ProtonCore-Authentication/UsingCrypto+Alamofire (= 3.21.0)"
    - ProtonCore-Crypto (= 3.21.0)
    - ProtonCore-OpenPGP (= 3.21.0)
  - "ProtonCore-Authentication-KeyGeneration/UsingCrypto+Alamofire/Tests (3.21.0)":
    - OHHTTPStubs/Swift
    - "ProtonCore-Authentication/UsingCrypto+Alamofire (= 3.21.0)"
    - ProtonCore-Crypto (= 3.21.0)
    - ProtonCore-ObfuscatedConstants (= 3.21.0)
    - ProtonCore-OpenPGP (= 3.21.0)
    - "ProtonCore-TestingToolkit/UnitTests/Authentication-KeyGeneration/UsingCrypto+Alamofire (= 3.21.0)"
  - "ProtonCore-Authentication/UsingCrypto+Alamofire (3.21.0)":
    - ProtonCore-APIClient/Alamofire (= 3.21.0)
    - ProtonCore-Crypto (= 3.21.0)
    - ProtonCore-Services/Alamofire (= 3.21.0)
  - "ProtonCore-Authentication/UsingCrypto+Alamofire/Tests (3.21.0)":
    - OHHTTPStubs/Swift
    - ProtonCore-APIClient/Alamofire (= 3.21.0)
    - ProtonCore-Crypto (= 3.21.0)
    - ProtonCore-Services/Alamofire (= 3.21.0)
    - "ProtonCore-TestingToolkit/UnitTests/Authentication/UsingCrypto+Alamofire (= 3.21.0)"
  - ProtonCore-Challenge (3.21.0):
    - ProtonCore-Foundations (= 3.21.0)
  - ProtonCore-Challenge/Tests (3.21.0):
    - ProtonCore-Foundations (= 3.21.0)
  - ProtonCore-Common/Alamofire (3.21.0):
    - ProtonCore-Networking/Alamofire (= 3.21.0)
    - ProtonCore-Services/Alamofire (= 3.21.0)
    - ProtonCore-UIFoundations (= 3.21.0)
  - ProtonCore-Common/Alamofire/Tests (3.21.0):
    - ProtonCore-Networking/Alamofire (= 3.21.0)
    - ProtonCore-Services/Alamofire (= 3.21.0)
    - ProtonCore-UIFoundations (= 3.21.0)
  - ProtonCore-CoreTranslation (3.21.0)
  - ProtonCore-Crypto (3.21.0)
  - ProtonCore-Crypto/Tests (3.21.0)
  - ProtonCore-DataModel (3.21.0):
    - ProtonCore-Utilities (= 3.21.0)
  - ProtonCore-DataModel/Tests (3.21.0):
    - ProtonCore-TestingToolkit/UnitTests/DataModel (= 3.21.0)
    - ProtonCore-Utilities (= 3.21.0)
  - ProtonCore-Doh (3.21.0):
    - ProtonCore-Log (= 3.21.0)
    - ProtonCore-Utilities (= 3.21.0)
  - ProtonCore-Doh/Tests (3.21.0):
    - OHHTTPStubs/Swift
    - ProtonCore-Log (= 3.21.0)
    - ProtonCore-TestingToolkit/UnitTests/Doh (= 3.21.0)
    - ProtonCore-Utilities (= 3.21.0)
  - "ProtonCore-Features/UsingCrypto+Alamofire (3.21.0)":
    - "ProtonCore-Authentication/UsingCrypto+Alamofire (= 3.21.0)"
    - ProtonCore-Common/Alamofire (= 3.21.0)
    - ProtonCore-Crypto (= 3.21.0)
    - ProtonCore-DataModel
    - ProtonCore-Hash
    - ProtonCore-KeyManager/UsingCrypto (= 3.21.0)
    - ProtonCore-Networking/Alamofire (= 3.21.0)
  - ProtonCore-ForceUpgrade/Alamofire (3.21.0):
    - ProtonCore-CoreTranslation (= 3.21.0)
    - ProtonCore-Networking/Alamofire (= 3.21.0)
    - ProtonCore-UIFoundations (= 3.21.0)
  - ProtonCore-ForceUpgrade/Alamofire/Tests (3.21.0):
    - ProtonCore-CoreTranslation (= 3.21.0)
    - ProtonCore-Networking/Alamofire (= 3.21.0)
    - ProtonCore-UIFoundations (= 3.21.0)
  - ProtonCore-Foundations (3.21.0):
    - ProtonCore-Log (= 3.21.0)
  - ProtonCore-Foundations/Tests (3.21.0):
    - ProtonCore-Log (= 3.21.0)
  - ProtonCore-Hash (3.21.0)
  - ProtonCore-Hash/Tests (3.21.0)
  - ProtonCore-HumanVerification/Alamofire (3.21.0):
    - ProtonCore-APIClient/Alamofire (= 3.21.0)
    - ProtonCore-CoreTranslation (= 3.21.0)
    - ProtonCore-Foundations (= 3.21.0)
    - ProtonCore-UIFoundations (= 3.21.0)
    - ProtonCore-Utilities (= 3.21.0)
  - ProtonCore-HumanVerification/Alamofire/Tests (3.21.0):
    - ProtonCore-APIClient/Alamofire (= 3.21.0)
    - ProtonCore-CoreTranslation (= 3.21.0)
    - ProtonCore-Foundations (= 3.21.0)
    - ProtonCore-TestingToolkit/UnitTests/HumanVerification/Alamofire (= 3.21.0)
    - ProtonCore-UIFoundations (= 3.21.0)
    - ProtonCore-Utilities (= 3.21.0)
  - ProtonCore-Keymaker/UsingCrypto (3.21.0):
    - EllipticCurveKeyPair (~> 2.0)
    - ProtonCore-Crypto (= 3.21.0)
  - ProtonCore-Keymaker/UsingCrypto/Tests (3.21.0):
    - EllipticCurveKeyPair (~> 2.0)
    - ProtonCore-Crypto (= 3.21.0)
  - ProtonCore-KeyManager/UsingCrypto (3.21.0):
    - ProtonCore-Crypto (= 3.21.0)
    - ProtonCore-DataModel (= 3.21.0)
  - ProtonCore-KeyManager/UsingCrypto/Tests (3.21.0):
    - ProtonCore-Crypto (= 3.21.0)
    - ProtonCore-DataModel (= 3.21.0)
  - ProtonCore-Log (3.21.0)
  - ProtonCore-Log/Tests (3.21.0)
  - "ProtonCore-Login/TestsUsingCrypto+Alamofire (3.21.0)":
    - OHHTTPStubs/Swift
    - "ProtonCore-Authentication-KeyGeneration/UsingCrypto+Alamofire (= 3.21.0)"
    - "ProtonCore-Authentication/UsingCrypto+Alamofire (= 3.21.0)"
    - ProtonCore-CoreTranslation (= 3.21.0)
    - ProtonCore-Crypto (= 3.21.0)
    - ProtonCore-DataModel (= 3.21.0)
    - ProtonCore-Foundations (= 3.21.0)
    - ProtonCore-Log (= 3.21.0)
    - ProtonCore-ObfuscatedConstants (= 3.21.0)
    - ProtonCore-OpenPGP (= 3.21.0)
    - ProtonCore-TestingToolkit/TestData/Alamofire (= 3.21.0)
    - "ProtonCore-TestingToolkit/UnitTests/Login/UsingCrypto+Alamofire (= 3.21.0)"
    - TrustKit
  - "ProtonCore-Login/UsingCrypto+Alamofire (3.21.0)":
    - "ProtonCore-Authentication-KeyGeneration/UsingCrypto+Alamofire (= 3.21.0)"
    - "ProtonCore-Authentication/UsingCrypto+Alamofire (= 3.21.0)"
    - ProtonCore-CoreTranslation (= 3.21.0)
    - ProtonCore-Crypto (= 3.21.0)
    - ProtonCore-DataModel (= 3.21.0)
    - ProtonCore-Foundations (= 3.21.0)
    - ProtonCore-Log (= 3.21.0)
    - ProtonCore-OpenPGP (= 3.21.0)
    - TrustKit
  - "ProtonCore-LoginUI/TestsUsingCrypto+Alamofire (3.21.0)":
    - lottie-ios
    - OHHTTPStubs/Swift
    - "ProtonCore-Authentication-KeyGeneration/UsingCrypto+Alamofire (= 3.21.0)"
    - "ProtonCore-Authentication/UsingCrypto+Alamofire (= 3.21.0)"
    - ProtonCore-Challenge (= 3.21.0)
    - ProtonCore-CoreTranslation (= 3.21.0)
    - ProtonCore-Crypto (= 3.21.0)
    - ProtonCore-DataModel (= 3.21.0)
    - ProtonCore-Foundations (= 3.21.0)
    - ProtonCore-HumanVerification/Alamofire (= 3.21.0)
    - ProtonCore-Log (= 3.21.0)
    - "ProtonCore-Login/UsingCrypto+Alamofire (= 3.21.0)"
    - ProtonCore-ObfuscatedConstants (= 3.21.0)
    - ProtonCore-OpenPGP (= 3.21.0)
    - "ProtonCore-Payments/UsingCrypto+Alamofire (= 3.21.0)"
    - "ProtonCore-PaymentsUI/UsingCrypto+Alamofire (= 3.21.0)"
    - ProtonCore-TestingToolkit/TestData/Alamofire (= 3.21.0)
    - "ProtonCore-TestingToolkit/UnitTests/LoginUI/UsingCrypto+Alamofire (= 3.21.0)"
    - ProtonCore-UIFoundations (= 3.21.0)
    - TrustKit
  - "ProtonCore-LoginUI/UsingCrypto+Alamofire (3.21.0)":
    - lottie-ios
    - "ProtonCore-Authentication-KeyGeneration/UsingCrypto+Alamofire (= 3.21.0)"
    - "ProtonCore-Authentication/UsingCrypto+Alamofire (= 3.21.0)"
    - ProtonCore-Challenge (= 3.21.0)
    - ProtonCore-CoreTranslation (= 3.21.0)
    - ProtonCore-Crypto (= 3.21.0)
    - ProtonCore-DataModel (= 3.21.0)
    - ProtonCore-Foundations (= 3.21.0)
    - ProtonCore-HumanVerification/Alamofire (= 3.21.0)
    - ProtonCore-Log (= 3.21.0)
    - "ProtonCore-Login/UsingCrypto+Alamofire (= 3.21.0)"
    - ProtonCore-OpenPGP (= 3.21.0)
    - "ProtonCore-Payments/UsingCrypto+Alamofire (= 3.21.0)"
    - "ProtonCore-PaymentsUI/UsingCrypto+Alamofire (= 3.21.0)"
    - ProtonCore-UIFoundations (= 3.21.0)
    - TrustKit
  - ProtonCore-Networking/Alamofire (3.21.0):
    - Alamofire (= 5.4.4)
    - ProtonCore-CoreTranslation (= 3.21.0)
    - ProtonCore-Log (= 3.21.0)
    - TrustKit
  - ProtonCore-Networking/Alamofire/Tests (3.21.0):
    - Alamofire (= 5.4.4)
    - OHHTTPStubs/Swift
    - ProtonCore-CoreTranslation (= 3.21.0)
    - ProtonCore-Doh (= 3.21.0)
    - ProtonCore-Log (= 3.21.0)
    - ProtonCore-TestingToolkit/UnitTests/Networking/Alamofire (= 3.21.0)
    - TrustKit
  - ProtonCore-ObfuscatedConstants (3.21.0):
    - TrustKit
  - ProtonCore-OpenPGP (3.21.0)
  - "ProtonCore-Payments/UsingCrypto+Alamofire (3.21.0)":
    - "ProtonCore-Authentication/UsingCrypto+Alamofire (= 3.21.0)"
    - ProtonCore-CoreTranslation (= 3.21.0)
    - ProtonCore-Foundations (= 3.21.0)
    - ProtonCore-Hash (= 3.21.0)
    - ProtonCore-Log (= 3.21.0)
    - ProtonCore-Networking/Alamofire (= 3.21.0)
    - ProtonCore-Services/Alamofire (= 3.21.0)
    - ReachabilitySwift (~> 5.0.0)
  - "ProtonCore-Payments/UsingCrypto+Alamofire/Tests (3.21.0)":
    - "ProtonCore-Authentication/UsingCrypto+Alamofire (= 3.21.0)"
    - ProtonCore-CoreTranslation (= 3.21.0)
    - ProtonCore-Foundations (= 3.21.0)
    - ProtonCore-Hash (= 3.21.0)
    - ProtonCore-Log (= 3.21.0)
    - ProtonCore-Networking/Alamofire (= 3.21.0)
    - ProtonCore-Services/Alamofire (= 3.21.0)
    - "ProtonCore-TestingToolkit/UnitTests/Payments/UsingCrypto+Alamofire (= 3.21.0)"
    - ReachabilitySwift (~> 5.0.0)
  - "ProtonCore-PaymentsUI/UsingCrypto+Alamofire (3.21.0)":
    - ProtonCore-CoreTranslation (= 3.21.0)
    - ProtonCore-Foundations (= 3.21.0)
    - ProtonCore-Log (= 3.21.0)
    - "ProtonCore-Payments/UsingCrypto+Alamofire (= 3.21.0)"
    - ProtonCore-UIFoundations (= 3.21.0)
  - "ProtonCore-PaymentsUI/UsingCrypto+Alamofire/Tests (3.21.0)":
    - ProtonCore-CoreTranslation (= 3.21.0)
    - ProtonCore-Foundations (= 3.21.0)
    - ProtonCore-Log (= 3.21.0)
    - "ProtonCore-Payments/UsingCrypto+Alamofire (= 3.21.0)"
    - "ProtonCore-TestingToolkit/UnitTests/Payments/UsingCrypto+Alamofire (= 3.21.0)"
    - ProtonCore-UIFoundations (= 3.21.0)
  - ProtonCore-QuarkCommands/Alamofire (3.21.0):
    - ProtonCore-Doh (= 3.21.0)
    - ProtonCore-Log (= 3.21.0)
    - ProtonCore-Networking/Alamofire (= 3.21.0)
    - ProtonCore-Services/Alamofire (= 3.21.0)
  - ProtonCore-QuarkCommands/Alamofire/Tests (3.21.0):
    - ProtonCore-Doh (= 3.21.0)
    - ProtonCore-Log (= 3.21.0)
    - ProtonCore-Networking/Alamofire (= 3.21.0)
    - ProtonCore-Services/Alamofire (= 3.21.0)
    - ProtonCore-TestingToolkit/UnitTests/Doh (= 3.21.0)
  - ProtonCore-Services/Alamofire (3.21.0):
    - ProtonCore-DataModel (= 3.21.0)
    - ProtonCore-Doh (= 3.21.0)
    - ProtonCore-Log (= 3.21.0)
    - ProtonCore-Networking/Alamofire (= 3.21.0)
    - ProtonCore-Utilities (= 3.21.0)
    - TrustKit
  - ProtonCore-Services/Alamofire/Tests (3.21.0):
    - ProtonCore-DataModel (= 3.21.0)
    - ProtonCore-Doh (= 3.21.0)
    - ProtonCore-Log (= 3.21.0)
    - ProtonCore-Networking/Alamofire (= 3.21.0)
    - ProtonCore-TestingToolkit/UnitTests/Networking/Alamofire (= 3.21.0)
    - ProtonCore-TestingToolkit/UnitTests/Services/Alamofire (= 3.21.0)
    - ProtonCore-Utilities (= 3.21.0)
    - TrustKit
  - ProtonCore-Settings (3.21.0):
    - ProtonCore-UIFoundations
  - ProtonCore-Settings/Tests (3.21.0):
    - ProtonCore-UIFoundations
  - ProtonCore-TestingToolkit/TestData/Alamofire (3.21.0):
    - CryptoSwift (= 1.3.1)
    - ProtonCore-DataModel (= 3.21.0)
    - ProtonCore-Networking/Alamofire (= 3.21.0)
    - ProtonCore-ObfuscatedConstants (= 3.21.0)
    - SwiftOTP (~> 2.0)
  - ProtonCore-TestingToolkit/UITests/AccountDeletion (3.21.0):
    - pmtest
    - ProtonCore-CoreTranslation (= 3.21.0)
  - ProtonCore-TestingToolkit/UITests/AccountSwitcher (3.21.0):
    - pmtest
    - ProtonCore-CoreTranslation (= 3.21.0)
  - ProtonCore-TestingToolkit/UITests/Core (3.21.0):
    - pmtest
    - ProtonCore-CoreTranslation (= 3.21.0)
    - ProtonCore-Log (= 3.21.0)
  - ProtonCore-TestingToolkit/UITests/HumanVerification (3.21.0):
    - pmtest
    - ProtonCore-CoreTranslation (= 3.21.0)
  - ProtonCore-TestingToolkit/UITests/Login (3.21.0):
    - pmtest
    - ProtonCore-CoreTranslation (= 3.21.0)
  - ProtonCore-TestingToolkit/UITests/PaymentsUI (3.21.0):
    - pmtest
    - ProtonCore-CoreTranslation (= 3.21.0)
  - "ProtonCore-TestingToolkit/UnitTests/AccountDeletion/UsingCrypto+Alamofire (3.21.0)":
    - "ProtonCore-AccountDeletion/UsingCrypto+Alamofire (= 3.21.0)"
    - ProtonCore-TestingToolkit/UnitTests/Core (= 3.21.0)
    - ProtonCore-TestingToolkit/UnitTests/Networking/Alamofire (= 3.21.0)
  - "ProtonCore-TestingToolkit/UnitTests/Authentication-KeyGeneration/UsingCrypto+Alamofire (3.21.0)":
    - "ProtonCore-Authentication-KeyGeneration/UsingCrypto+Alamofire (= 3.21.0)"
    - ProtonCore-TestingToolkit/UnitTests/Core (= 3.21.0)
    - ProtonCore-TestingToolkit/UnitTests/Services/Alamofire (= 3.21.0)
  - "ProtonCore-TestingToolkit/UnitTests/Authentication/UsingCrypto+Alamofire (3.21.0)":
    - "ProtonCore-Authentication/UsingCrypto+Alamofire (= 3.21.0)"
    - ProtonCore-TestingToolkit/UnitTests/Core (= 3.21.0)
    - ProtonCore-TestingToolkit/UnitTests/Services/Alamofire (= 3.21.0)
  - ProtonCore-TestingToolkit/UnitTests/Core (3.21.0):
    - ProtonCore-Utilities (= 3.21.0)
  - ProtonCore-TestingToolkit/UnitTests/DataModel (3.21.0):
    - ProtonCore-DataModel (= 3.21.0)
    - ProtonCore-TestingToolkit/UnitTests/Core (= 3.21.0)
  - ProtonCore-TestingToolkit/UnitTests/Doh (3.21.0):
    - ProtonCore-Doh (= 3.21.0)
    - ProtonCore-TestingToolkit/UnitTests/Core (= 3.21.0)
  - ProtonCore-TestingToolkit/UnitTests/HumanVerification/Alamofire (3.21.0):
    - ProtonCore-HumanVerification/Alamofire (= 3.21.0)
    - ProtonCore-TestingToolkit/UnitTests/Core (= 3.21.0)
  - "ProtonCore-TestingToolkit/UnitTests/Login/UsingCrypto+Alamofire (3.21.0)":
    - "ProtonCore-Login/UsingCrypto+Alamofire (= 3.21.0)"
    - "ProtonCore-TestingToolkit/UnitTests/Authentication/UsingCrypto+Alamofire (= 3.21.0)"
    - ProtonCore-TestingToolkit/UnitTests/Core (= 3.21.0)
    - ProtonCore-TestingToolkit/UnitTests/DataModel (= 3.21.0)
    - ProtonCore-TestingToolkit/UnitTests/Services/Alamofire (= 3.21.0)
  - "ProtonCore-TestingToolkit/UnitTests/LoginUI/UsingCrypto+Alamofire (3.21.0)":
    - "ProtonCore-LoginUI/UsingCrypto+Alamofire (= 3.21.0)"
    - "ProtonCore-TestingToolkit/UnitTests/Authentication/UsingCrypto+Alamofire (= 3.21.0)"
    - ProtonCore-TestingToolkit/UnitTests/Core (= 3.21.0)
    - ProtonCore-TestingToolkit/UnitTests/DataModel (= 3.21.0)
    - ProtonCore-TestingToolkit/UnitTests/HumanVerification/Alamofire (= 3.21.0)
    - "ProtonCore-TestingToolkit/UnitTests/Login/UsingCrypto+Alamofire (= 3.21.0)"
    - ProtonCore-TestingToolkit/UnitTests/Services/Alamofire (= 3.21.0)
  - ProtonCore-TestingToolkit/UnitTests/Networking/Alamofire (3.21.0):
    - ProtonCore-Networking/Alamofire (= 3.21.0)
    - ProtonCore-TestingToolkit/UnitTests/Core (= 3.21.0)
  - "ProtonCore-TestingToolkit/UnitTests/Payments/UsingCrypto+Alamofire (3.21.0)":
    - OHHTTPStubs/Swift
    - "ProtonCore-Payments/UsingCrypto+Alamofire (= 3.21.0)"
    - ProtonCore-TestingToolkit/UnitTests/Core (= 3.21.0)
  - ProtonCore-TestingToolkit/UnitTests/Services/Alamofire (3.21.0):
    - ProtonCore-Services/Alamofire (= 3.21.0)
    - ProtonCore-TestingToolkit/UnitTests/Core (= 3.21.0)
    - ProtonCore-TestingToolkit/UnitTests/DataModel (= 3.21.0)
    - ProtonCore-TestingToolkit/UnitTests/Doh (= 3.21.0)
    - ProtonCore-TestingToolkit/UnitTests/Networking/Alamofire (= 3.21.0)
  - ProtonCore-UIFoundations (3.21.0):
    - ProtonCore-CoreTranslation (= 3.21.0)
    - ProtonCore-Foundations (= 3.21.0)
    - ProtonCore-Log (= 3.21.0)
    - ProtonCore-Utilities (= 3.21.0)
  - ProtonCore-UIFoundations/Tests (3.21.0):
    - ProtonCore-CoreTranslation (= 3.21.0)
    - ProtonCore-Foundations (= 3.21.0)
    - ProtonCore-Log (= 3.21.0)
    - ProtonCore-Utilities (= 3.21.0)
  - ProtonCore-Utilities (3.21.0):
    - ProtonCore-Log (= 3.21.0)
  - ProtonCore-Utilities/Tests (3.21.0):
    - ProtonCore-Log (= 3.21.0)
  - ProtonCore-VCard (3.21.0)
  - ReachabilitySwift (5.0.0)
  - Sentry (5.2.2):
    - Sentry/Core (= 5.2.2)
  - Sentry/Core (5.2.2)
  - SwiftOTP (2.0.3):
    - CryptoSwift (>= 1.0.0)
  - TPInAppReceipt (3.3.2):
    - TPInAppReceipt/Core (= 3.3.2)
  - TPInAppReceipt/Core (3.3.2):
    - ASN1Swift (~> 1.2.3)
  - TrustKit (2.0.0)

DEPENDENCIES:
  - CryptoSwift (= 1.3.1)
  - OHHTTPStubs/Swift
  - "pmtest (from `git@gitlab.protontech.ch:apple/shared/pmtestautomation.git`)"
  - "ProtonCore-AccountDeletion/UsingCrypto+Alamofire (from `../../`)"
  - "ProtonCore-AccountDeletion/UsingCrypto+Alamofire/Tests (from `../../`)"
  - ProtonCore-AccountSwitcher (from `../../`)
  - ProtonCore-AccountSwitcher/Tests (from `../../`)
  - ProtonCore-APIClient/Alamofire (from `../../`)
  - ProtonCore-APIClient/TestsUsingCrypto (from `../../`)
  - "ProtonCore-Authentication-KeyGeneration/UsingCrypto+Alamofire (from `../../`)"
  - "ProtonCore-Authentication-KeyGeneration/UsingCrypto+Alamofire/Tests (from `../../`)"
  - "ProtonCore-Authentication/UsingCrypto+Alamofire (from `../../`)"
  - "ProtonCore-Authentication/UsingCrypto+Alamofire/Tests (from `../../`)"
  - ProtonCore-Challenge (from `../../`)
  - ProtonCore-Challenge/Tests (from `../../`)
  - ProtonCore-Common/Alamofire (from `../../`)
  - ProtonCore-Common/Alamofire/Tests (from `../../`)
  - ProtonCore-CoreTranslation (from `../../`)
  - ProtonCore-Crypto (from `../../`)
  - ProtonCore-Crypto/Tests (from `../../`)
  - ProtonCore-DataModel (from `../../`)
  - ProtonCore-DataModel/Tests (from `../../`)
  - ProtonCore-Doh (from `../../`)
  - ProtonCore-Doh/Tests (from `../../`)
  - "ProtonCore-Features/UsingCrypto+Alamofire (from `../../`)"
  - ProtonCore-ForceUpgrade/Alamofire (from `../../`)
  - ProtonCore-ForceUpgrade/Alamofire/Tests (from `../../`)
  - ProtonCore-Foundations (from `../../`)
  - ProtonCore-Foundations/Tests (from `../../`)
  - ProtonCore-Hash (from `../../`)
  - ProtonCore-Hash/Tests (from `../../`)
  - ProtonCore-HumanVerification/Alamofire (from `../../`)
  - ProtonCore-HumanVerification/Alamofire/Tests (from `../../`)
  - ProtonCore-Keymaker/UsingCrypto (from `../../`)
  - ProtonCore-Keymaker/UsingCrypto/Tests (from `../../`)
  - ProtonCore-KeyManager/UsingCrypto (from `../../`)
  - ProtonCore-KeyManager/UsingCrypto/Tests (from `../../`)
  - ProtonCore-Log (from `../../`)
  - ProtonCore-Log/Tests (from `../../`)
  - "ProtonCore-Login/TestsUsingCrypto+Alamofire (from `../../`)"
  - "ProtonCore-Login/UsingCrypto+Alamofire (from `../../`)"
  - "ProtonCore-LoginUI/TestsUsingCrypto+Alamofire (from `../../`)"
  - "ProtonCore-LoginUI/UsingCrypto+Alamofire (from `../../`)"
  - ProtonCore-Networking/Alamofire (from `../../`)
  - ProtonCore-Networking/Alamofire/Tests (from `../../`)
  - ProtonCore-ObfuscatedConstants (from `../../`)
  - ProtonCore-OpenPGP (from `../../`)
  - "ProtonCore-Payments/UsingCrypto+Alamofire (from `../../`)"
  - "ProtonCore-Payments/UsingCrypto+Alamofire/Tests (from `../../`)"
  - "ProtonCore-PaymentsUI/UsingCrypto+Alamofire (from `../../`)"
  - "ProtonCore-PaymentsUI/UsingCrypto+Alamofire/Tests (from `../../`)"
  - ProtonCore-QuarkCommands/Alamofire (from `../../`)
  - ProtonCore-QuarkCommands/Alamofire/Tests (from `../../`)
  - ProtonCore-Services/Alamofire (from `../../`)
  - ProtonCore-Services/Alamofire/Tests (from `../../`)
  - ProtonCore-Settings (from `../../`)
  - ProtonCore-Settings/Tests (from `../../`)
  - ProtonCore-TestingToolkit/TestData/Alamofire (from `../../`)
  - ProtonCore-TestingToolkit/UITests/AccountDeletion (from `../../`)
  - ProtonCore-TestingToolkit/UITests/AccountSwitcher (from `../../`)
  - ProtonCore-TestingToolkit/UITests/Core (from `../../`)
  - ProtonCore-TestingToolkit/UITests/HumanVerification (from `../../`)
  - ProtonCore-TestingToolkit/UITests/Login (from `../../`)
  - ProtonCore-TestingToolkit/UITests/PaymentsUI (from `../../`)
  - "ProtonCore-TestingToolkit/UnitTests/AccountDeletion/UsingCrypto+Alamofire (from `../../`)"
  - "ProtonCore-TestingToolkit/UnitTests/Authentication-KeyGeneration/UsingCrypto+Alamofire (from `../../`)"
  - "ProtonCore-TestingToolkit/UnitTests/Authentication/UsingCrypto+Alamofire (from `../../`)"
  - ProtonCore-TestingToolkit/UnitTests/Core (from `../../`)
  - ProtonCore-TestingToolkit/UnitTests/DataModel (from `../../`)
  - ProtonCore-TestingToolkit/UnitTests/Doh (from `../../`)
  - ProtonCore-TestingToolkit/UnitTests/HumanVerification/Alamofire (from `../../`)
  - "ProtonCore-TestingToolkit/UnitTests/Login/UsingCrypto+Alamofire (from `../../`)"
  - "ProtonCore-TestingToolkit/UnitTests/LoginUI/UsingCrypto+Alamofire (from `../../`)"
  - ProtonCore-TestingToolkit/UnitTests/Networking/Alamofire (from `../../`)
  - "ProtonCore-TestingToolkit/UnitTests/Payments/UsingCrypto+Alamofire (from `../../`)"
  - ProtonCore-TestingToolkit/UnitTests/Services/Alamofire (from `../../`)
  - ProtonCore-UIFoundations (from `../../`)
  - ProtonCore-UIFoundations/Tests (from `../../`)
  - ProtonCore-Utilities (from `../../`)
  - ProtonCore-Utilities/Tests (from `../../`)
  - ProtonCore-VCard (from `../../`)
  - Sentry (from `https://github.com/getsentry/sentry-cocoa.git`, tag `5.2.2`)
  - SwiftOTP (~> 2.0)
  - TPInAppReceipt
  - TrustKit (from `https://github.com/ProtonMail/TrustKit.git`, branch `release/1.0.1`)

SPEC REPOS:
  trunk:
    - Alamofire
    - ASN1Swift
    - CryptoSwift
    - EllipticCurveKeyPair
    - lottie-ios
    - OHHTTPStubs
    - ReachabilitySwift
    - SwiftOTP
    - TPInAppReceipt

EXTERNAL SOURCES:
  pmtest:
    :git: "git@gitlab.protontech.ch:apple/shared/pmtestautomation.git"
  ProtonCore-AccountDeletion:
    :path: "../../"
  ProtonCore-AccountSwitcher:
    :path: "../../"
  ProtonCore-APIClient:
    :path: "../../"
  ProtonCore-Authentication:
    :path: "../../"
  ProtonCore-Authentication-KeyGeneration:
    :path: "../../"
  ProtonCore-Challenge:
    :path: "../../"
  ProtonCore-Common:
    :path: "../../"
  ProtonCore-CoreTranslation:
    :path: "../../"
  ProtonCore-Crypto:
    :path: "../../"
  ProtonCore-DataModel:
    :path: "../../"
  ProtonCore-Doh:
    :path: "../../"
  ProtonCore-Features:
    :path: "../../"
  ProtonCore-ForceUpgrade:
    :path: "../../"
  ProtonCore-Foundations:
    :path: "../../"
  ProtonCore-Hash:
    :path: "../../"
  ProtonCore-HumanVerification:
    :path: "../../"
  ProtonCore-Keymaker:
    :path: "../../"
  ProtonCore-KeyManager:
    :path: "../../"
  ProtonCore-Log:
    :path: "../../"
  ProtonCore-Login:
    :path: "../../"
  ProtonCore-LoginUI:
    :path: "../../"
  ProtonCore-Networking:
    :path: "../../"
  ProtonCore-ObfuscatedConstants:
    :path: "../../"
  ProtonCore-OpenPGP:
    :path: "../../"
  ProtonCore-Payments:
    :path: "../../"
  ProtonCore-PaymentsUI:
    :path: "../../"
  ProtonCore-QuarkCommands:
    :path: "../../"
  ProtonCore-Services:
    :path: "../../"
  ProtonCore-Settings:
    :path: "../../"
  ProtonCore-TestingToolkit:
    :path: "../../"
  ProtonCore-UIFoundations:
    :path: "../../"
  ProtonCore-Utilities:
    :path: "../../"
  ProtonCore-VCard:
    :path: "../../"
  Sentry:
    :git: https://github.com/getsentry/sentry-cocoa.git
    :tag: 5.2.2
  TrustKit:
    :branch: release/1.0.1
    :git: https://github.com/ProtonMail/TrustKit.git

CHECKOUT OPTIONS:
  pmtest:
    :commit: 2bc09250d65786c316aa8a2a203404ada745bea2
    :git: "git@gitlab.protontech.ch:apple/shared/pmtestautomation.git"
  Sentry:
    :git: https://github.com/getsentry/sentry-cocoa.git
    :tag: 5.2.2
  TrustKit:
    :commit: 0edccba6b372378246d4b895a4d01e3303d53dc8
    :git: https://github.com/ProtonMail/TrustKit.git

SPEC CHECKSUMS:
  Alamofire: f3b09a368f1582ab751b3fff5460276e0d2cf5c9
  ASN1Swift: 73ba94f1d97c1c1d059d180708ad42845aeac4f9
  CryptoSwift: f12f037f6d0fcd6d48c96db0071b653de64e6c4d
  EllipticCurveKeyPair: 8c69e5238a6e47243a10a48fbd41dfb19110b22e
  lottie-ios: 6ac74dcc09904798f59b18cb3075c089d76be9ae
  OHHTTPStubs: 90eac6d8f2c18317baeca36698523dc67c513831
  pmtest: 51fa59b99ab1f252c46843b2c745b7e5da3e6f02
  ProtonCore-AccountDeletion: 74c2b4eb0844bf3f9d93e48ed085bc9b08d82f94
  ProtonCore-AccountSwitcher: 16c89f828d24a43ea54a7468731b134e3553e69e
  ProtonCore-APIClient: c1c9c587b527b87a95edcd2201a2440c243f847d
  ProtonCore-Authentication: a414cf9c47a1955820342dae09fbe15dce30c64a
  ProtonCore-Authentication-KeyGeneration: 213be2b4a93970b9dcaf3e19f1558ccdafbad7d1
  ProtonCore-Challenge: 8a0167bb1988526ae9f96e2e92fd2df96e38d444
  ProtonCore-Common: c37061d107dea00c9702188f29fe5b12cd0f2782
  ProtonCore-CoreTranslation: 064c100b22a7226f2c162f2a740a856ca74e40ec
  ProtonCore-Crypto: f123fc364829f44ecf152505e4b3c5dc1a969a93
  ProtonCore-DataModel: 1b980d29e1a2be17f73328fe1882cdacded8ad62
  ProtonCore-Doh: 9bdc36da643af0e1319e74eaca25135e7bf96969
  ProtonCore-Features: 66b0bb8ac3f5133eb389f3b38343c51f2eb1b750
  ProtonCore-ForceUpgrade: 9016c26cd792b4c4b2c8acfb2bf452e4ee261a4e
  ProtonCore-Foundations: f9fcc15b100c7cb20104e4dfe5a4e3ec59b74a9d
  ProtonCore-Hash: f9ec445f990da69b0bb477b0339fe9441bcd4378
  ProtonCore-HumanVerification: b442ef57b21393373f87d7778d7a0de7ea653cd3
  ProtonCore-Keymaker: 9cf5408234985d090cb7b4bd465f37aa68889c81
  ProtonCore-KeyManager: 77f3207588fca9aadb2470e1ccc19c5232dfd0db
  ProtonCore-Log: d315a6f54b8d05b3f104509477d265217c2551e5
  ProtonCore-Login: b81991ecce909f70c27926843d1c3b6866fd75db
  ProtonCore-LoginUI: 53d1704c067a6a427760cf843e2b3a34bd6cf048
  ProtonCore-Networking: ab67fb9b57cd8a6cb1e38e289d7da096f795a3f7
  ProtonCore-ObfuscatedConstants: c0ba5847ea6cd7511c54e5dc08e5a66f68cd6310
  ProtonCore-OpenPGP: 32427af2dcebaba83919e7f1e1e3adc96883ef01
  ProtonCore-Payments: 4bfcc1bdc9b3daf92ee1e16438caf5438f1dd807
  ProtonCore-PaymentsUI: f90923de7c0626615363b107955153b3748e9a88
  ProtonCore-QuarkCommands: dba154abd243b07aadc2359f5dee91e6f85c2c41
  ProtonCore-Services: 86c6756f86408936322855e726910acb3215a3da
  ProtonCore-Settings: b8e45e06d768c742bb84203f81b5b41913719280
  ProtonCore-TestingToolkit: 4a0d7115bd518cbb1c1e827686d0ae7f07848293
  ProtonCore-UIFoundations: 099ffc2da9e1699d10efa4eecfbfeac33f5b7c3e
  ProtonCore-Utilities: 5ce198b4f69e4e9ab48c488838a8e6ea6504e280
  ProtonCore-VCard: 110b400d530e4d74f5519d969a0425f47d4da0c1
  ReachabilitySwift: 985039c6f7b23a1da463388634119492ff86c825
  Sentry: 8fa58a051237554f22507fb483b9a1de0171a2dc
  SwiftOTP: ce98ded1ab42e4e66c39228fcad6b0c07b98e494
  TPInAppReceipt: 5f9eb3ebc7e13b9427a7f42aa9657c005ffaf34c
  TrustKit: f830ff5af0a8cbad5178aef1d0951389b096d312

PODFILE CHECKSUM: fdfb4daa950b8f74ecf1f89b60da9bac212bc900

COCOAPODS: 1.11.3
