PODS:
  - Alamofire (5.5.0)
  - ASN1Swift (1.2.3)
  - CryptoSwift (1.3.1)
  - EllipticCurveKeyPair (2.0)
  - lottie-ios (3.3.0)
  - OHHTTPStubs/Core (9.1.0)
  - OHHTTPStubs/Default (9.1.0):
    - OHHTTPStubs/Core
    - OHHTTPStubs/JSON
    - OHHTTPStubs/NSURLSession
    - OHHTTPStubs/OHPathHelpers
  - OHHTTPStubs/JSON (9.1.0):
    - OHHTTPStubs/Core
  - OHHTTPStubs/NSURLSession (9.1.0):
    - OHHTTPStubs/Core
  - OHHTTPStubs/OHPathHelpers (9.1.0)
  - OHHTTPStubs/Swift (9.1.0):
    - OHHTTPStubs/Default
  - pmtest (1.0.0)
  - "ProtonCore-AccountDeletion/UsingCrypto+Alamofire (3.12.0)":
    - "ProtonCore-Authentication/UsingCrypto+Alamofire (= 3.12.0)"
    - ProtonCore-CoreTranslation (= 3.12.0)
    - ProtonCore-Doh (= 3.12.0)
    - ProtonCore-Foundations (= 3.12.0)
    - ProtonCore-Log (= 3.12.0)
    - ProtonCore-Networking/Alamofire (= 3.12.0)
    - ProtonCore-Services/Alamofire (= 3.12.0)
    - ProtonCore-UIFoundations (= 3.12.0)
    - ProtonCore-Utilities (= 3.12.0)
  - "ProtonCore-AccountDeletion/UsingCrypto+Alamofire/Tests (3.12.0)":
    - "ProtonCore-Authentication/UsingCrypto+Alamofire (= 3.12.0)"
    - ProtonCore-CoreTranslation (= 3.12.0)
    - ProtonCore-Doh (= 3.12.0)
    - ProtonCore-Foundations (= 3.12.0)
    - ProtonCore-Log (= 3.12.0)
    - ProtonCore-Networking/Alamofire (= 3.12.0)
    - ProtonCore-Services/Alamofire (= 3.12.0)
    - ProtonCore-UIFoundations (= 3.12.0)
    - ProtonCore-Utilities (= 3.12.0)
  - ProtonCore-AccountSwitcher (3.12.0):
    - ProtonCore-CoreTranslation (= 3.12.0)
    - ProtonCore-Log (= 3.12.0)
    - ProtonCore-UIFoundations (= 3.12.0)
    - ProtonCore-Utilities (= 3.12.0)
  - ProtonCore-AccountSwitcher/Tests (3.12.0):
    - ProtonCore-CoreTranslation (= 3.12.0)
    - ProtonCore-Log (= 3.12.0)
    - ProtonCore-UIFoundations (= 3.12.0)
    - ProtonCore-Utilities (= 3.12.0)
  - ProtonCore-APIClient/Alamofire (3.12.0):
    - ProtonCore-DataModel (= 3.12.0)
    - ProtonCore-Networking/Alamofire (= 3.12.0)
    - ProtonCore-Services/Alamofire (= 3.12.0)
  - ProtonCore-APIClient/TestsUsingCrypto (3.12.0):
    - OHHTTPStubs/Swift
    - "ProtonCore-Authentication/UsingCrypto+Alamofire (= 3.12.0)"
    - ProtonCore-Crypto (= 3.12.0)
    - ProtonCore-DataModel (= 3.12.0)
    - "ProtonCore-TestingToolkit/UnitTests/Authentication/UsingCrypto+Alamofire (= 3.12.0)"
    - TrustKit
  - "ProtonCore-Authentication-KeyGeneration/UsingCrypto+Alamofire (3.12.0)":
    - "ProtonCore-Authentication/UsingCrypto+Alamofire (= 3.12.0)"
    - ProtonCore-Crypto (= 3.12.0)
    - ProtonCore-OpenPGP (= 3.12.0)
  - "ProtonCore-Authentication-KeyGeneration/UsingCrypto+Alamofire/Tests (3.12.0)":
    - OHHTTPStubs/Swift
    - "ProtonCore-Authentication/UsingCrypto+Alamofire (= 3.12.0)"
    - ProtonCore-Crypto (= 3.12.0)
    - ProtonCore-ObfuscatedConstants (= 3.12.0)
    - ProtonCore-OpenPGP (= 3.12.0)
    - "ProtonCore-TestingToolkit/UnitTests/Authentication-KeyGeneration/UsingCrypto+Alamofire (= 3.12.0)"
  - "ProtonCore-Authentication/UsingCrypto+Alamofire (3.12.0)":
    - ProtonCore-APIClient/Alamofire (= 3.12.0)
    - ProtonCore-Crypto (= 3.12.0)
    - ProtonCore-Services/Alamofire (= 3.12.0)
  - "ProtonCore-Authentication/UsingCrypto+Alamofire/Tests (3.12.0)":
    - OHHTTPStubs/Swift
    - ProtonCore-APIClient/Alamofire (= 3.12.0)
    - ProtonCore-Crypto (= 3.12.0)
    - ProtonCore-Services/Alamofire (= 3.12.0)
    - "ProtonCore-TestingToolkit/UnitTests/Authentication/UsingCrypto+Alamofire (= 3.12.0)"
  - ProtonCore-Challenge (3.12.0):
    - ProtonCore-Foundations (= 3.12.0)
  - ProtonCore-Challenge/Tests (3.12.0):
    - ProtonCore-Foundations (= 3.12.0)
  - ProtonCore-Common/Alamofire (3.12.0):
    - ProtonCore-Networking/Alamofire (= 3.12.0)
    - ProtonCore-Services/Alamofire (= 3.12.0)
    - ProtonCore-UIFoundations (= 3.12.0)
  - ProtonCore-Common/Alamofire/Tests (3.12.0):
    - ProtonCore-Networking/Alamofire (= 3.12.0)
    - ProtonCore-Services/Alamofire (= 3.12.0)
    - ProtonCore-UIFoundations (= 3.12.0)
  - ProtonCore-CoreTranslation (3.12.0)
  - ProtonCore-Crypto (3.12.0)
  - ProtonCore-Crypto/Tests (3.12.0)
  - ProtonCore-DataModel (3.12.0):
    - ProtonCore-Utilities (= 3.12.0)
  - ProtonCore-DataModel/Tests (3.12.0):
    - ProtonCore-TestingToolkit/UnitTests/DataModel (= 3.12.0)
    - ProtonCore-Utilities (= 3.12.0)
  - ProtonCore-Doh (3.12.0):
    - ProtonCore-Log (= 3.12.0)
    - ProtonCore-Utilities (= 3.12.0)
  - ProtonCore-Doh/Tests (3.12.0):
    - OHHTTPStubs/Swift
    - ProtonCore-Log (= 3.12.0)
    - ProtonCore-TestingToolkit/UnitTests/Doh (= 3.12.0)
    - ProtonCore-Utilities (= 3.12.0)
  - "ProtonCore-Features/UsingCrypto+Alamofire (3.12.0)":
    - "ProtonCore-Authentication/UsingCrypto+Alamofire (= 3.12.0)"
    - ProtonCore-Common/Alamofire (= 3.12.0)
    - ProtonCore-Crypto (= 3.12.0)
    - ProtonCore-DataModel
    - ProtonCore-Hash
    - ProtonCore-KeyManager/UsingCrypto (= 3.12.0)
    - ProtonCore-Networking/Alamofire (= 3.12.0)
  - ProtonCore-ForceUpgrade/Alamofire (3.12.0):
    - ProtonCore-CoreTranslation (= 3.12.0)
    - ProtonCore-Networking/Alamofire (= 3.12.0)
    - ProtonCore-UIFoundations (= 3.12.0)
  - ProtonCore-ForceUpgrade/Alamofire/Tests (3.12.0):
    - ProtonCore-CoreTranslation (= 3.12.0)
    - ProtonCore-Networking/Alamofire (= 3.12.0)
    - ProtonCore-UIFoundations (= 3.12.0)
  - ProtonCore-Foundations (3.12.0):
    - ProtonCore-Log (= 3.12.0)
  - ProtonCore-Foundations/Tests (3.12.0):
    - ProtonCore-Log (= 3.12.0)
  - ProtonCore-Hash (3.12.0)
  - ProtonCore-Hash/Tests (3.12.0)
  - ProtonCore-HumanVerification/Alamofire (3.12.0):
    - ProtonCore-APIClient/Alamofire (= 3.12.0)
    - ProtonCore-CoreTranslation (= 3.12.0)
    - ProtonCore-Foundations (= 3.12.0)
    - ProtonCore-UIFoundations (= 3.12.0)
    - ProtonCore-Utilities (= 3.12.0)
  - ProtonCore-HumanVerification/Alamofire/Tests (3.12.0):
    - ProtonCore-APIClient/Alamofire (= 3.12.0)
    - ProtonCore-CoreTranslation (= 3.12.0)
    - ProtonCore-Foundations (= 3.12.0)
    - ProtonCore-TestingToolkit/UnitTests/HumanVerification/Alamofire (= 3.12.0)
    - ProtonCore-UIFoundations (= 3.12.0)
    - ProtonCore-Utilities (= 3.12.0)
  - ProtonCore-Keymaker/UsingCrypto (3.12.0):
    - EllipticCurveKeyPair (~> 2.0)
    - ProtonCore-Crypto (= 3.12.0)
  - ProtonCore-Keymaker/UsingCrypto/Tests (3.12.0):
    - EllipticCurveKeyPair (~> 2.0)
    - ProtonCore-Crypto (= 3.12.0)
  - ProtonCore-KeyManager/UsingCrypto (3.12.0):
    - ProtonCore-Crypto (= 3.12.0)
    - ProtonCore-DataModel (= 3.12.0)
  - ProtonCore-KeyManager/UsingCrypto/Tests (3.12.0):
    - ProtonCore-Crypto (= 3.12.0)
    - ProtonCore-DataModel (= 3.12.0)
  - ProtonCore-Log (3.12.0)
  - ProtonCore-Log/Tests (3.12.0)
  - "ProtonCore-Login/TestsUsingCrypto+Alamofire (3.12.0)":
    - OHHTTPStubs/Swift
    - "ProtonCore-Authentication-KeyGeneration/UsingCrypto+Alamofire (= 3.12.0)"
    - "ProtonCore-Authentication/UsingCrypto+Alamofire (= 3.12.0)"
    - ProtonCore-CoreTranslation (= 3.12.0)
    - ProtonCore-Crypto (= 3.12.0)
    - ProtonCore-DataModel (= 3.12.0)
    - ProtonCore-Foundations (= 3.12.0)
    - ProtonCore-Log (= 3.12.0)
    - ProtonCore-ObfuscatedConstants (= 3.12.0)
    - ProtonCore-OpenPGP (= 3.12.0)
    - ProtonCore-TestingToolkit/TestData/Alamofire (= 3.12.0)
    - "ProtonCore-TestingToolkit/UnitTests/Login/UsingCrypto+Alamofire (= 3.12.0)"
    - TrustKit
  - "ProtonCore-Login/UsingCrypto+Alamofire (3.12.0)":
    - "ProtonCore-Authentication-KeyGeneration/UsingCrypto+Alamofire (= 3.12.0)"
    - "ProtonCore-Authentication/UsingCrypto+Alamofire (= 3.12.0)"
    - ProtonCore-CoreTranslation (= 3.12.0)
    - ProtonCore-Crypto (= 3.12.0)
    - ProtonCore-DataModel (= 3.12.0)
    - ProtonCore-Foundations (= 3.12.0)
    - ProtonCore-Log (= 3.12.0)
    - ProtonCore-OpenPGP (= 3.12.0)
    - TrustKit
  - "ProtonCore-LoginUI/TestsUsingCrypto+Alamofire (3.12.0)":
    - lottie-ios
    - OHHTTPStubs/Swift
    - "ProtonCore-Authentication-KeyGeneration/UsingCrypto+Alamofire (= 3.12.0)"
    - "ProtonCore-Authentication/UsingCrypto+Alamofire (= 3.12.0)"
    - ProtonCore-Challenge (= 3.12.0)
    - ProtonCore-CoreTranslation (= 3.12.0)
    - ProtonCore-Crypto (= 3.12.0)
    - ProtonCore-DataModel (= 3.12.0)
    - ProtonCore-Foundations (= 3.12.0)
    - ProtonCore-HumanVerification/Alamofire (= 3.12.0)
    - ProtonCore-Log (= 3.12.0)
    - "ProtonCore-Login/UsingCrypto+Alamofire (= 3.12.0)"
    - ProtonCore-ObfuscatedConstants (= 3.12.0)
    - ProtonCore-OpenPGP (= 3.12.0)
    - "ProtonCore-Payments/UsingCrypto+Alamofire (= 3.12.0)"
    - "ProtonCore-PaymentsUI/UsingCrypto+Alamofire (= 3.12.0)"
    - ProtonCore-TestingToolkit/TestData/Alamofire (= 3.12.0)
    - "ProtonCore-TestingToolkit/UnitTests/LoginUI/UsingCrypto+Alamofire (= 3.12.0)"
    - ProtonCore-UIFoundations (= 3.12.0)
    - TrustKit
  - "ProtonCore-LoginUI/UsingCrypto+Alamofire (3.12.0)":
    - lottie-ios
    - "ProtonCore-Authentication-KeyGeneration/UsingCrypto+Alamofire (= 3.12.0)"
    - "ProtonCore-Authentication/UsingCrypto+Alamofire (= 3.12.0)"
    - ProtonCore-Challenge (= 3.12.0)
    - ProtonCore-CoreTranslation (= 3.12.0)
    - ProtonCore-Crypto (= 3.12.0)
    - ProtonCore-DataModel (= 3.12.0)
    - ProtonCore-Foundations (= 3.12.0)
    - ProtonCore-HumanVerification/Alamofire (= 3.12.0)
    - ProtonCore-Log (= 3.12.0)
    - "ProtonCore-Login/UsingCrypto+Alamofire (= 3.12.0)"
    - ProtonCore-OpenPGP (= 3.12.0)
    - "ProtonCore-Payments/UsingCrypto+Alamofire (= 3.12.0)"
    - "ProtonCore-PaymentsUI/UsingCrypto+Alamofire (= 3.12.0)"
    - ProtonCore-UIFoundations (= 3.12.0)
    - TrustKit
  - ProtonCore-Networking/Alamofire (3.12.0):
    - Alamofire (~> 5.2)
    - ProtonCore-CoreTranslation (= 3.12.0)
    - ProtonCore-Log (= 3.12.0)
    - TrustKit
  - ProtonCore-Networking/Alamofire/Tests (3.12.0):
    - Alamofire (~> 5.2)
    - OHHTTPStubs/Swift
    - ProtonCore-CoreTranslation (= 3.12.0)
    - ProtonCore-Doh (= 3.12.0)
    - ProtonCore-Log (= 3.12.0)
    - ProtonCore-TestingToolkit/UnitTests/Networking/Alamofire (= 3.12.0)
    - TrustKit
  - ProtonCore-ObfuscatedConstants (3.12.0):
    - TrustKit
  - ProtonCore-OpenPGP (3.12.0)
  - "ProtonCore-Payments/UsingCrypto+Alamofire (3.12.0)":
    - "ProtonCore-Authentication/UsingCrypto+Alamofire (= 3.12.0)"
    - ProtonCore-CoreTranslation (= 3.12.0)
    - ProtonCore-Foundations (= 3.12.0)
    - ProtonCore-Hash (= 3.12.0)
    - ProtonCore-Log (= 3.12.0)
    - ProtonCore-Networking/Alamofire (= 3.12.0)
    - ProtonCore-Services/Alamofire (= 3.12.0)
    - ReachabilitySwift (~> 5.0.0)
  - "ProtonCore-Payments/UsingCrypto+Alamofire/Tests (3.12.0)":
    - "ProtonCore-Authentication/UsingCrypto+Alamofire (= 3.12.0)"
    - ProtonCore-CoreTranslation (= 3.12.0)
    - ProtonCore-Foundations (= 3.12.0)
    - ProtonCore-Hash (= 3.12.0)
    - ProtonCore-Log (= 3.12.0)
    - ProtonCore-Networking/Alamofire (= 3.12.0)
    - ProtonCore-Services/Alamofire (= 3.12.0)
    - "ProtonCore-TestingToolkit/UnitTests/Payments/UsingCrypto+Alamofire (= 3.12.0)"
    - ReachabilitySwift (~> 5.0.0)
  - "ProtonCore-PaymentsUI/UsingCrypto+Alamofire (3.12.0)":
    - ProtonCore-CoreTranslation (= 3.12.0)
    - ProtonCore-Foundations (= 3.12.0)
    - ProtonCore-Log (= 3.12.0)
    - "ProtonCore-Payments/UsingCrypto+Alamofire (= 3.12.0)"
    - ProtonCore-UIFoundations (= 3.12.0)
  - "ProtonCore-PaymentsUI/UsingCrypto+Alamofire/Tests (3.12.0)":
    - ProtonCore-CoreTranslation (= 3.12.0)
    - ProtonCore-Foundations (= 3.12.0)
    - ProtonCore-Log (= 3.12.0)
    - "ProtonCore-Payments/UsingCrypto+Alamofire (= 3.12.0)"
    - "ProtonCore-TestingToolkit/UnitTests/Payments/UsingCrypto+Alamofire (= 3.12.0)"
    - ProtonCore-UIFoundations (= 3.12.0)
  - ProtonCore-QuarkCommands/Alamofire (3.12.0):
    - ProtonCore-Doh (= 3.12.0)
    - ProtonCore-Log (= 3.12.0)
    - ProtonCore-Networking/Alamofire (= 3.12.0)
    - ProtonCore-Services/Alamofire (= 3.12.0)
  - ProtonCore-Services/Alamofire (3.12.0):
    - ProtonCore-DataModel (= 3.12.0)
    - ProtonCore-Doh (= 3.12.0)
    - ProtonCore-Log (= 3.12.0)
    - ProtonCore-Networking/Alamofire (= 3.12.0)
    - ProtonCore-Utilities (= 3.12.0)
    - TrustKit
  - ProtonCore-Services/Alamofire/Tests (3.12.0):
    - ProtonCore-DataModel (= 3.12.0)
    - ProtonCore-Doh (= 3.12.0)
    - ProtonCore-Log (= 3.12.0)
    - ProtonCore-Networking/Alamofire (= 3.12.0)
    - ProtonCore-TestingToolkit/UnitTests/Networking/Alamofire (= 3.12.0)
    - ProtonCore-TestingToolkit/UnitTests/Services/Alamofire (= 3.12.0)
    - ProtonCore-Utilities (= 3.12.0)
    - TrustKit
  - ProtonCore-Settings (3.12.0):
    - ProtonCore-UIFoundations
  - ProtonCore-Settings/Tests (3.12.0):
    - ProtonCore-UIFoundations
  - ProtonCore-TestingToolkit/TestData/Alamofire (3.12.0):
    - CryptoSwift (= 1.3.1)
    - ProtonCore-DataModel (= 3.12.0)
    - ProtonCore-Networking/Alamofire (= 3.12.0)
    - ProtonCore-ObfuscatedConstants (= 3.12.0)
    - SwiftOTP (~> 2.0)
  - ProtonCore-TestingToolkit/UITests/AccountDeletion (3.12.0):
    - pmtest
    - ProtonCore-CoreTranslation (= 3.12.0)
  - ProtonCore-TestingToolkit/UITests/AccountSwitcher (3.12.0):
    - pmtest
    - ProtonCore-CoreTranslation (= 3.12.0)
  - ProtonCore-TestingToolkit/UITests/Core (3.12.0):
    - pmtest
    - ProtonCore-CoreTranslation (= 3.12.0)
    - ProtonCore-Log (= 3.12.0)
  - ProtonCore-TestingToolkit/UITests/Login (3.12.0):
    - pmtest
    - ProtonCore-CoreTranslation (= 3.12.0)
  - ProtonCore-TestingToolkit/UITests/PaymentsUI (3.12.0):
    - pmtest
    - ProtonCore-CoreTranslation (= 3.12.0)
  - "ProtonCore-TestingToolkit/UnitTests/AccountDeletion/UsingCrypto+Alamofire (3.12.0)":
    - "ProtonCore-AccountDeletion/UsingCrypto+Alamofire (= 3.12.0)"
    - ProtonCore-TestingToolkit/UnitTests/Core (= 3.12.0)
    - ProtonCore-TestingToolkit/UnitTests/Networking/Alamofire (= 3.12.0)
  - "ProtonCore-TestingToolkit/UnitTests/Authentication-KeyGeneration/UsingCrypto+Alamofire (3.12.0)":
    - "ProtonCore-Authentication-KeyGeneration/UsingCrypto+Alamofire (= 3.12.0)"
    - ProtonCore-TestingToolkit/UnitTests/Core (= 3.12.0)
    - ProtonCore-TestingToolkit/UnitTests/Services/Alamofire (= 3.12.0)
  - "ProtonCore-TestingToolkit/UnitTests/Authentication/UsingCrypto+Alamofire (3.12.0)":
    - "ProtonCore-Authentication/UsingCrypto+Alamofire (= 3.12.0)"
    - ProtonCore-TestingToolkit/UnitTests/Core (= 3.12.0)
    - ProtonCore-TestingToolkit/UnitTests/Services/Alamofire (= 3.12.0)
  - ProtonCore-TestingToolkit/UnitTests/Core (3.12.0)
  - ProtonCore-TestingToolkit/UnitTests/DataModel (3.12.0):
    - ProtonCore-DataModel (= 3.12.0)
    - ProtonCore-TestingToolkit/UnitTests/Core (= 3.12.0)
  - ProtonCore-TestingToolkit/UnitTests/Doh (3.12.0):
    - ProtonCore-Doh (= 3.12.0)
    - ProtonCore-TestingToolkit/UnitTests/Core (= 3.12.0)
  - ProtonCore-TestingToolkit/UnitTests/HumanVerification/Alamofire (3.12.0):
    - ProtonCore-HumanVerification/Alamofire (= 3.12.0)
    - ProtonCore-TestingToolkit/UnitTests/Core (= 3.12.0)
  - "ProtonCore-TestingToolkit/UnitTests/Login/UsingCrypto+Alamofire (3.12.0)":
    - "ProtonCore-Login/UsingCrypto+Alamofire (= 3.12.0)"
    - "ProtonCore-TestingToolkit/UnitTests/Authentication/UsingCrypto+Alamofire (= 3.12.0)"
    - ProtonCore-TestingToolkit/UnitTests/Core (= 3.12.0)
    - ProtonCore-TestingToolkit/UnitTests/DataModel (= 3.12.0)
    - ProtonCore-TestingToolkit/UnitTests/Services/Alamofire (= 3.12.0)
  - "ProtonCore-TestingToolkit/UnitTests/LoginUI/UsingCrypto+Alamofire (3.12.0)":
    - "ProtonCore-LoginUI/UsingCrypto+Alamofire (= 3.12.0)"
    - "ProtonCore-TestingToolkit/UnitTests/Authentication/UsingCrypto+Alamofire (= 3.12.0)"
    - ProtonCore-TestingToolkit/UnitTests/Core (= 3.12.0)
    - ProtonCore-TestingToolkit/UnitTests/DataModel (= 3.12.0)
    - ProtonCore-TestingToolkit/UnitTests/HumanVerification/Alamofire (= 3.12.0)
    - "ProtonCore-TestingToolkit/UnitTests/Login/UsingCrypto+Alamofire (= 3.12.0)"
    - ProtonCore-TestingToolkit/UnitTests/Services/Alamofire (= 3.12.0)
  - ProtonCore-TestingToolkit/UnitTests/Networking/Alamofire (3.12.0):
    - ProtonCore-Networking/Alamofire (= 3.12.0)
    - ProtonCore-TestingToolkit/UnitTests/Core (= 3.12.0)
  - "ProtonCore-TestingToolkit/UnitTests/Payments/UsingCrypto+Alamofire (3.12.0)":
    - OHHTTPStubs/Swift
    - "ProtonCore-Payments/UsingCrypto+Alamofire (= 3.12.0)"
    - ProtonCore-TestingToolkit/UnitTests/Core (= 3.12.0)
  - ProtonCore-TestingToolkit/UnitTests/Services/Alamofire (3.12.0):
    - ProtonCore-Services/Alamofire (= 3.12.0)
    - ProtonCore-TestingToolkit/UnitTests/Core (= 3.12.0)
    - ProtonCore-TestingToolkit/UnitTests/DataModel (= 3.12.0)
    - ProtonCore-TestingToolkit/UnitTests/Doh (= 3.12.0)
    - ProtonCore-TestingToolkit/UnitTests/Networking/Alamofire (= 3.12.0)
  - ProtonCore-UIFoundations (3.12.0):
    - ProtonCore-CoreTranslation (= 3.12.0)
    - ProtonCore-Foundations (= 3.12.0)
    - ProtonCore-Log (= 3.12.0)
  - ProtonCore-UIFoundations/Tests (3.12.0):
    - ProtonCore-CoreTranslation (= 3.12.0)
    - ProtonCore-Foundations (= 3.12.0)
    - ProtonCore-Log (= 3.12.0)
  - ProtonCore-Utilities (3.12.0):
    - ProtonCore-Log (= 3.12.0)
  - ProtonCore-Utilities/Tests (3.12.0):
    - ProtonCore-Log (= 3.12.0)
  - ProtonCore-VCard (3.12.0)
  - ReachabilitySwift (5.0.0)
  - Sentry (5.2.2):
    - Sentry/Core (= 5.2.2)
  - Sentry/Core (5.2.2)
  - SwiftOTP (2.0.3):
    - CryptoSwift (>= 1.0.0)
  - TPInAppReceipt (3.3.2):
    - TPInAppReceipt/Core (= 3.3.2)
  - TPInAppReceipt/Core (3.3.2):
    - ASN1Swift (~> 1.2.3)
  - TrustKit (1.7.0)

DEPENDENCIES:
  - CryptoSwift (= 1.3.1)
  - OHHTTPStubs/Swift
  - "pmtest (from `git@gitlab.protontech.ch:apple/shared/pmtestautomation.git`)"
  - "ProtonCore-AccountDeletion/UsingCrypto+Alamofire (from `../../`)"
  - "ProtonCore-AccountDeletion/UsingCrypto+Alamofire/Tests (from `../../`)"
  - ProtonCore-AccountSwitcher (from `../../`)
  - ProtonCore-AccountSwitcher/Tests (from `../../`)
  - ProtonCore-APIClient/Alamofire (from `../../`)
  - ProtonCore-APIClient/TestsUsingCrypto (from `../../`)
  - "ProtonCore-Authentication-KeyGeneration/UsingCrypto+Alamofire (from `../../`)"
  - "ProtonCore-Authentication-KeyGeneration/UsingCrypto+Alamofire/Tests (from `../../`)"
  - "ProtonCore-Authentication/UsingCrypto+Alamofire (from `../../`)"
  - "ProtonCore-Authentication/UsingCrypto+Alamofire/Tests (from `../../`)"
  - ProtonCore-Challenge (from `../../`)
  - ProtonCore-Challenge/Tests (from `../../`)
  - ProtonCore-Common/Alamofire (from `../../`)
  - ProtonCore-Common/Alamofire/Tests (from `../../`)
  - ProtonCore-CoreTranslation (from `../../`)
  - ProtonCore-Crypto (from `../../`)
  - ProtonCore-Crypto/Tests (from `../../`)
  - ProtonCore-DataModel (from `../../`)
  - ProtonCore-DataModel/Tests (from `../../`)
  - ProtonCore-Doh (from `../../`)
  - ProtonCore-Doh/Tests (from `../../`)
  - "ProtonCore-Features/UsingCrypto+Alamofire (from `../../`)"
  - ProtonCore-ForceUpgrade/Alamofire (from `../../`)
  - ProtonCore-ForceUpgrade/Alamofire/Tests (from `../../`)
  - ProtonCore-Foundations (from `../../`)
  - ProtonCore-Foundations/Tests (from `../../`)
  - ProtonCore-Hash (from `../../`)
  - ProtonCore-Hash/Tests (from `../../`)
  - ProtonCore-HumanVerification/Alamofire (from `../../`)
  - ProtonCore-HumanVerification/Alamofire/Tests (from `../../`)
  - ProtonCore-Keymaker/UsingCrypto (from `../../`)
  - ProtonCore-Keymaker/UsingCrypto/Tests (from `../../`)
  - ProtonCore-KeyManager/UsingCrypto (from `../../`)
  - ProtonCore-KeyManager/UsingCrypto/Tests (from `../../`)
  - ProtonCore-Log (from `../../`)
  - ProtonCore-Log/Tests (from `../../`)
  - "ProtonCore-Login/TestsUsingCrypto+Alamofire (from `../../`)"
  - "ProtonCore-Login/UsingCrypto+Alamofire (from `../../`)"
  - "ProtonCore-LoginUI/TestsUsingCrypto+Alamofire (from `../../`)"
  - "ProtonCore-LoginUI/UsingCrypto+Alamofire (from `../../`)"
  - ProtonCore-Networking/Alamofire (from `../../`)
  - ProtonCore-Networking/Alamofire/Tests (from `../../`)
  - ProtonCore-ObfuscatedConstants (from `../../`)
  - ProtonCore-OpenPGP (from `../../`)
  - "ProtonCore-Payments/UsingCrypto+Alamofire (from `../../`)"
  - "ProtonCore-Payments/UsingCrypto+Alamofire/Tests (from `../../`)"
  - "ProtonCore-PaymentsUI/UsingCrypto+Alamofire (from `../../`)"
  - "ProtonCore-PaymentsUI/UsingCrypto+Alamofire/Tests (from `../../`)"
  - ProtonCore-QuarkCommands/Alamofire (from `../../`)
  - ProtonCore-Services/Alamofire (from `../../`)
  - ProtonCore-Services/Alamofire/Tests (from `../../`)
  - ProtonCore-Settings (from `../../`)
  - ProtonCore-Settings/Tests (from `../../`)
  - ProtonCore-TestingToolkit/TestData/Alamofire (from `../../`)
  - ProtonCore-TestingToolkit/UITests/AccountDeletion (from `../../`)
  - ProtonCore-TestingToolkit/UITests/AccountSwitcher (from `../../`)
  - ProtonCore-TestingToolkit/UITests/Core (from `../../`)
  - ProtonCore-TestingToolkit/UITests/Login (from `../../`)
  - ProtonCore-TestingToolkit/UITests/PaymentsUI (from `../../`)
  - "ProtonCore-TestingToolkit/UnitTests/AccountDeletion/UsingCrypto+Alamofire (from `../../`)"
  - "ProtonCore-TestingToolkit/UnitTests/Authentication-KeyGeneration/UsingCrypto+Alamofire (from `../../`)"
  - "ProtonCore-TestingToolkit/UnitTests/Authentication/UsingCrypto+Alamofire (from `../../`)"
  - ProtonCore-TestingToolkit/UnitTests/Core (from `../../`)
  - ProtonCore-TestingToolkit/UnitTests/DataModel (from `../../`)
  - ProtonCore-TestingToolkit/UnitTests/Doh (from `../../`)
  - ProtonCore-TestingToolkit/UnitTests/HumanVerification/Alamofire (from `../../`)
  - "ProtonCore-TestingToolkit/UnitTests/Login/UsingCrypto+Alamofire (from `../../`)"
  - "ProtonCore-TestingToolkit/UnitTests/LoginUI/UsingCrypto+Alamofire (from `../../`)"
  - ProtonCore-TestingToolkit/UnitTests/Networking/Alamofire (from `../../`)
  - "ProtonCore-TestingToolkit/UnitTests/Payments/UsingCrypto+Alamofire (from `../../`)"
  - ProtonCore-TestingToolkit/UnitTests/Services/Alamofire (from `../../`)
  - ProtonCore-UIFoundations (from `../../`)
  - ProtonCore-UIFoundations/Tests (from `../../`)
  - ProtonCore-Utilities (from `../../`)
  - ProtonCore-Utilities/Tests (from `../../`)
  - ProtonCore-VCard (from `../../`)
  - Sentry (from `https://github.com/getsentry/sentry-cocoa.git`, tag `5.2.2`)
  - SwiftOTP (~> 2.0)
  - TPInAppReceipt
  - TrustKit (from `https://github.com/ProtonMail/TrustKit.git`, branch `master`)

SPEC REPOS:
  trunk:
    - Alamofire
    - ASN1Swift
    - CryptoSwift
    - EllipticCurveKeyPair
    - lottie-ios
    - OHHTTPStubs
    - ReachabilitySwift
    - SwiftOTP
    - TPInAppReceipt

EXTERNAL SOURCES:
  pmtest:
    :git: "git@gitlab.protontech.ch:apple/shared/pmtestautomation.git"
  ProtonCore-AccountDeletion:
    :path: "../../"
  ProtonCore-AccountSwitcher:
    :path: "../../"
  ProtonCore-APIClient:
    :path: "../../"
  ProtonCore-Authentication:
    :path: "../../"
  ProtonCore-Authentication-KeyGeneration:
    :path: "../../"
  ProtonCore-Challenge:
    :path: "../../"
  ProtonCore-Common:
    :path: "../../"
  ProtonCore-CoreTranslation:
    :path: "../../"
  ProtonCore-Crypto:
    :path: "../../"
  ProtonCore-DataModel:
    :path: "../../"
  ProtonCore-Doh:
    :path: "../../"
  ProtonCore-Features:
    :path: "../../"
  ProtonCore-ForceUpgrade:
    :path: "../../"
  ProtonCore-Foundations:
    :path: "../../"
  ProtonCore-Hash:
    :path: "../../"
  ProtonCore-HumanVerification:
    :path: "../../"
  ProtonCore-Keymaker:
    :path: "../../"
  ProtonCore-KeyManager:
    :path: "../../"
  ProtonCore-Log:
    :path: "../../"
  ProtonCore-Login:
    :path: "../../"
  ProtonCore-LoginUI:
    :path: "../../"
  ProtonCore-Networking:
    :path: "../../"
  ProtonCore-ObfuscatedConstants:
    :path: "../../"
  ProtonCore-OpenPGP:
    :path: "../../"
  ProtonCore-Payments:
    :path: "../../"
  ProtonCore-PaymentsUI:
    :path: "../../"
  ProtonCore-QuarkCommands:
    :path: "../../"
  ProtonCore-Services:
    :path: "../../"
  ProtonCore-Settings:
    :path: "../../"
  ProtonCore-TestingToolkit:
    :path: "../../"
  ProtonCore-UIFoundations:
    :path: "../../"
  ProtonCore-Utilities:
    :path: "../../"
  ProtonCore-VCard:
    :path: "../../"
  Sentry:
    :git: https://github.com/getsentry/sentry-cocoa.git
    :tag: 5.2.2
  TrustKit:
    :branch: master
    :git: https://github.com/ProtonMail/TrustKit.git

CHECKOUT OPTIONS:
  pmtest:
    :commit: 7f549d539c5a45a92ab5b632b5ba60de04fdd061
    :git: "git@gitlab.protontech.ch:apple/shared/pmtestautomation.git"
  Sentry:
    :git: https://github.com/getsentry/sentry-cocoa.git
    :tag: 5.2.2
  TrustKit:
    :commit: 838fba789e01c9cabff77acea3fb7135f71a220f
    :git: https://github.com/ProtonMail/TrustKit.git

SPEC CHECKSUMS:
  Alamofire: 1c4fb5369c3fe93d2857c780d8bbe09f06f97e7c
  ASN1Swift: 73ba94f1d97c1c1d059d180708ad42845aeac4f9
  CryptoSwift: f12f037f6d0fcd6d48c96db0071b653de64e6c4d
  EllipticCurveKeyPair: 8c69e5238a6e47243a10a48fbd41dfb19110b22e
  lottie-ios: 6ac74dcc09904798f59b18cb3075c089d76be9ae
  OHHTTPStubs: 90eac6d8f2c18317baeca36698523dc67c513831
  pmtest: cb339e22597f14ee4aba80b8c7d850018fb44496
  ProtonCore-AccountDeletion: 838004c9ad47c126265e47e24db261501b07e91d
  ProtonCore-AccountSwitcher: c0d399e158d062dc1ceb18da9efdf3de711d41bf
  ProtonCore-APIClient: 54bae36ecea91754d459daa9ac3698e722a00dbc
  ProtonCore-Authentication: 9d226061e51997c01902229ee7f39b0bc3fa135e
  ProtonCore-Authentication-KeyGeneration: ebc82c0b2e2bf402e08ad02a262f2adb2bfda475
  ProtonCore-Challenge: 5ba592d731b71fca20eb2ebd87e4809b873abee8
  ProtonCore-Common: 5411f6c3a12b869ef34a1cd57e78146be8b625d7
  ProtonCore-CoreTranslation: b0d326050ac5cddac96f8fd146e84e3a1a16e29d
  ProtonCore-Crypto: bcb31b972d9ce9cef4f1b8e8c150c8655474384d
  ProtonCore-DataModel: 87e93a50449746b11eb0d71a8c240f191ab85bde
  ProtonCore-Doh: 70a70d64361f44cfdbd7719c3d70ca493ed6798b
  ProtonCore-Features: ce23d3759f40232ba258adef75d51e3bb25d6400
  ProtonCore-ForceUpgrade: 85b511e5058f4360c4d9db43df4293c7a4b4c19a
  ProtonCore-Foundations: 2e3f7c5aa2f7d2b2a12aff7c9ec8517d79e1d7f9
  ProtonCore-Hash: 0580de2765847000b55498d12d23521e398e9bef
  ProtonCore-HumanVerification: 7fd96e2370519083f26ea8e2ba34f8385708f440
  ProtonCore-Keymaker: 6c04ada4a3aa0658d286d6b93f310b47d93aad4b
  ProtonCore-KeyManager: cd793ce4708070e68a80628c154144f7814b7d5a
  ProtonCore-Log: 2a80b3c39e71243feae84b2b14173be66ce9d458
  ProtonCore-Login: 2cb6d3763c838e13b770dbae71e4d506d2c3865b
  ProtonCore-LoginUI: 18d0e64deb29ac8ae46f31e1ad9f8704bc3830a2
  ProtonCore-Networking: ba99cc7a5dd2a684e95b70a913cd98e3792b8a45
  ProtonCore-ObfuscatedConstants: fd4a28c6b50f31df870d5135266ee2d28a1a29a3
  ProtonCore-OpenPGP: 7cf9fc9279ceeb53dcf9ba1fb7941aa84222ed45
  ProtonCore-Payments: 8c5444cbb32ac9e371aace7d030f7cd88eb8035e
  ProtonCore-PaymentsUI: d8eac51a1c87168e963936159d7f19c95fba8986
  ProtonCore-QuarkCommands: 19b0c76ebb1883805cd3fa8372e1e8d03d179b9c
  ProtonCore-Services: af4dbeb569c061f10872829cc2d19a9eba813106
  ProtonCore-Settings: 57e70a617175bb50dab0eda6f22f46a159d86dd0
  ProtonCore-TestingToolkit: ba7dad50cbe755533f3b78b69d2b6814dc0a4a1c
  ProtonCore-UIFoundations: ffa0e8775fb69515647d19568bd2357eccd77ca1
  ProtonCore-Utilities: 4ffee8eb1a5f3554c67a5b51b33404e22a50612c
  ProtonCore-VCard: 1caff812716117072fb3920c20d98d8ae2bdd949
  ReachabilitySwift: 985039c6f7b23a1da463388634119492ff86c825
  Sentry: 8fa58a051237554f22507fb483b9a1de0171a2dc
  SwiftOTP: ce98ded1ab42e4e66c39228fcad6b0c07b98e494
  TPInAppReceipt: 5f9eb3ebc7e13b9427a7f42aa9657c005ffaf34c
  TrustKit: 3fb011102271b79f7e3742bc2cfc54bb7193ca74

PODFILE CHECKSUM: 7d425ada7170654d90f4950ce1b5c8ae980cc8f2

COCOAPODS: 1.11.2
