PODS:
  - pmtest (1.0.0)
  - ProtonCore-AccountSwitcher (2.0.1):
    - ProtonCore-CoreTranslation (= 2.0.1)
    - ProtonCore-Log (= 2.0.1)
    - ProtonCore-UIFoundations (= 2.0.1)
    - ProtonCore-Utilities (= 2.0.1)
  - ProtonCore-CoreTranslation (2.0.1)
  - ProtonCore-Foundations (2.0.1)
  - ProtonCore-Log (2.0.1)
  - ProtonCore-TestingToolkit/UITests/AccountSwitcher (2.0.1):
    - pmtest
    - ProtonCore-CoreTranslation (= 2.0.1)
  - ProtonCore-UIFoundations (2.0.1):
    - ProtonCore-CoreTranslation (= 2.0.1)
    - ProtonCore-Foundations (= 2.0.1)
    - ProtonCore-Log (= 2.0.1)
  - ProtonCore-Utilities (2.0.1):
    - ProtonCore-Log (= 2.0.1)

DEPENDENCIES:
  - "pmtest (from `git@gitlab.protontech.ch:apple/shared/pmtestautomation.git`, branch `master`)"
  - ProtonCore-AccountSwitcher (from `../../`)
  - ProtonCore-CoreTranslation (from `../../`)
  - ProtonCore-Foundations (from `../../`)
  - ProtonCore-Log (from `../../`)
  - ProtonCore-TestingToolkit/UITests/AccountSwitcher (from `../../`)
  - ProtonCore-UIFoundations (from `../../`)
  - ProtonCore-Utilities (from `../../`)

EXTERNAL SOURCES:
  pmtest:
    :branch: master
    :git: "git@gitlab.protontech.ch:apple/shared/pmtestautomation.git"
  ProtonCore-AccountSwitcher:
    :path: "../../"
  ProtonCore-CoreTranslation:
    :path: "../../"
  ProtonCore-Foundations:
    :path: "../../"
  ProtonCore-Log:
    :path: "../../"
  ProtonCore-TestingToolkit:
    :path: "../../"
  ProtonCore-UIFoundations:
    :path: "../../"
  ProtonCore-Utilities:
    :path: "../../"

CHECKOUT OPTIONS:
  pmtest:
    :commit: 579ef5f66deea4231784614d936956982f53ee30
    :git: "git@gitlab.protontech.ch:apple/shared/pmtestautomation.git"

SPEC CHECKSUMS:
  pmtest: cb339e22597f14ee4aba80b8c7d850018fb44496
  ProtonCore-AccountSwitcher: b9af573a0f53c2d79fea84b1c7d820c0c1e3f35c
  ProtonCore-CoreTranslation: ecc4fc228461e2ea1176d956da4417092fc73633
  ProtonCore-Foundations: d6780f5837a227aecead724c25cb5a5bac00c8be
  ProtonCore-Log: df43362fd121a6c7895496576ed22f1160cc3caa
  ProtonCore-TestingToolkit: 5e2220021748d0c36fcc097834fdfa99bf0a86e3
  ProtonCore-UIFoundations: bc161b98fad2363d61e18f9fecb47cb728928286
  ProtonCore-Utilities: 3e8b2c6de84b2f11618bb8a18cfffc8ee8aae0fa

PODFILE CHECKSUM: 5215ff989845c9c87f52714f664ea74deefaee4c

COCOAPODS: 1.10.1
