PODS:
  - Alamofire (5.4.4)
  - ASN1Swift (1.2.3)
  - CryptoSwift (1.3.1)
  - EllipticCurveKeyPair (2.0)
  - lottie-ios (3.3.0)
  - OHHTTPStubs/Core (9.1.0)
  - OHHTTPStubs/Default (9.1.0):
    - OHHTTPStubs/Core
    - OHHTTPStubs/JSON
    - OHHTTPStubs/NSURLSession
    - OHHTTPStubs/OHPathHelpers
  - OHHTTPStubs/JSON (9.1.0):
    - OHHTTPStubs/Core
  - OHHTTPStubs/NSURLSession (9.1.0):
    - OHHTTPStubs/Core
  - OHHTTPStubs/OHPathHelpers (9.1.0)
  - OHHTTPStubs/Swift (9.1.0):
    - OHHTTPStubs/Default
  - pmtest (1.0.2)
  - "ProtonCore-AccountDeletion-V5/UsingCrypto+Alamofire (3.17.0)":
    - "ProtonCore-Authentication/UsingCrypto+Alamofire (= 3.17.0)"
    - ProtonCore-CoreTranslation (= 3.17.0)
    - ProtonCore-Doh (= 3.17.0)
    - ProtonCore-Foundations (= 3.17.0)
    - ProtonCore-Log (= 3.17.0)
    - ProtonCore-Networking/Alamofire (= 3.17.0)
    - ProtonCore-Services/Alamofire (= 3.17.0)
    - ProtonCore-UIFoundations-V5 (= 3.17.0)
    - ProtonCore-Utilities (= 3.17.0)
  - "ProtonCore-AccountDeletion-V5/UsingCrypto+Alamofire/Tests (3.17.0)":
    - "ProtonCore-Authentication/UsingCrypto+Alamofire (= 3.17.0)"
    - ProtonCore-CoreTranslation (= 3.17.0)
    - ProtonCore-Doh (= 3.17.0)
    - ProtonCore-Foundations (= 3.17.0)
    - ProtonCore-Log (= 3.17.0)
    - ProtonCore-Networking/Alamofire (= 3.17.0)
    - ProtonCore-Services/Alamofire (= 3.17.0)
    - ProtonCore-UIFoundations-V5 (= 3.17.0)
    - ProtonCore-Utilities (= 3.17.0)
  - ProtonCore-AccountSwitcher-V5 (3.17.0):
    - ProtonCore-CoreTranslation (= 3.17.0)
    - ProtonCore-Log (= 3.17.0)
    - ProtonCore-UIFoundations-V5 (= 3.17.0)
    - ProtonCore-Utilities (= 3.17.0)
  - ProtonCore-AccountSwitcher-V5/Tests (3.17.0):
    - ProtonCore-CoreTranslation (= 3.17.0)
    - ProtonCore-Log (= 3.17.0)
    - ProtonCore-UIFoundations-V5 (= 3.17.0)
    - ProtonCore-Utilities (= 3.17.0)
  - ProtonCore-APIClient/Alamofire (3.17.0):
    - ProtonCore-DataModel (= 3.17.0)
    - ProtonCore-Networking/Alamofire (= 3.17.0)
    - ProtonCore-Services/Alamofire (= 3.17.0)
  - ProtonCore-APIClient/TestsUsingCrypto (3.17.0):
    - OHHTTPStubs/Swift
    - "ProtonCore-Authentication/UsingCrypto+Alamofire (= 3.17.0)"
    - ProtonCore-Crypto (= 3.17.0)
    - ProtonCore-DataModel (= 3.17.0)
    - "ProtonCore-TestingToolkit/UnitTests/Authentication/UsingCrypto+Alamofire (= 3.17.0)"
    - TrustKit
  - "ProtonCore-Authentication-KeyGeneration/UsingCrypto+Alamofire (3.17.0)":
    - "ProtonCore-Authentication/UsingCrypto+Alamofire (= 3.17.0)"
    - ProtonCore-Crypto (= 3.17.0)
    - ProtonCore-OpenPGP (= 3.17.0)
  - "ProtonCore-Authentication-KeyGeneration/UsingCrypto+Alamofire/Tests (3.17.0)":
    - OHHTTPStubs/Swift
    - "ProtonCore-Authentication/UsingCrypto+Alamofire (= 3.17.0)"
    - ProtonCore-Crypto (= 3.17.0)
    - ProtonCore-ObfuscatedConstants (= 3.17.0)
    - ProtonCore-OpenPGP (= 3.17.0)
    - "ProtonCore-TestingToolkit/UnitTests/Authentication-KeyGeneration/UsingCrypto+Alamofire (= 3.17.0)"
  - "ProtonCore-Authentication/UsingCrypto+Alamofire (3.17.0)":
    - ProtonCore-APIClient/Alamofire (= 3.17.0)
    - ProtonCore-Crypto (= 3.17.0)
    - ProtonCore-Services/Alamofire (= 3.17.0)
  - "ProtonCore-Authentication/UsingCrypto+Alamofire/Tests (3.17.0)":
    - OHHTTPStubs/Swift
    - ProtonCore-APIClient/Alamofire (= 3.17.0)
    - ProtonCore-Crypto (= 3.17.0)
    - ProtonCore-Services/Alamofire (= 3.17.0)
    - "ProtonCore-TestingToolkit/UnitTests/Authentication/UsingCrypto+Alamofire (= 3.17.0)"
  - ProtonCore-Challenge (3.17.0):
    - ProtonCore-Foundations (= 3.17.0)
  - ProtonCore-Challenge/Tests (3.17.0):
    - ProtonCore-Foundations (= 3.17.0)
  - ProtonCore-Common-V5/Alamofire (3.17.0):
    - ProtonCore-Networking/Alamofire (= 3.17.0)
    - ProtonCore-Services/Alamofire (= 3.17.0)
    - ProtonCore-UIFoundations-V5 (= 3.17.0)
  - ProtonCore-Common-V5/Alamofire/Tests (3.17.0):
    - ProtonCore-Networking/Alamofire (= 3.17.0)
    - ProtonCore-Services/Alamofire (= 3.17.0)
    - ProtonCore-UIFoundations-V5 (= 3.17.0)
  - ProtonCore-CoreTranslation (3.17.0)
  - ProtonCore-CoreTranslation-V5 (3.17.0)
  - ProtonCore-Crypto (3.17.0)
  - ProtonCore-Crypto/Tests (3.17.0)
  - ProtonCore-DataModel (3.17.0):
    - ProtonCore-Utilities (= 3.17.0)
  - ProtonCore-DataModel/Tests (3.17.0):
    - ProtonCore-TestingToolkit/UnitTests/DataModel (= 3.17.0)
    - ProtonCore-Utilities (= 3.17.0)
  - ProtonCore-Doh (3.17.0):
    - ProtonCore-Log (= 3.17.0)
    - ProtonCore-Utilities (= 3.17.0)
  - ProtonCore-Doh/Tests (3.17.0):
    - OHHTTPStubs/Swift
    - ProtonCore-Log (= 3.17.0)
    - ProtonCore-TestingToolkit/UnitTests/Doh (= 3.17.0)
    - ProtonCore-Utilities (= 3.17.0)
  - "ProtonCore-Features-V5/UsingCrypto+Alamofire (3.17.0)":
    - "ProtonCore-Authentication/UsingCrypto+Alamofire (= 3.17.0)"
    - ProtonCore-Common-V5/Alamofire (= 3.17.0)
    - ProtonCore-Crypto (= 3.17.0)
    - ProtonCore-DataModel
    - ProtonCore-Hash
    - ProtonCore-KeyManager/UsingCrypto (= 3.17.0)
    - ProtonCore-Networking/Alamofire (= 3.17.0)
  - ProtonCore-ForceUpgrade-V5/Alamofire (3.17.0):
    - ProtonCore-CoreTranslation (= 3.17.0)
    - ProtonCore-Networking/Alamofire (= 3.17.0)
    - ProtonCore-UIFoundations-V5 (= 3.17.0)
  - ProtonCore-ForceUpgrade-V5/Alamofire/Tests (3.17.0):
    - ProtonCore-CoreTranslation (= 3.17.0)
    - ProtonCore-Networking/Alamofire (= 3.17.0)
    - ProtonCore-UIFoundations-V5 (= 3.17.0)
  - ProtonCore-Foundations (3.17.0):
    - ProtonCore-Log (= 3.17.0)
  - ProtonCore-Foundations/Tests (3.17.0):
    - ProtonCore-Log (= 3.17.0)
  - ProtonCore-Hash (3.17.0)
  - ProtonCore-Hash/Tests (3.17.0)
  - ProtonCore-HumanVerification-V5/Alamofire (3.17.0):
    - ProtonCore-APIClient/Alamofire (= 3.17.0)
    - ProtonCore-CoreTranslation (= 3.17.0)
    - ProtonCore-Foundations (= 3.17.0)
    - ProtonCore-UIFoundations-V5 (= 3.17.0)
    - ProtonCore-Utilities (= 3.17.0)
  - ProtonCore-HumanVerification-V5/Alamofire/Tests (3.17.0):
    - ProtonCore-APIClient/Alamofire (= 3.17.0)
    - ProtonCore-CoreTranslation (= 3.17.0)
    - ProtonCore-Foundations (= 3.17.0)
    - ProtonCore-TestingToolkit/UnitTests/HumanVerification-V5/Alamofire (= 3.17.0)
    - ProtonCore-UIFoundations-V5 (= 3.17.0)
    - ProtonCore-Utilities (= 3.17.0)
  - ProtonCore-Keymaker/UsingCrypto (3.17.0):
    - EllipticCurveKeyPair (~> 2.0)
    - ProtonCore-Crypto (= 3.17.0)
  - ProtonCore-Keymaker/UsingCrypto/Tests (3.17.0):
    - EllipticCurveKeyPair (~> 2.0)
    - ProtonCore-Crypto (= 3.17.0)
  - ProtonCore-KeyManager/UsingCrypto (3.17.0):
    - ProtonCore-Crypto (= 3.17.0)
    - ProtonCore-DataModel (= 3.17.0)
  - ProtonCore-KeyManager/UsingCrypto/Tests (3.17.0):
    - ProtonCore-Crypto (= 3.17.0)
    - ProtonCore-DataModel (= 3.17.0)
  - ProtonCore-Log (3.17.0)
  - ProtonCore-Log/Tests (3.17.0)
  - "ProtonCore-Login/TestsUsingCrypto+Alamofire (3.17.0)":
    - OHHTTPStubs/Swift
    - "ProtonCore-Authentication-KeyGeneration/UsingCrypto+Alamofire (= 3.17.0)"
    - "ProtonCore-Authentication/UsingCrypto+Alamofire (= 3.17.0)"
    - ProtonCore-CoreTranslation (= 3.17.0)
    - ProtonCore-Crypto (= 3.17.0)
    - ProtonCore-DataModel (= 3.17.0)
    - ProtonCore-Foundations (= 3.17.0)
    - ProtonCore-Log (= 3.17.0)
    - ProtonCore-ObfuscatedConstants (= 3.17.0)
    - ProtonCore-OpenPGP (= 3.17.0)
    - ProtonCore-TestingToolkit/TestData/Alamofire (= 3.17.0)
    - "ProtonCore-TestingToolkit/UnitTests/Login/UsingCrypto+Alamofire (= 3.17.0)"
    - TrustKit
  - "ProtonCore-Login/UsingCrypto+Alamofire (3.17.0)":
    - "ProtonCore-Authentication-KeyGeneration/UsingCrypto+Alamofire (= 3.17.0)"
    - "ProtonCore-Authentication/UsingCrypto+Alamofire (= 3.17.0)"
    - ProtonCore-CoreTranslation (= 3.17.0)
    - ProtonCore-Crypto (= 3.17.0)
    - ProtonCore-DataModel (= 3.17.0)
    - ProtonCore-Foundations (= 3.17.0)
    - ProtonCore-Log (= 3.17.0)
    - ProtonCore-OpenPGP (= 3.17.0)
    - TrustKit
  - "ProtonCore-LoginUI-V5/TestsUsingCrypto+Alamofire (3.17.0)":
    - lottie-ios
    - OHHTTPStubs/Swift
    - "ProtonCore-Authentication-KeyGeneration/UsingCrypto+Alamofire (= 3.17.0)"
    - "ProtonCore-Authentication/UsingCrypto+Alamofire (= 3.17.0)"
    - ProtonCore-Challenge (= 3.17.0)
    - ProtonCore-CoreTranslation (= 3.17.0)
    - ProtonCore-Crypto (= 3.17.0)
    - ProtonCore-DataModel (= 3.17.0)
    - ProtonCore-Foundations (= 3.17.0)
    - ProtonCore-HumanVerification-V5/Alamofire (= 3.17.0)
    - ProtonCore-Log (= 3.17.0)
    - "ProtonCore-Login/UsingCrypto+Alamofire (= 3.17.0)"
    - ProtonCore-ObfuscatedConstants (= 3.17.0)
    - ProtonCore-OpenPGP (= 3.17.0)
    - "ProtonCore-Payments/UsingCrypto+Alamofire (= 3.17.0)"
    - "ProtonCore-PaymentsUI-V5/UsingCrypto+Alamofire (= 3.17.0)"
    - ProtonCore-TestingToolkit/TestData/Alamofire (= 3.17.0)
    - "ProtonCore-TestingToolkit/UnitTests/LoginUI-V5/UsingCrypto+Alamofire (= 3.17.0)"
    - ProtonCore-UIFoundations-V5 (= 3.17.0)
    - TrustKit
  - "ProtonCore-LoginUI-V5/UsingCrypto+Alamofire (3.17.0)":
    - lottie-ios
    - "ProtonCore-Authentication-KeyGeneration/UsingCrypto+Alamofire (= 3.17.0)"
    - "ProtonCore-Authentication/UsingCrypto+Alamofire (= 3.17.0)"
    - ProtonCore-Challenge (= 3.17.0)
    - ProtonCore-CoreTranslation (= 3.17.0)
    - ProtonCore-Crypto (= 3.17.0)
    - ProtonCore-DataModel (= 3.17.0)
    - ProtonCore-Foundations (= 3.17.0)
    - ProtonCore-HumanVerification-V5/Alamofire (= 3.17.0)
    - ProtonCore-Log (= 3.17.0)
    - "ProtonCore-Login/UsingCrypto+Alamofire (= 3.17.0)"
    - ProtonCore-OpenPGP (= 3.17.0)
    - "ProtonCore-Payments/UsingCrypto+Alamofire (= 3.17.0)"
    - "ProtonCore-PaymentsUI-V5/UsingCrypto+Alamofire (= 3.17.0)"
    - ProtonCore-UIFoundations-V5 (= 3.17.0)
    - TrustKit
  - ProtonCore-Networking/Alamofire (3.17.0):
    - Alamofire (= 5.4.4)
    - ProtonCore-CoreTranslation (= 3.17.0)
    - ProtonCore-Log (= 3.17.0)
    - TrustKit
  - ProtonCore-Networking/Alamofire/Tests (3.17.0):
    - Alamofire (= 5.4.4)
    - OHHTTPStubs/Swift
    - ProtonCore-CoreTranslation (= 3.17.0)
    - ProtonCore-Doh (= 3.17.0)
    - ProtonCore-Log (= 3.17.0)
    - ProtonCore-TestingToolkit/UnitTests/Networking/Alamofire (= 3.17.0)
    - TrustKit
  - ProtonCore-ObfuscatedConstants (3.17.0):
    - TrustKit
  - ProtonCore-OpenPGP (3.17.0)
  - "ProtonCore-Payments/UsingCrypto+Alamofire (3.17.0)":
    - "ProtonCore-Authentication/UsingCrypto+Alamofire (= 3.17.0)"
    - ProtonCore-CoreTranslation (= 3.17.0)
    - ProtonCore-Foundations (= 3.17.0)
    - ProtonCore-Hash (= 3.17.0)
    - ProtonCore-Log (= 3.17.0)
    - ProtonCore-Networking/Alamofire (= 3.17.0)
    - ProtonCore-Services/Alamofire (= 3.17.0)
    - ReachabilitySwift (~> 5.0.0)
  - "ProtonCore-Payments/UsingCrypto+Alamofire/Tests (3.17.0)":
    - "ProtonCore-Authentication/UsingCrypto+Alamofire (= 3.17.0)"
    - ProtonCore-CoreTranslation (= 3.17.0)
    - ProtonCore-Foundations (= 3.17.0)
    - ProtonCore-Hash (= 3.17.0)
    - ProtonCore-Log (= 3.17.0)
    - ProtonCore-Networking/Alamofire (= 3.17.0)
    - ProtonCore-Services/Alamofire (= 3.17.0)
    - "ProtonCore-TestingToolkit/UnitTests/Payments/UsingCrypto+Alamofire (= 3.17.0)"
    - ReachabilitySwift (~> 5.0.0)
  - "ProtonCore-PaymentsUI-V5/UsingCrypto+Alamofire (3.17.0)":
    - ProtonCore-CoreTranslation (= 3.17.0)
    - ProtonCore-CoreTranslation-V5 (= 3.17.0)
    - ProtonCore-Foundations (= 3.17.0)
    - ProtonCore-Log (= 3.17.0)
    - "ProtonCore-Payments/UsingCrypto+Alamofire (= 3.17.0)"
    - ProtonCore-UIFoundations-V5 (= 3.17.0)
  - "ProtonCore-PaymentsUI-V5/UsingCrypto+Alamofire/Tests (3.17.0)":
    - ProtonCore-CoreTranslation (= 3.17.0)
    - ProtonCore-CoreTranslation-V5 (= 3.17.0)
    - ProtonCore-Foundations (= 3.17.0)
    - ProtonCore-Log (= 3.17.0)
    - "ProtonCore-Payments/UsingCrypto+Alamofire (= 3.17.0)"
    - "ProtonCore-TestingToolkit/UnitTests/Payments/UsingCrypto+Alamofire (= 3.17.0)"
    - ProtonCore-UIFoundations-V5 (= 3.17.0)
  - ProtonCore-QuarkCommands/Alamofire (3.17.0):
    - ProtonCore-Doh (= 3.17.0)
    - ProtonCore-Log (= 3.17.0)
    - ProtonCore-Networking/Alamofire (= 3.17.0)
    - ProtonCore-Services/Alamofire (= 3.17.0)
  - ProtonCore-Services/Alamofire (3.17.0):
    - ProtonCore-DataModel (= 3.17.0)
    - ProtonCore-Doh (= 3.17.0)
    - ProtonCore-Log (= 3.17.0)
    - ProtonCore-Networking/Alamofire (= 3.17.0)
    - ProtonCore-Utilities (= 3.17.0)
    - TrustKit
  - ProtonCore-Services/Alamofire/Tests (3.17.0):
    - ProtonCore-DataModel (= 3.17.0)
    - ProtonCore-Doh (= 3.17.0)
    - ProtonCore-Log (= 3.17.0)
    - ProtonCore-Networking/Alamofire (= 3.17.0)
    - ProtonCore-TestingToolkit/UnitTests/Networking/Alamofire (= 3.17.0)
    - ProtonCore-TestingToolkit/UnitTests/Services/Alamofire (= 3.17.0)
    - ProtonCore-Utilities (= 3.17.0)
    - TrustKit
  - ProtonCore-Settings-V5 (3.17.0):
    - ProtonCore-UIFoundations-V5
  - ProtonCore-Settings-V5/Tests (3.17.0):
    - ProtonCore-UIFoundations-V5
  - ProtonCore-TestingToolkit/TestData/Alamofire (3.17.0):
    - CryptoSwift (= 1.3.1)
    - ProtonCore-DataModel (= 3.17.0)
    - ProtonCore-Networking/Alamofire (= 3.17.0)
    - ProtonCore-ObfuscatedConstants (= 3.17.0)
    - SwiftOTP (~> 2.0)
  - ProtonCore-TestingToolkit/UITests/AccountDeletion (3.17.0):
    - pmtest
    - ProtonCore-CoreTranslation (= 3.17.0)
  - ProtonCore-TestingToolkit/UITests/AccountSwitcher (3.17.0):
    - pmtest
    - ProtonCore-CoreTranslation (= 3.17.0)
  - ProtonCore-TestingToolkit/UITests/Core (3.17.0):
    - pmtest
    - ProtonCore-CoreTranslation (= 3.17.0)
    - ProtonCore-Log (= 3.17.0)
  - ProtonCore-TestingToolkit/UITests/Login (3.17.0):
    - pmtest
    - ProtonCore-CoreTranslation (= 3.17.0)
  - ProtonCore-TestingToolkit/UITests/PaymentsUI (3.17.0):
    - pmtest
    - ProtonCore-CoreTranslation (= 3.17.0)
  - "ProtonCore-TestingToolkit/UnitTests/AccountDeletion-V5/UsingCrypto+Alamofire (3.17.0)":
    - "ProtonCore-AccountDeletion-V5/UsingCrypto+Alamofire (= 3.17.0)"
    - ProtonCore-TestingToolkit/UnitTests/Core (= 3.17.0)
    - ProtonCore-TestingToolkit/UnitTests/Networking/Alamofire (= 3.17.0)
  - "ProtonCore-TestingToolkit/UnitTests/Authentication-KeyGeneration/UsingCrypto+Alamofire (3.17.0)":
    - "ProtonCore-Authentication-KeyGeneration/UsingCrypto+Alamofire (= 3.17.0)"
    - ProtonCore-TestingToolkit/UnitTests/Core (= 3.17.0)
    - ProtonCore-TestingToolkit/UnitTests/Services/Alamofire (= 3.17.0)
  - "ProtonCore-TestingToolkit/UnitTests/Authentication/UsingCrypto+Alamofire (3.17.0)":
    - "ProtonCore-Authentication/UsingCrypto+Alamofire (= 3.17.0)"
    - ProtonCore-TestingToolkit/UnitTests/Core (= 3.17.0)
    - ProtonCore-TestingToolkit/UnitTests/Services/Alamofire (= 3.17.0)
  - ProtonCore-TestingToolkit/UnitTests/Core (3.17.0):
    - ProtonCore-Utilities (= 3.17.0)
  - ProtonCore-TestingToolkit/UnitTests/DataModel (3.17.0):
    - ProtonCore-DataModel (= 3.17.0)
    - ProtonCore-TestingToolkit/UnitTests/Core (= 3.17.0)
  - ProtonCore-TestingToolkit/UnitTests/Doh (3.17.0):
    - ProtonCore-Doh (= 3.17.0)
    - ProtonCore-TestingToolkit/UnitTests/Core (= 3.17.0)
  - ProtonCore-TestingToolkit/UnitTests/HumanVerification-V5/Alamofire (3.17.0):
    - ProtonCore-HumanVerification-V5/Alamofire (= 3.17.0)
    - ProtonCore-TestingToolkit/UnitTests/Core (= 3.17.0)
  - "ProtonCore-TestingToolkit/UnitTests/Login/UsingCrypto+Alamofire (3.17.0)":
    - "ProtonCore-Login/UsingCrypto+Alamofire (= 3.17.0)"
    - "ProtonCore-TestingToolkit/UnitTests/Authentication/UsingCrypto+Alamofire (= 3.17.0)"
    - ProtonCore-TestingToolkit/UnitTests/Core (= 3.17.0)
    - ProtonCore-TestingToolkit/UnitTests/DataModel (= 3.17.0)
    - ProtonCore-TestingToolkit/UnitTests/Services/Alamofire (= 3.17.0)
  - "ProtonCore-TestingToolkit/UnitTests/LoginUI-V5/UsingCrypto+Alamofire (3.17.0)":
    - "ProtonCore-LoginUI-V5/UsingCrypto+Alamofire (= 3.17.0)"
    - "ProtonCore-TestingToolkit/UnitTests/Authentication/UsingCrypto+Alamofire (= 3.17.0)"
    - ProtonCore-TestingToolkit/UnitTests/Core (= 3.17.0)
    - ProtonCore-TestingToolkit/UnitTests/DataModel (= 3.17.0)
    - ProtonCore-TestingToolkit/UnitTests/HumanVerification-V5/Alamofire (= 3.17.0)
    - "ProtonCore-TestingToolkit/UnitTests/Login/UsingCrypto+Alamofire (= 3.17.0)"
    - ProtonCore-TestingToolkit/UnitTests/Services/Alamofire (= 3.17.0)
  - ProtonCore-TestingToolkit/UnitTests/Networking/Alamofire (3.17.0):
    - ProtonCore-Networking/Alamofire (= 3.17.0)
    - ProtonCore-TestingToolkit/UnitTests/Core (= 3.17.0)
  - "ProtonCore-TestingToolkit/UnitTests/Payments/UsingCrypto+Alamofire (3.17.0)":
    - OHHTTPStubs/Swift
    - "ProtonCore-Payments/UsingCrypto+Alamofire (= 3.17.0)"
    - ProtonCore-TestingToolkit/UnitTests/Core (= 3.17.0)
  - ProtonCore-TestingToolkit/UnitTests/Services/Alamofire (3.17.0):
    - ProtonCore-Services/Alamofire (= 3.17.0)
    - ProtonCore-TestingToolkit/UnitTests/Core (= 3.17.0)
    - ProtonCore-TestingToolkit/UnitTests/DataModel (= 3.17.0)
    - ProtonCore-TestingToolkit/UnitTests/Doh (= 3.17.0)
    - ProtonCore-TestingToolkit/UnitTests/Networking/Alamofire (= 3.17.0)
  - ProtonCore-UIFoundations-V5 (3.17.0):
    - ProtonCore-CoreTranslation (= 3.17.0)
    - ProtonCore-CoreTranslation-V5 (= 3.17.0)
    - ProtonCore-Foundations (= 3.17.0)
    - ProtonCore-Log (= 3.17.0)
  - ProtonCore-UIFoundations-V5/Tests (3.17.0):
    - ProtonCore-CoreTranslation (= 3.17.0)
    - ProtonCore-CoreTranslation-V5 (= 3.17.0)
    - ProtonCore-Foundations (= 3.17.0)
    - ProtonCore-Log (= 3.17.0)
  - ProtonCore-Utilities (3.17.0):
    - ProtonCore-Log (= 3.17.0)
  - ProtonCore-Utilities/Tests (3.17.0):
    - ProtonCore-Log (= 3.17.0)
  - ProtonCore-VCard (3.17.0)
  - ReachabilitySwift (5.0.0)
  - Sentry (5.2.2):
    - Sentry/Core (= 5.2.2)
  - Sentry/Core (5.2.2)
  - SwiftOTP (2.0.3):
    - CryptoSwift (>= 1.0.0)
  - TPInAppReceipt (3.3.2):
    - TPInAppReceipt/Core (= 3.3.2)
  - TPInAppReceipt/Core (3.3.2):
    - ASN1Swift (~> 1.2.3)
  - TrustKit (2.0.0)

DEPENDENCIES:
  - CryptoSwift (= 1.3.1)
  - OHHTTPStubs/Swift
  - "pmtest (from `git@gitlab.protontech.ch:apple/shared/pmtestautomation.git`)"
  - "ProtonCore-AccountDeletion-V5/UsingCrypto+Alamofire (from `../../`)"
  - "ProtonCore-AccountDeletion-V5/UsingCrypto+Alamofire/Tests (from `../../`)"
  - ProtonCore-AccountSwitcher-V5 (from `../../`)
  - ProtonCore-AccountSwitcher-V5/Tests (from `../../`)
  - ProtonCore-APIClient/Alamofire (from `../../`)
  - ProtonCore-APIClient/TestsUsingCrypto (from `../../`)
  - "ProtonCore-Authentication-KeyGeneration/UsingCrypto+Alamofire (from `../../`)"
  - "ProtonCore-Authentication-KeyGeneration/UsingCrypto+Alamofire/Tests (from `../../`)"
  - "ProtonCore-Authentication/UsingCrypto+Alamofire (from `../../`)"
  - "ProtonCore-Authentication/UsingCrypto+Alamofire/Tests (from `../../`)"
  - ProtonCore-Challenge (from `../../`)
  - ProtonCore-Challenge/Tests (from `../../`)
  - ProtonCore-Common-V5/Alamofire (from `../../`)
  - ProtonCore-Common-V5/Alamofire/Tests (from `../../`)
  - ProtonCore-CoreTranslation (from `../../`)
  - ProtonCore-CoreTranslation-V5 (from `../../`)
  - ProtonCore-Crypto (from `../../`)
  - ProtonCore-Crypto/Tests (from `../../`)
  - ProtonCore-DataModel (from `../../`)
  - ProtonCore-DataModel/Tests (from `../../`)
  - ProtonCore-Doh (from `../../`)
  - ProtonCore-Doh/Tests (from `../../`)
  - "ProtonCore-Features-V5/UsingCrypto+Alamofire (from `../../`)"
  - ProtonCore-ForceUpgrade-V5/Alamofire (from `../../`)
  - ProtonCore-ForceUpgrade-V5/Alamofire/Tests (from `../../`)
  - ProtonCore-Foundations (from `../../`)
  - ProtonCore-Foundations/Tests (from `../../`)
  - ProtonCore-Hash (from `../../`)
  - ProtonCore-Hash/Tests (from `../../`)
  - ProtonCore-HumanVerification-V5/Alamofire (from `../../`)
  - ProtonCore-HumanVerification-V5/Alamofire/Tests (from `../../`)
  - ProtonCore-Keymaker/UsingCrypto (from `../../`)
  - ProtonCore-Keymaker/UsingCrypto/Tests (from `../../`)
  - ProtonCore-KeyManager/UsingCrypto (from `../../`)
  - ProtonCore-KeyManager/UsingCrypto/Tests (from `../../`)
  - ProtonCore-Log (from `../../`)
  - ProtonCore-Log/Tests (from `../../`)
  - "ProtonCore-Login/TestsUsingCrypto+Alamofire (from `../../`)"
  - "ProtonCore-Login/UsingCrypto+Alamofire (from `../../`)"
  - "ProtonCore-LoginUI-V5/TestsUsingCrypto+Alamofire (from `../../`)"
  - "ProtonCore-LoginUI-V5/UsingCrypto+Alamofire (from `../../`)"
  - ProtonCore-Networking/Alamofire (from `../../`)
  - ProtonCore-Networking/Alamofire/Tests (from `../../`)
  - ProtonCore-ObfuscatedConstants (from `../../`)
  - ProtonCore-OpenPGP (from `../../`)
  - "ProtonCore-Payments/UsingCrypto+Alamofire (from `../../`)"
  - "ProtonCore-Payments/UsingCrypto+Alamofire/Tests (from `../../`)"
  - "ProtonCore-PaymentsUI-V5/UsingCrypto+Alamofire (from `../../`)"
  - "ProtonCore-PaymentsUI-V5/UsingCrypto+Alamofire/Tests (from `../../`)"
  - ProtonCore-QuarkCommands/Alamofire (from `../../`)
  - ProtonCore-Services/Alamofire (from `../../`)
  - ProtonCore-Services/Alamofire/Tests (from `../../`)
  - ProtonCore-Settings-V5 (from `../../`)
  - ProtonCore-Settings-V5/Tests (from `../../`)
  - ProtonCore-TestingToolkit/TestData/Alamofire (from `../../`)
  - ProtonCore-TestingToolkit/UITests/AccountDeletion (from `../../`)
  - ProtonCore-TestingToolkit/UITests/AccountSwitcher (from `../../`)
  - ProtonCore-TestingToolkit/UITests/Core (from `../../`)
  - ProtonCore-TestingToolkit/UITests/Login (from `../../`)
  - ProtonCore-TestingToolkit/UITests/PaymentsUI (from `../../`)
  - "ProtonCore-TestingToolkit/UnitTests/AccountDeletion-V5/UsingCrypto+Alamofire (from `../../`)"
  - "ProtonCore-TestingToolkit/UnitTests/Authentication-KeyGeneration/UsingCrypto+Alamofire (from `../../`)"
  - "ProtonCore-TestingToolkit/UnitTests/Authentication/UsingCrypto+Alamofire (from `../../`)"
  - ProtonCore-TestingToolkit/UnitTests/Core (from `../../`)
  - ProtonCore-TestingToolkit/UnitTests/DataModel (from `../../`)
  - ProtonCore-TestingToolkit/UnitTests/Doh (from `../../`)
  - ProtonCore-TestingToolkit/UnitTests/HumanVerification-V5/Alamofire (from `../../`)
  - "ProtonCore-TestingToolkit/UnitTests/Login/UsingCrypto+Alamofire (from `../../`)"
  - "ProtonCore-TestingToolkit/UnitTests/LoginUI-V5/UsingCrypto+Alamofire (from `../../`)"
  - ProtonCore-TestingToolkit/UnitTests/Networking/Alamofire (from `../../`)
  - "ProtonCore-TestingToolkit/UnitTests/Payments/UsingCrypto+Alamofire (from `../../`)"
  - ProtonCore-TestingToolkit/UnitTests/Services/Alamofire (from `../../`)
  - ProtonCore-UIFoundations-V5 (from `../../`)
  - ProtonCore-UIFoundations-V5/Tests (from `../../`)
  - ProtonCore-Utilities (from `../../`)
  - ProtonCore-Utilities/Tests (from `../../`)
  - ProtonCore-VCard (from `../../`)
  - Sentry (from `https://github.com/getsentry/sentry-cocoa.git`, tag `5.2.2`)
  - SwiftOTP (~> 2.0)
  - TPInAppReceipt
  - TrustKit (from `https://github.com/ProtonMail/TrustKit.git`, branch `release/1.0.1`)

SPEC REPOS:
  trunk:
    - Alamofire
    - ASN1Swift
    - CryptoSwift
    - EllipticCurveKeyPair
    - lottie-ios
    - OHHTTPStubs
    - ReachabilitySwift
    - SwiftOTP
    - TPInAppReceipt

EXTERNAL SOURCES:
  pmtest:
    :git: "git@gitlab.protontech.ch:apple/shared/pmtestautomation.git"
  ProtonCore-AccountDeletion-V5:
    :path: "../../"
  ProtonCore-AccountSwitcher-V5:
    :path: "../../"
  ProtonCore-APIClient:
    :path: "../../"
  ProtonCore-Authentication:
    :path: "../../"
  ProtonCore-Authentication-KeyGeneration:
    :path: "../../"
  ProtonCore-Challenge:
    :path: "../../"
  ProtonCore-Common-V5:
    :path: "../../"
  ProtonCore-CoreTranslation:
    :path: "../../"
  ProtonCore-CoreTranslation-V5:
    :path: "../../"
  ProtonCore-Crypto:
    :path: "../../"
  ProtonCore-DataModel:
    :path: "../../"
  ProtonCore-Doh:
    :path: "../../"
  ProtonCore-Features-V5:
    :path: "../../"
  ProtonCore-ForceUpgrade-V5:
    :path: "../../"
  ProtonCore-Foundations:
    :path: "../../"
  ProtonCore-Hash:
    :path: "../../"
  ProtonCore-HumanVerification-V5:
    :path: "../../"
  ProtonCore-Keymaker:
    :path: "../../"
  ProtonCore-KeyManager:
    :path: "../../"
  ProtonCore-Log:
    :path: "../../"
  ProtonCore-Login:
    :path: "../../"
  ProtonCore-LoginUI-V5:
    :path: "../../"
  ProtonCore-Networking:
    :path: "../../"
  ProtonCore-ObfuscatedConstants:
    :path: "../../"
  ProtonCore-OpenPGP:
    :path: "../../"
  ProtonCore-Payments:
    :path: "../../"
  ProtonCore-PaymentsUI-V5:
    :path: "../../"
  ProtonCore-QuarkCommands:
    :path: "../../"
  ProtonCore-Services:
    :path: "../../"
  ProtonCore-Settings-V5:
    :path: "../../"
  ProtonCore-TestingToolkit:
    :path: "../../"
  ProtonCore-UIFoundations-V5:
    :path: "../../"
  ProtonCore-Utilities:
    :path: "../../"
  ProtonCore-VCard:
    :path: "../../"
  Sentry:
    :git: https://github.com/getsentry/sentry-cocoa.git
    :tag: 5.2.2
  TrustKit:
    :branch: release/1.0.1
    :git: https://github.com/ProtonMail/TrustKit.git

CHECKOUT OPTIONS:
  pmtest:
    :commit: e98c3c8103d85b45620c4a8a9c4a6ef3d8e37cc3
    :git: "git@gitlab.protontech.ch:apple/shared/pmtestautomation.git"
  Sentry:
    :git: https://github.com/getsentry/sentry-cocoa.git
    :tag: 5.2.2
  TrustKit:
    :commit: 0edccba6b372378246d4b895a4d01e3303d53dc8
    :git: https://github.com/ProtonMail/TrustKit.git

SPEC CHECKSUMS:
  Alamofire: f3b09a368f1582ab751b3fff5460276e0d2cf5c9
  ASN1Swift: 73ba94f1d97c1c1d059d180708ad42845aeac4f9
  CryptoSwift: f12f037f6d0fcd6d48c96db0071b653de64e6c4d
  EllipticCurveKeyPair: 8c69e5238a6e47243a10a48fbd41dfb19110b22e
  lottie-ios: 6ac74dcc09904798f59b18cb3075c089d76be9ae
  OHHTTPStubs: 90eac6d8f2c18317baeca36698523dc67c513831
  pmtest: 51fa59b99ab1f252c46843b2c745b7e5da3e6f02
  ProtonCore-AccountDeletion-V5: b24f25fd77e94851dd521438e1ca750ab34ce559
  ProtonCore-AccountSwitcher-V5: ec875b22bb5aecbe86cecaca7ec53efa61f308e8
  ProtonCore-APIClient: 6c2d560d799b911f0091c1b1b642481f95500e5e
  ProtonCore-Authentication: acb8b042a10c28810e9a945cf7d624e3aab2e42b
  ProtonCore-Authentication-KeyGeneration: 39fe833b6cf88b2e17f634c3cb0786ecc2f1c7be
  ProtonCore-Challenge: 80ca67fcb66374547dfce8c9f2c098734bd75276
  ProtonCore-Common-V5: 61797de7141042275b7dd9c0cb5a9dd06086e010
  ProtonCore-CoreTranslation: 5ccad44ded6dd88e31dd0ed562713ac193b8a09a
  ProtonCore-CoreTranslation-V5: ac47abc77f7b391d8c6da55967c9cd2e24c83979
  ProtonCore-Crypto: 5ae44a5365dc900fa9c1b6ca72acf333134dc010
  ProtonCore-DataModel: 5b655fd9a26b6ebceb36952960b2bf033b414ba9
  ProtonCore-Doh: e26e9b5d3038ad3f988ddb17059dbe4a9ee8a7e9
  ProtonCore-Features-V5: 7feb55f2075a9846eb1105db36a60eb46be7da0e
  ProtonCore-ForceUpgrade-V5: 2f18a6f43c734a3b886a2a87cb04c15a7dc6ca0a
  ProtonCore-Foundations: 8e8ea7c822716edc655c25e573520f0535658604
  ProtonCore-Hash: 722fb0cfa3dc2918ffd1af788045fa0d29578203
  ProtonCore-HumanVerification-V5: 1c2bd18f65d4f5017c2c6c0fad1435db9c89839f
  ProtonCore-Keymaker: bb519cc4e3d478836abd3d98427fa256bc1bc9f6
  ProtonCore-KeyManager: ec4bb08db7b82e26760f2628f7438d330854eb49
  ProtonCore-Log: 2f9678c14888100d28c5f909199db16891f68f5a
  ProtonCore-Login: 0a0d146b18dfa9a09a4e2e7165bda0f00c8fb083
  ProtonCore-LoginUI-V5: 6c127c778672d836e05806acdd975a50e974c301
  ProtonCore-Networking: e42cdd5cbdc28a5db08394c0d8650aaad6510eea
  ProtonCore-ObfuscatedConstants: e3df61d68c6315605d563b51cb6be3b725e903fa
  ProtonCore-OpenPGP: 8f58803d8717f679daf62dbdbe1d98009136d539
  ProtonCore-Payments: a1c380fdfd4fa0896c13c7938cefceda9a595528
  ProtonCore-PaymentsUI-V5: 4cb65321952cc0f8a2159e26e2a3b54ec7b7ca95
  ProtonCore-QuarkCommands: 9f15bc4fe1a961301a1075cc8ce219164f0ec2b1
  ProtonCore-Services: 5450782430e8f001e3b6d57aee6d965dec880650
  ProtonCore-Settings-V5: b25657394b16dd70cac1d624d7aeaf0b9bc88ce6
  ProtonCore-TestingToolkit: 91134fb3af913a1933ca4fc26bdf5fdbabda48bf
  ProtonCore-UIFoundations-V5: 4c7153b2c97bfefdc3852877edb992f0e250197f
  ProtonCore-Utilities: db2c5639fcd932afc92475588ab1a23a53124cd9
  ProtonCore-VCard: 684639bffdc0dcd735dd075b3d960063a093c781
  ReachabilitySwift: 985039c6f7b23a1da463388634119492ff86c825
  Sentry: 8fa58a051237554f22507fb483b9a1de0171a2dc
  SwiftOTP: ce98ded1ab42e4e66c39228fcad6b0c07b98e494
  TPInAppReceipt: 5f9eb3ebc7e13b9427a7f42aa9657c005ffaf34c
  TrustKit: f830ff5af0a8cbad5178aef1d0951389b096d312

PODFILE CHECKSUM: 2ce595f70745729175996e805944487f3000e225

COCOAPODS: 1.11.3
