PODS:
  - Alamofire (5.4.4)
  - ASN1Swift (1.2.3)
  - CryptoSwift (1.3.1)
  - EllipticCurveKeyPair (2.0)
  - lottie-ios (3.3.0)
  - OHHTTPStubs/Core (9.1.0)
  - OHHTTPStubs/Default (9.1.0):
    - OHHTTPStubs/Core
    - OHHTTPStubs/JSON
    - OHHTTPStubs/NSURLSession
    - OHHTTPStubs/OHPathHelpers
  - OHHTTPStubs/JSON (9.1.0):
    - OHHTTPStubs/Core
  - OHHTTPStubs/NSURLSession (9.1.0):
    - OHHTTPStubs/Core
  - OHHTTPStubs/OHPathHelpers (9.1.0)
  - OHHTTPStubs/Swift (9.1.0):
    - OHHTTPStubs/Default
  - pmtest (1.0.0)
  - "ProtonCore-AccountDeletion-V5/UsingCrypto+Alamofire (3.14.0)":
    - "ProtonCore-Authentication/UsingCrypto+Alamofire (= 3.14.0)"
    - ProtonCore-CoreTranslation (= 3.14.0)
    - ProtonCore-Doh (= 3.14.0)
    - ProtonCore-Foundations (= 3.14.0)
    - ProtonCore-Log (= 3.14.0)
    - ProtonCore-Networking/Alamofire (= 3.14.0)
    - ProtonCore-Services/Alamofire (= 3.14.0)
    - ProtonCore-UIFoundations-V5 (= 3.14.0)
    - ProtonCore-Utilities (= 3.14.0)
  - "ProtonCore-AccountDeletion-V5/UsingCrypto+Alamofire/Tests (3.14.0)":
    - "ProtonCore-Authentication/UsingCrypto+Alamofire (= 3.14.0)"
    - ProtonCore-CoreTranslation (= 3.14.0)
    - ProtonCore-Doh (= 3.14.0)
    - ProtonCore-Foundations (= 3.14.0)
    - ProtonCore-Log (= 3.14.0)
    - ProtonCore-Networking/Alamofire (= 3.14.0)
    - ProtonCore-Services/Alamofire (= 3.14.0)
    - ProtonCore-UIFoundations-V5 (= 3.14.0)
    - ProtonCore-Utilities (= 3.14.0)
  - ProtonCore-AccountSwitcher-V5 (3.14.0):
    - ProtonCore-CoreTranslation (= 3.14.0)
    - ProtonCore-Log (= 3.14.0)
    - ProtonCore-UIFoundations-V5 (= 3.14.0)
    - ProtonCore-Utilities (= 3.14.0)
  - ProtonCore-AccountSwitcher-V5/Tests (3.14.0):
    - ProtonCore-CoreTranslation (= 3.14.0)
    - ProtonCore-Log (= 3.14.0)
    - ProtonCore-UIFoundations-V5 (= 3.14.0)
    - ProtonCore-Utilities (= 3.14.0)
  - ProtonCore-APIClient/Alamofire (3.14.0):
    - ProtonCore-DataModel (= 3.14.0)
    - ProtonCore-Networking/Alamofire (= 3.14.0)
    - ProtonCore-Services/Alamofire (= 3.14.0)
  - ProtonCore-APIClient/TestsUsingCrypto (3.14.0):
    - OHHTTPStubs/Swift
    - "ProtonCore-Authentication/UsingCrypto+Alamofire (= 3.14.0)"
    - ProtonCore-Crypto (= 3.14.0)
    - ProtonCore-DataModel (= 3.14.0)
    - "ProtonCore-TestingToolkit/UnitTests/Authentication/UsingCrypto+Alamofire (= 3.14.0)"
    - TrustKit
  - "ProtonCore-Authentication-KeyGeneration/UsingCrypto+Alamofire (3.14.0)":
    - "ProtonCore-Authentication/UsingCrypto+Alamofire (= 3.14.0)"
    - ProtonCore-Crypto (= 3.14.0)
    - ProtonCore-OpenPGP (= 3.14.0)
  - "ProtonCore-Authentication-KeyGeneration/UsingCrypto+Alamofire/Tests (3.14.0)":
    - OHHTTPStubs/Swift
    - "ProtonCore-Authentication/UsingCrypto+Alamofire (= 3.14.0)"
    - ProtonCore-Crypto (= 3.14.0)
    - ProtonCore-ObfuscatedConstants (= 3.14.0)
    - ProtonCore-OpenPGP (= 3.14.0)
    - "ProtonCore-TestingToolkit/UnitTests/Authentication-KeyGeneration/UsingCrypto+Alamofire (= 3.14.0)"
  - "ProtonCore-Authentication/UsingCrypto+Alamofire (3.14.0)":
    - ProtonCore-APIClient/Alamofire (= 3.14.0)
    - ProtonCore-Crypto (= 3.14.0)
    - ProtonCore-Services/Alamofire (= 3.14.0)
  - "ProtonCore-Authentication/UsingCrypto+Alamofire/Tests (3.14.0)":
    - OHHTTPStubs/Swift
    - ProtonCore-APIClient/Alamofire (= 3.14.0)
    - ProtonCore-Crypto (= 3.14.0)
    - ProtonCore-Services/Alamofire (= 3.14.0)
    - "ProtonCore-TestingToolkit/UnitTests/Authentication/UsingCrypto+Alamofire (= 3.14.0)"
  - ProtonCore-Challenge (3.14.0):
    - ProtonCore-Foundations (= 3.14.0)
  - ProtonCore-Challenge/Tests (3.14.0):
    - ProtonCore-Foundations (= 3.14.0)
  - ProtonCore-Common-V5/Alamofire (3.14.0):
    - ProtonCore-Networking/Alamofire (= 3.14.0)
    - ProtonCore-Services/Alamofire (= 3.14.0)
    - ProtonCore-UIFoundations-V5 (= 3.14.0)
  - ProtonCore-Common-V5/Alamofire/Tests (3.14.0):
    - ProtonCore-Networking/Alamofire (= 3.14.0)
    - ProtonCore-Services/Alamofire (= 3.14.0)
    - ProtonCore-UIFoundations-V5 (= 3.14.0)
  - ProtonCore-CoreTranslation (3.14.0)
  - ProtonCore-CoreTranslation-V5 (3.14.0)
  - ProtonCore-Crypto (3.14.0)
  - ProtonCore-Crypto/Tests (3.14.0)
  - ProtonCore-DataModel (3.14.0):
    - ProtonCore-Utilities (= 3.14.0)
  - ProtonCore-DataModel/Tests (3.14.0):
    - ProtonCore-TestingToolkit/UnitTests/DataModel (= 3.14.0)
    - ProtonCore-Utilities (= 3.14.0)
  - ProtonCore-Doh (3.14.0):
    - ProtonCore-Log (= 3.14.0)
    - ProtonCore-Utilities (= 3.14.0)
  - ProtonCore-Doh/Tests (3.14.0):
    - OHHTTPStubs/Swift
    - ProtonCore-Log (= 3.14.0)
    - ProtonCore-TestingToolkit/UnitTests/Doh (= 3.14.0)
    - ProtonCore-Utilities (= 3.14.0)
  - "ProtonCore-Features-V5/UsingCrypto+Alamofire (3.14.0)":
    - "ProtonCore-Authentication/UsingCrypto+Alamofire (= 3.14.0)"
    - ProtonCore-Common-V5/Alamofire (= 3.14.0)
    - ProtonCore-Crypto (= 3.14.0)
    - ProtonCore-DataModel
    - ProtonCore-Hash
    - ProtonCore-KeyManager/UsingCrypto (= 3.14.0)
    - ProtonCore-Networking/Alamofire (= 3.14.0)
  - ProtonCore-ForceUpgrade-V5/Alamofire (3.14.0):
    - ProtonCore-CoreTranslation (= 3.14.0)
    - ProtonCore-Networking/Alamofire (= 3.14.0)
    - ProtonCore-UIFoundations-V5 (= 3.14.0)
  - ProtonCore-ForceUpgrade-V5/Alamofire/Tests (3.14.0):
    - ProtonCore-CoreTranslation (= 3.14.0)
    - ProtonCore-Networking/Alamofire (= 3.14.0)
    - ProtonCore-UIFoundations-V5 (= 3.14.0)
  - ProtonCore-Foundations (3.14.0):
    - ProtonCore-Log (= 3.14.0)
  - ProtonCore-Foundations/Tests (3.14.0):
    - ProtonCore-Log (= 3.14.0)
  - ProtonCore-Hash (3.14.0)
  - ProtonCore-Hash/Tests (3.14.0)
  - ProtonCore-HumanVerification-V5/Alamofire (3.14.0):
    - ProtonCore-APIClient/Alamofire (= 3.14.0)
    - ProtonCore-CoreTranslation (= 3.14.0)
    - ProtonCore-Foundations (= 3.14.0)
    - ProtonCore-UIFoundations-V5 (= 3.14.0)
    - ProtonCore-Utilities (= 3.14.0)
  - ProtonCore-HumanVerification-V5/Alamofire/Tests (3.14.0):
    - ProtonCore-APIClient/Alamofire (= 3.14.0)
    - ProtonCore-CoreTranslation (= 3.14.0)
    - ProtonCore-Foundations (= 3.14.0)
    - ProtonCore-TestingToolkit/UnitTests/HumanVerification-V5/Alamofire (= 3.14.0)
    - ProtonCore-UIFoundations-V5 (= 3.14.0)
    - ProtonCore-Utilities (= 3.14.0)
  - ProtonCore-Keymaker/UsingCrypto (3.14.0):
    - EllipticCurveKeyPair (~> 2.0)
    - ProtonCore-Crypto (= 3.14.0)
  - ProtonCore-Keymaker/UsingCrypto/Tests (3.14.0):
    - EllipticCurveKeyPair (~> 2.0)
    - ProtonCore-Crypto (= 3.14.0)
  - ProtonCore-KeyManager/UsingCrypto (3.14.0):
    - ProtonCore-Crypto (= 3.14.0)
    - ProtonCore-DataModel (= 3.14.0)
  - ProtonCore-KeyManager/UsingCrypto/Tests (3.14.0):
    - ProtonCore-Crypto (= 3.14.0)
    - ProtonCore-DataModel (= 3.14.0)
  - ProtonCore-Log (3.14.0)
  - ProtonCore-Log/Tests (3.14.0)
  - "ProtonCore-Login/TestsUsingCrypto+Alamofire (3.14.0)":
    - OHHTTPStubs/Swift
    - "ProtonCore-Authentication-KeyGeneration/UsingCrypto+Alamofire (= 3.14.0)"
    - "ProtonCore-Authentication/UsingCrypto+Alamofire (= 3.14.0)"
    - ProtonCore-CoreTranslation (= 3.14.0)
    - ProtonCore-Crypto (= 3.14.0)
    - ProtonCore-DataModel (= 3.14.0)
    - ProtonCore-Foundations (= 3.14.0)
    - ProtonCore-Log (= 3.14.0)
    - ProtonCore-ObfuscatedConstants (= 3.14.0)
    - ProtonCore-OpenPGP (= 3.14.0)
    - ProtonCore-TestingToolkit/TestData/Alamofire (= 3.14.0)
    - "ProtonCore-TestingToolkit/UnitTests/Login/UsingCrypto+Alamofire (= 3.14.0)"
    - TrustKit
  - "ProtonCore-Login/UsingCrypto+Alamofire (3.14.0)":
    - "ProtonCore-Authentication-KeyGeneration/UsingCrypto+Alamofire (= 3.14.0)"
    - "ProtonCore-Authentication/UsingCrypto+Alamofire (= 3.14.0)"
    - ProtonCore-CoreTranslation (= 3.14.0)
    - ProtonCore-Crypto (= 3.14.0)
    - ProtonCore-DataModel (= 3.14.0)
    - ProtonCore-Foundations (= 3.14.0)
    - ProtonCore-Log (= 3.14.0)
    - ProtonCore-OpenPGP (= 3.14.0)
    - TrustKit
  - "ProtonCore-LoginUI-V5/TestsUsingCrypto+Alamofire (3.14.0)":
    - lottie-ios
    - OHHTTPStubs/Swift
    - "ProtonCore-Authentication-KeyGeneration/UsingCrypto+Alamofire (= 3.14.0)"
    - "ProtonCore-Authentication/UsingCrypto+Alamofire (= 3.14.0)"
    - ProtonCore-Challenge (= 3.14.0)
    - ProtonCore-CoreTranslation (= 3.14.0)
    - ProtonCore-Crypto (= 3.14.0)
    - ProtonCore-DataModel (= 3.14.0)
    - ProtonCore-Foundations (= 3.14.0)
    - ProtonCore-HumanVerification-V5/Alamofire (= 3.14.0)
    - ProtonCore-Log (= 3.14.0)
    - "ProtonCore-Login/UsingCrypto+Alamofire (= 3.14.0)"
    - ProtonCore-ObfuscatedConstants (= 3.14.0)
    - ProtonCore-OpenPGP (= 3.14.0)
    - "ProtonCore-Payments/UsingCrypto+Alamofire (= 3.14.0)"
    - "ProtonCore-PaymentsUI-V5/UsingCrypto+Alamofire (= 3.14.0)"
    - ProtonCore-TestingToolkit/TestData/Alamofire (= 3.14.0)
    - "ProtonCore-TestingToolkit/UnitTests/LoginUI-V5/UsingCrypto+Alamofire (= 3.14.0)"
    - ProtonCore-UIFoundations-V5 (= 3.14.0)
    - TrustKit
  - "ProtonCore-LoginUI-V5/UsingCrypto+Alamofire (3.14.0)":
    - lottie-ios
    - "ProtonCore-Authentication-KeyGeneration/UsingCrypto+Alamofire (= 3.14.0)"
    - "ProtonCore-Authentication/UsingCrypto+Alamofire (= 3.14.0)"
    - ProtonCore-Challenge (= 3.14.0)
    - ProtonCore-CoreTranslation (= 3.14.0)
    - ProtonCore-Crypto (= 3.14.0)
    - ProtonCore-DataModel (= 3.14.0)
    - ProtonCore-Foundations (= 3.14.0)
    - ProtonCore-HumanVerification-V5/Alamofire (= 3.14.0)
    - ProtonCore-Log (= 3.14.0)
    - "ProtonCore-Login/UsingCrypto+Alamofire (= 3.14.0)"
    - ProtonCore-OpenPGP (= 3.14.0)
    - "ProtonCore-Payments/UsingCrypto+Alamofire (= 3.14.0)"
    - "ProtonCore-PaymentsUI-V5/UsingCrypto+Alamofire (= 3.14.0)"
    - ProtonCore-UIFoundations-V5 (= 3.14.0)
    - TrustKit
  - ProtonCore-Networking/Alamofire (3.14.0):
    - Alamofire (= 5.4.4)
    - ProtonCore-CoreTranslation (= 3.14.0)
    - ProtonCore-Log (= 3.14.0)
    - TrustKit
  - ProtonCore-Networking/Alamofire/Tests (3.14.0):
    - Alamofire (= 5.4.4)
    - OHHTTPStubs/Swift
    - ProtonCore-CoreTranslation (= 3.14.0)
    - ProtonCore-Doh (= 3.14.0)
    - ProtonCore-Log (= 3.14.0)
    - ProtonCore-TestingToolkit/UnitTests/Networking/Alamofire (= 3.14.0)
    - TrustKit
  - ProtonCore-ObfuscatedConstants (3.14.0):
    - TrustKit
  - ProtonCore-OpenPGP (3.14.0)
  - "ProtonCore-Payments/UsingCrypto+Alamofire (3.14.0)":
    - "ProtonCore-Authentication/UsingCrypto+Alamofire (= 3.14.0)"
    - ProtonCore-CoreTranslation (= 3.14.0)
    - ProtonCore-Foundations (= 3.14.0)
    - ProtonCore-Hash (= 3.14.0)
    - ProtonCore-Log (= 3.14.0)
    - ProtonCore-Networking/Alamofire (= 3.14.0)
    - ProtonCore-Services/Alamofire (= 3.14.0)
    - ReachabilitySwift (~> 5.0.0)
  - "ProtonCore-Payments/UsingCrypto+Alamofire/Tests (3.14.0)":
    - "ProtonCore-Authentication/UsingCrypto+Alamofire (= 3.14.0)"
    - ProtonCore-CoreTranslation (= 3.14.0)
    - ProtonCore-Foundations (= 3.14.0)
    - ProtonCore-Hash (= 3.14.0)
    - ProtonCore-Log (= 3.14.0)
    - ProtonCore-Networking/Alamofire (= 3.14.0)
    - ProtonCore-Services/Alamofire (= 3.14.0)
    - "ProtonCore-TestingToolkit/UnitTests/Payments/UsingCrypto+Alamofire (= 3.14.0)"
    - ReachabilitySwift (~> 5.0.0)
  - "ProtonCore-PaymentsUI-V5/UsingCrypto+Alamofire (3.14.0)":
    - ProtonCore-CoreTranslation (= 3.14.0)
    - ProtonCore-CoreTranslation-V5 (= 3.14.0)
    - ProtonCore-Foundations (= 3.14.0)
    - ProtonCore-Log (= 3.14.0)
    - "ProtonCore-Payments/UsingCrypto+Alamofire (= 3.14.0)"
    - ProtonCore-UIFoundations-V5 (= 3.14.0)
  - "ProtonCore-PaymentsUI-V5/UsingCrypto+Alamofire/Tests (3.14.0)":
    - ProtonCore-CoreTranslation (= 3.14.0)
    - ProtonCore-CoreTranslation-V5 (= 3.14.0)
    - ProtonCore-Foundations (= 3.14.0)
    - ProtonCore-Log (= 3.14.0)
    - "ProtonCore-Payments/UsingCrypto+Alamofire (= 3.14.0)"
    - "ProtonCore-TestingToolkit/UnitTests/Payments/UsingCrypto+Alamofire (= 3.14.0)"
    - ProtonCore-UIFoundations-V5 (= 3.14.0)
  - ProtonCore-QuarkCommands/Alamofire (3.14.0):
    - ProtonCore-Doh (= 3.14.0)
    - ProtonCore-Log (= 3.14.0)
    - ProtonCore-Networking/Alamofire (= 3.14.0)
    - ProtonCore-Services/Alamofire (= 3.14.0)
  - ProtonCore-Services/Alamofire (3.14.0):
    - ProtonCore-DataModel (= 3.14.0)
    - ProtonCore-Doh (= 3.14.0)
    - ProtonCore-Log (= 3.14.0)
    - ProtonCore-Networking/Alamofire (= 3.14.0)
    - ProtonCore-Utilities (= 3.14.0)
    - TrustKit
  - ProtonCore-Services/Alamofire/Tests (3.14.0):
    - ProtonCore-DataModel (= 3.14.0)
    - ProtonCore-Doh (= 3.14.0)
    - ProtonCore-Log (= 3.14.0)
    - ProtonCore-Networking/Alamofire (= 3.14.0)
    - ProtonCore-TestingToolkit/UnitTests/Networking/Alamofire (= 3.14.0)
    - ProtonCore-TestingToolkit/UnitTests/Services/Alamofire (= 3.14.0)
    - ProtonCore-Utilities (= 3.14.0)
    - TrustKit
  - ProtonCore-Settings-V5 (3.14.0):
    - ProtonCore-UIFoundations-V5
  - ProtonCore-Settings-V5/Tests (3.14.0):
    - ProtonCore-UIFoundations-V5
  - ProtonCore-TestingToolkit/TestData/Alamofire (3.14.0):
    - CryptoSwift (= 1.3.1)
    - ProtonCore-DataModel (= 3.14.0)
    - ProtonCore-Networking/Alamofire (= 3.14.0)
    - ProtonCore-ObfuscatedConstants (= 3.14.0)
    - SwiftOTP (~> 2.0)
  - ProtonCore-TestingToolkit/UITests/AccountDeletion (3.14.0):
    - pmtest
    - ProtonCore-CoreTranslation (= 3.14.0)
  - ProtonCore-TestingToolkit/UITests/AccountSwitcher (3.14.0):
    - pmtest
    - ProtonCore-CoreTranslation (= 3.14.0)
  - ProtonCore-TestingToolkit/UITests/Core (3.14.0):
    - pmtest
    - ProtonCore-CoreTranslation (= 3.14.0)
    - ProtonCore-Log (= 3.14.0)
  - ProtonCore-TestingToolkit/UITests/Login (3.14.0):
    - pmtest
    - ProtonCore-CoreTranslation (= 3.14.0)
  - ProtonCore-TestingToolkit/UITests/PaymentsUI (3.14.0):
    - pmtest
    - ProtonCore-CoreTranslation (= 3.14.0)
  - "ProtonCore-TestingToolkit/UnitTests/AccountDeletion-V5/UsingCrypto+Alamofire (3.14.0)":
    - "ProtonCore-AccountDeletion-V5/UsingCrypto+Alamofire (= 3.14.0)"
    - ProtonCore-TestingToolkit/UnitTests/Core (= 3.14.0)
    - ProtonCore-TestingToolkit/UnitTests/Networking/Alamofire (= 3.14.0)
  - "ProtonCore-TestingToolkit/UnitTests/Authentication-KeyGeneration/UsingCrypto+Alamofire (3.14.0)":
    - "ProtonCore-Authentication-KeyGeneration/UsingCrypto+Alamofire (= 3.14.0)"
    - ProtonCore-TestingToolkit/UnitTests/Core (= 3.14.0)
    - ProtonCore-TestingToolkit/UnitTests/Services/Alamofire (= 3.14.0)
  - "ProtonCore-TestingToolkit/UnitTests/Authentication/UsingCrypto+Alamofire (3.14.0)":
    - "ProtonCore-Authentication/UsingCrypto+Alamofire (= 3.14.0)"
    - ProtonCore-TestingToolkit/UnitTests/Core (= 3.14.0)
    - ProtonCore-TestingToolkit/UnitTests/Services/Alamofire (= 3.14.0)
  - ProtonCore-TestingToolkit/UnitTests/Core (3.14.0)
  - ProtonCore-TestingToolkit/UnitTests/DataModel (3.14.0):
    - ProtonCore-DataModel (= 3.14.0)
    - ProtonCore-TestingToolkit/UnitTests/Core (= 3.14.0)
  - ProtonCore-TestingToolkit/UnitTests/Doh (3.14.0):
    - ProtonCore-Doh (= 3.14.0)
    - ProtonCore-TestingToolkit/UnitTests/Core (= 3.14.0)
  - ProtonCore-TestingToolkit/UnitTests/HumanVerification-V5/Alamofire (3.14.0):
    - ProtonCore-HumanVerification-V5/Alamofire (= 3.14.0)
    - ProtonCore-TestingToolkit/UnitTests/Core (= 3.14.0)
  - "ProtonCore-TestingToolkit/UnitTests/Login/UsingCrypto+Alamofire (3.14.0)":
    - "ProtonCore-Login/UsingCrypto+Alamofire (= 3.14.0)"
    - "ProtonCore-TestingToolkit/UnitTests/Authentication/UsingCrypto+Alamofire (= 3.14.0)"
    - ProtonCore-TestingToolkit/UnitTests/Core (= 3.14.0)
    - ProtonCore-TestingToolkit/UnitTests/DataModel (= 3.14.0)
    - ProtonCore-TestingToolkit/UnitTests/Services/Alamofire (= 3.14.0)
  - "ProtonCore-TestingToolkit/UnitTests/LoginUI-V5/UsingCrypto+Alamofire (3.14.0)":
    - "ProtonCore-LoginUI-V5/UsingCrypto+Alamofire (= 3.14.0)"
    - "ProtonCore-TestingToolkit/UnitTests/Authentication/UsingCrypto+Alamofire (= 3.14.0)"
    - ProtonCore-TestingToolkit/UnitTests/Core (= 3.14.0)
    - ProtonCore-TestingToolkit/UnitTests/DataModel (= 3.14.0)
    - ProtonCore-TestingToolkit/UnitTests/HumanVerification-V5/Alamofire (= 3.14.0)
    - "ProtonCore-TestingToolkit/UnitTests/Login/UsingCrypto+Alamofire (= 3.14.0)"
    - ProtonCore-TestingToolkit/UnitTests/Services/Alamofire (= 3.14.0)
  - ProtonCore-TestingToolkit/UnitTests/Networking/Alamofire (3.14.0):
    - ProtonCore-Networking/Alamofire (= 3.14.0)
    - ProtonCore-TestingToolkit/UnitTests/Core (= 3.14.0)
  - "ProtonCore-TestingToolkit/UnitTests/Payments/UsingCrypto+Alamofire (3.14.0)":
    - OHHTTPStubs/Swift
    - "ProtonCore-Payments/UsingCrypto+Alamofire (= 3.14.0)"
    - ProtonCore-TestingToolkit/UnitTests/Core (= 3.14.0)
  - ProtonCore-TestingToolkit/UnitTests/Services/Alamofire (3.14.0):
    - ProtonCore-Services/Alamofire (= 3.14.0)
    - ProtonCore-TestingToolkit/UnitTests/Core (= 3.14.0)
    - ProtonCore-TestingToolkit/UnitTests/DataModel (= 3.14.0)
    - ProtonCore-TestingToolkit/UnitTests/Doh (= 3.14.0)
    - ProtonCore-TestingToolkit/UnitTests/Networking/Alamofire (= 3.14.0)
  - ProtonCore-UIFoundations-V5 (3.14.0):
    - ProtonCore-CoreTranslation (= 3.14.0)
    - ProtonCore-CoreTranslation-V5 (= 3.14.0)
    - ProtonCore-Foundations (= 3.14.0)
    - ProtonCore-Log (= 3.14.0)
  - ProtonCore-UIFoundations-V5/Tests (3.14.0):
    - ProtonCore-CoreTranslation (= 3.14.0)
    - ProtonCore-CoreTranslation-V5 (= 3.14.0)
    - ProtonCore-Foundations (= 3.14.0)
    - ProtonCore-Log (= 3.14.0)
  - ProtonCore-Utilities (3.14.0):
    - ProtonCore-Log (= 3.14.0)
  - ProtonCore-Utilities/Tests (3.14.0):
    - ProtonCore-Log (= 3.14.0)
  - ProtonCore-VCard (3.14.0)
  - ReachabilitySwift (5.0.0)
  - Sentry (5.2.2):
    - Sentry/Core (= 5.2.2)
  - Sentry/Core (5.2.2)
  - SwiftOTP (2.0.3):
    - CryptoSwift (>= 1.0.0)
  - TPInAppReceipt (3.3.2):
    - TPInAppReceipt/Core (= 3.3.2)
  - TPInAppReceipt/Core (3.3.2):
    - ASN1Swift (~> 1.2.3)
  - TrustKit (1.7.0)

DEPENDENCIES:
  - CryptoSwift (= 1.3.1)
  - OHHTTPStubs/Swift
  - "pmtest (from `git@gitlab.protontech.ch:apple/shared/pmtestautomation.git`)"
  - "ProtonCore-AccountDeletion-V5/UsingCrypto+Alamofire (from `../../`)"
  - "ProtonCore-AccountDeletion-V5/UsingCrypto+Alamofire/Tests (from `../../`)"
  - ProtonCore-AccountSwitcher-V5 (from `../../`)
  - ProtonCore-AccountSwitcher-V5/Tests (from `../../`)
  - ProtonCore-APIClient/Alamofire (from `../../`)
  - ProtonCore-APIClient/TestsUsingCrypto (from `../../`)
  - "ProtonCore-Authentication-KeyGeneration/UsingCrypto+Alamofire (from `../../`)"
  - "ProtonCore-Authentication-KeyGeneration/UsingCrypto+Alamofire/Tests (from `../../`)"
  - "ProtonCore-Authentication/UsingCrypto+Alamofire (from `../../`)"
  - "ProtonCore-Authentication/UsingCrypto+Alamofire/Tests (from `../../`)"
  - ProtonCore-Challenge (from `../../`)
  - ProtonCore-Challenge/Tests (from `../../`)
  - ProtonCore-Common-V5/Alamofire (from `../../`)
  - ProtonCore-Common-V5/Alamofire/Tests (from `../../`)
  - ProtonCore-CoreTranslation (from `../../`)
  - ProtonCore-CoreTranslation-V5 (from `../../`)
  - ProtonCore-Crypto (from `../../`)
  - ProtonCore-Crypto/Tests (from `../../`)
  - ProtonCore-DataModel (from `../../`)
  - ProtonCore-DataModel/Tests (from `../../`)
  - ProtonCore-Doh (from `../../`)
  - ProtonCore-Doh/Tests (from `../../`)
  - "ProtonCore-Features-V5/UsingCrypto+Alamofire (from `../../`)"
  - ProtonCore-ForceUpgrade-V5/Alamofire (from `../../`)
  - ProtonCore-ForceUpgrade-V5/Alamofire/Tests (from `../../`)
  - ProtonCore-Foundations (from `../../`)
  - ProtonCore-Foundations/Tests (from `../../`)
  - ProtonCore-Hash (from `../../`)
  - ProtonCore-Hash/Tests (from `../../`)
  - ProtonCore-HumanVerification-V5/Alamofire (from `../../`)
  - ProtonCore-HumanVerification-V5/Alamofire/Tests (from `../../`)
  - ProtonCore-Keymaker/UsingCrypto (from `../../`)
  - ProtonCore-Keymaker/UsingCrypto/Tests (from `../../`)
  - ProtonCore-KeyManager/UsingCrypto (from `../../`)
  - ProtonCore-KeyManager/UsingCrypto/Tests (from `../../`)
  - ProtonCore-Log (from `../../`)
  - ProtonCore-Log/Tests (from `../../`)
  - "ProtonCore-Login/TestsUsingCrypto+Alamofire (from `../../`)"
  - "ProtonCore-Login/UsingCrypto+Alamofire (from `../../`)"
  - "ProtonCore-LoginUI-V5/TestsUsingCrypto+Alamofire (from `../../`)"
  - "ProtonCore-LoginUI-V5/UsingCrypto+Alamofire (from `../../`)"
  - ProtonCore-Networking/Alamofire (from `../../`)
  - ProtonCore-Networking/Alamofire/Tests (from `../../`)
  - ProtonCore-ObfuscatedConstants (from `../../`)
  - ProtonCore-OpenPGP (from `../../`)
  - "ProtonCore-Payments/UsingCrypto+Alamofire (from `../../`)"
  - "ProtonCore-Payments/UsingCrypto+Alamofire/Tests (from `../../`)"
  - "ProtonCore-PaymentsUI-V5/UsingCrypto+Alamofire (from `../../`)"
  - "ProtonCore-PaymentsUI-V5/UsingCrypto+Alamofire/Tests (from `../../`)"
  - ProtonCore-QuarkCommands/Alamofire (from `../../`)
  - ProtonCore-Services/Alamofire (from `../../`)
  - ProtonCore-Services/Alamofire/Tests (from `../../`)
  - ProtonCore-Settings-V5 (from `../../`)
  - ProtonCore-Settings-V5/Tests (from `../../`)
  - ProtonCore-TestingToolkit/TestData/Alamofire (from `../../`)
  - ProtonCore-TestingToolkit/UITests/AccountDeletion (from `../../`)
  - ProtonCore-TestingToolkit/UITests/AccountSwitcher (from `../../`)
  - ProtonCore-TestingToolkit/UITests/Core (from `../../`)
  - ProtonCore-TestingToolkit/UITests/Login (from `../../`)
  - ProtonCore-TestingToolkit/UITests/PaymentsUI (from `../../`)
  - "ProtonCore-TestingToolkit/UnitTests/AccountDeletion-V5/UsingCrypto+Alamofire (from `../../`)"
  - "ProtonCore-TestingToolkit/UnitTests/Authentication-KeyGeneration/UsingCrypto+Alamofire (from `../../`)"
  - "ProtonCore-TestingToolkit/UnitTests/Authentication/UsingCrypto+Alamofire (from `../../`)"
  - ProtonCore-TestingToolkit/UnitTests/Core (from `../../`)
  - ProtonCore-TestingToolkit/UnitTests/DataModel (from `../../`)
  - ProtonCore-TestingToolkit/UnitTests/Doh (from `../../`)
  - ProtonCore-TestingToolkit/UnitTests/HumanVerification-V5/Alamofire (from `../../`)
  - "ProtonCore-TestingToolkit/UnitTests/Login/UsingCrypto+Alamofire (from `../../`)"
  - "ProtonCore-TestingToolkit/UnitTests/LoginUI-V5/UsingCrypto+Alamofire (from `../../`)"
  - ProtonCore-TestingToolkit/UnitTests/Networking/Alamofire (from `../../`)
  - "ProtonCore-TestingToolkit/UnitTests/Payments/UsingCrypto+Alamofire (from `../../`)"
  - ProtonCore-TestingToolkit/UnitTests/Services/Alamofire (from `../../`)
  - ProtonCore-UIFoundations-V5 (from `../../`)
  - ProtonCore-UIFoundations-V5/Tests (from `../../`)
  - ProtonCore-Utilities (from `../../`)
  - ProtonCore-Utilities/Tests (from `../../`)
  - ProtonCore-VCard (from `../../`)
  - Sentry (from `https://github.com/getsentry/sentry-cocoa.git`, tag `5.2.2`)
  - SwiftOTP (~> 2.0)
  - TPInAppReceipt
  - TrustKit (from `https://github.com/ProtonMail/TrustKit.git`, branch `master`)

SPEC REPOS:
  trunk:
    - Alamofire
    - ASN1Swift
    - CryptoSwift
    - EllipticCurveKeyPair
    - lottie-ios
    - OHHTTPStubs
    - ReachabilitySwift
    - SwiftOTP
    - TPInAppReceipt

EXTERNAL SOURCES:
  pmtest:
    :git: "git@gitlab.protontech.ch:apple/shared/pmtestautomation.git"
  ProtonCore-AccountDeletion-V5:
    :path: "../../"
  ProtonCore-AccountSwitcher-V5:
    :path: "../../"
  ProtonCore-APIClient:
    :path: "../../"
  ProtonCore-Authentication:
    :path: "../../"
  ProtonCore-Authentication-KeyGeneration:
    :path: "../../"
  ProtonCore-Challenge:
    :path: "../../"
  ProtonCore-Common-V5:
    :path: "../../"
  ProtonCore-CoreTranslation:
    :path: "../../"
  ProtonCore-CoreTranslation-V5:
    :path: "../../"
  ProtonCore-Crypto:
    :path: "../../"
  ProtonCore-DataModel:
    :path: "../../"
  ProtonCore-Doh:
    :path: "../../"
  ProtonCore-Features-V5:
    :path: "../../"
  ProtonCore-ForceUpgrade-V5:
    :path: "../../"
  ProtonCore-Foundations:
    :path: "../../"
  ProtonCore-Hash:
    :path: "../../"
  ProtonCore-HumanVerification-V5:
    :path: "../../"
  ProtonCore-Keymaker:
    :path: "../../"
  ProtonCore-KeyManager:
    :path: "../../"
  ProtonCore-Log:
    :path: "../../"
  ProtonCore-Login:
    :path: "../../"
  ProtonCore-LoginUI-V5:
    :path: "../../"
  ProtonCore-Networking:
    :path: "../../"
  ProtonCore-ObfuscatedConstants:
    :path: "../../"
  ProtonCore-OpenPGP:
    :path: "../../"
  ProtonCore-Payments:
    :path: "../../"
  ProtonCore-PaymentsUI-V5:
    :path: "../../"
  ProtonCore-QuarkCommands:
    :path: "../../"
  ProtonCore-Services:
    :path: "../../"
  ProtonCore-Settings-V5:
    :path: "../../"
  ProtonCore-TestingToolkit:
    :path: "../../"
  ProtonCore-UIFoundations-V5:
    :path: "../../"
  ProtonCore-Utilities:
    :path: "../../"
  ProtonCore-VCard:
    :path: "../../"
  Sentry:
    :git: https://github.com/getsentry/sentry-cocoa.git
    :tag: 5.2.2
  TrustKit:
    :branch: master
    :git: https://github.com/ProtonMail/TrustKit.git

CHECKOUT OPTIONS:
  pmtest:
    :commit: 7f549d539c5a45a92ab5b632b5ba60de04fdd061
    :git: "git@gitlab.protontech.ch:apple/shared/pmtestautomation.git"
  Sentry:
    :git: https://github.com/getsentry/sentry-cocoa.git
    :tag: 5.2.2
  TrustKit:
    :commit: 838fba789e01c9cabff77acea3fb7135f71a220f
    :git: https://github.com/ProtonMail/TrustKit.git

SPEC CHECKSUMS:
  Alamofire: f3b09a368f1582ab751b3fff5460276e0d2cf5c9
  ASN1Swift: 73ba94f1d97c1c1d059d180708ad42845aeac4f9
  CryptoSwift: f12f037f6d0fcd6d48c96db0071b653de64e6c4d
  EllipticCurveKeyPair: 8c69e5238a6e47243a10a48fbd41dfb19110b22e
  lottie-ios: 6ac74dcc09904798f59b18cb3075c089d76be9ae
  OHHTTPStubs: 90eac6d8f2c18317baeca36698523dc67c513831
  pmtest: cb339e22597f14ee4aba80b8c7d850018fb44496
  ProtonCore-AccountDeletion-V5: 30a790b6d624c610d320f8fff0ea792a5132d0cf
  ProtonCore-AccountSwitcher-V5: d41a793aa1f74012d02b738f0afb8067984a8d99
  ProtonCore-APIClient: 982c4c2fc6253f7c28ea74d66904e7964e1cc86f
  ProtonCore-Authentication: 016ecc74f2f96846efcd81723da277953045ab0e
  ProtonCore-Authentication-KeyGeneration: 563807a26ef55d5a9a90a3c45a8a0e027843f42f
  ProtonCore-Challenge: 62b733604740f8ccf3832ca4948e10a1013e85fd
  ProtonCore-Common-V5: bc4d0a2ea493d779aa2caa82e574e9e0f9bdb4a1
  ProtonCore-CoreTranslation: 61eb91c1601a2eb2ae83d8438d9e97cd1c70669d
  ProtonCore-CoreTranslation-V5: 2420b3b9770261c92a8a753665282e102998d733
  ProtonCore-Crypto: 2bdc72fbc4dbd36e76ce4106418433ef1f583734
  ProtonCore-DataModel: 830dc43ac492745304df7e5ef63f57381249460b
  ProtonCore-Doh: 9b57fbbb9480f7e3a82ff3ab5ce4a8815eb79a65
  ProtonCore-Features-V5: 1321d334762198d15380845585354e88c9a306f9
  ProtonCore-ForceUpgrade-V5: fada2402dac6deeee6264b52963c41f782b52e73
  ProtonCore-Foundations: 2b44f0ad6de2ac8714e876642ee9915985712078
  ProtonCore-Hash: 594a8f83db533fdb7c8423023b77bc19f232b726
  ProtonCore-HumanVerification-V5: 69576b49933aae1ea0aaf4e48d2652ef5fe2837e
  ProtonCore-Keymaker: d1c0c46779a02cdefeebc8b991be9b4ec0b40dd1
  ProtonCore-KeyManager: 90d2dff9222732bd5bf65d3a865c498cf64ee312
  ProtonCore-Log: 315a8205c68e706a86a9afce78670e9b00d4455a
  ProtonCore-Login: ec9ed1a46c1c957b5e3fddb83affda79856f1e44
  ProtonCore-LoginUI-V5: 64ca13203de111459efc9cc5461f65b756f53fee
  ProtonCore-Networking: ee816b6bbc99e20e309c6567f565124b599c17a1
  ProtonCore-ObfuscatedConstants: 0f691107468da48f89caf847b71b0cef36864f6e
  ProtonCore-OpenPGP: 1b33a19aa9bbe52e574d34f68d0cedcdc497d64c
  ProtonCore-Payments: ed2cd4792fc6aa468c4d7ac078a317bc0233ddd8
  ProtonCore-PaymentsUI-V5: 0e0e34eb75c447c6889faa373968aa369d891382
  ProtonCore-QuarkCommands: 80f2a68f82a969307cbf4ff5e5fc6664b30a6e98
  ProtonCore-Services: f59fd1a1e62e4d1280b5f76c2140692dfc8bd1eb
  ProtonCore-Settings-V5: 9448b0446425082cc8ec0205f404d359656ecfd0
  ProtonCore-TestingToolkit: 2fd82ce64cf913268a71bcd42224c8f6132969d8
  ProtonCore-UIFoundations-V5: 9371584a46433fe7bb7d7b6859cbe686bd71d56b
  ProtonCore-Utilities: e25beb70a61fc96a8f9436d222181a54f35956ac
  ProtonCore-VCard: fb986ad2f5f0715d3eee17a7281b21388894b380
  ReachabilitySwift: 985039c6f7b23a1da463388634119492ff86c825
  Sentry: 8fa58a051237554f22507fb483b9a1de0171a2dc
  SwiftOTP: ce98ded1ab42e4e66c39228fcad6b0c07b98e494
  TPInAppReceipt: 5f9eb3ebc7e13b9427a7f42aa9657c005ffaf34c
  TrustKit: 3fb011102271b79f7e3742bc2cfc54bb7193ca74

PODFILE CHECKSUM: 4eb94cf7dceb20ea15407e463a5204cbda26b44a

COCOAPODS: 1.11.2
