PODS:
  - ProtonCore-Challenge (2.3.0):
    - ProtonCore-Foundations (= 2.3.0)
  - ProtonCore-CoreTranslation (2.3.0)
  - ProtonCore-Foundations (2.3.0)
  - ProtonCore-Log (2.3.0)
  - ProtonCore-UIFoundations (2.3.0):
    - ProtonCore-CoreTranslation (= 2.3.0)
    - ProtonCore-Foundations (= 2.3.0)
    - ProtonCore-Log (= 2.3.0)
  - SwiftLint (0.43.1)

DEPENDENCIES:
  - ProtonCore-Challenge (from `../../`)
  - ProtonCore-CoreTranslation (from `../../`)
  - ProtonCore-Foundations (from `../../`)
  - ProtonCore-Log (from `../../`)
  - ProtonCore-UIFoundations (from `../../`)
  - SwiftLint

SPEC REPOS:
  trunk:
    - SwiftLint

EXTERNAL SOURCES:
  ProtonCore-Challenge:
    :path: "../../"
  ProtonCore-CoreTranslation:
    :path: "../../"
  ProtonCore-Foundations:
    :path: "../../"
  ProtonCore-Log:
    :path: "../../"
  ProtonCore-UIFoundations:
    :path: "../../"

SPEC CHECKSUMS:
  ProtonCore-Challenge: 9f25818aa4e274e222f9e9f2546769355b55eb19
  ProtonCore-CoreTranslation: 4bf0275ed42016278fa47450f74c42f85d136e0f
  ProtonCore-Foundations: 67fd3d8f3b8a3928210533360093847e42eeffa8
  ProtonCore-Log: b4263a98c0b7ab99ae462b92be0baad150e38ed8
  ProtonCore-UIFoundations: 313590e2951b7a27d85dbd9abd5814fa15725e84
  SwiftLint: 99f82d07b837b942dd563c668de129a03fc3fb52

PODFILE CHECKSUM: 014496c892cb5d7225246394d1ec27396dcb37e8

COCOAPODS: 1.10.1
