PODS:
  - AFNetworking (4.0.1):
    - AFNetworking/NSURLSession (= 4.0.1)
    - AFNetworking/Reachability (= 4.0.1)
    - AFNetworking/Security (= 4.0.1)
    - AFNetworking/Serialization (= 4.0.1)
    - AFNetworking/UIKit (= 4.0.1)
  - AFNetworking/NSURLSession (4.0.1):
    - AFNetworking/Reachability
    - AFNetworking/Security
    - AFNetworking/Serialization
  - AFNetworking/Reachability (4.0.1)
  - AFNetworking/Security (4.0.1)
  - AFNetworking/Serialization (4.0.1)
  - AFNetworking/UIKit (4.0.1):
    - AFNetworking/NSURLSession
  - Alamofire (5.4.3)
  - AwaitKit (5.2.0):
    - PromiseKit (~> 6)
  - PromiseKit (6.15.3):
    - PromiseKit/CorePromise (= 6.15.3)
    - PromiseKit/Foundation (= 6.15.3)
    - PromiseKit/UIKit (= 6.15.3)
  - PromiseKit/CorePromise (6.15.3)
  - PromiseKit/Foundation (6.15.3):
    - PromiseKit/CorePromise
  - PromiseKit/UIKit (6.15.3):
    - PromiseKit/CorePromise
  - ProtonCore-APIClient (2.7.0):
    - ProtonCore-DataModel (= 2.7.0)
    - ProtonCore-Networking (= 2.7.0)
    - ProtonCore-Services (= 2.7.0)
  - ProtonCore-Authentication (2.7.0):
    - ProtonCore-APIClient (= 2.7.0)
    - ProtonCore-Authentication/UsingCrypto (= 2.7.0)
    - ProtonCore-Services (= 2.7.0)
  - ProtonCore-Authentication-KeyGeneration (2.7.0):
    - ProtonCore-Authentication-KeyGeneration/UsingCrypto (= 2.7.0)
    - ProtonCore-OpenPGP (= 2.7.0)
  - ProtonCore-Authentication-KeyGeneration/UsingCrypto (2.7.0):
    - ProtonCore-Authentication/UsingCrypto (= 2.7.0)
    - ProtonCore-Crypto (= 2.7.0)
    - ProtonCore-OpenPGP (= 2.7.0)
  - ProtonCore-Authentication/UsingCrypto (2.7.0):
    - ProtonCore-APIClient (= 2.7.0)
    - ProtonCore-Crypto (= 2.7.0)
    - ProtonCore-Services (= 2.7.0)
  - ProtonCore-Common (2.7.0):
    - ProtonCore-Services (= 2.7.0)
    - ProtonCore-UIFoundations (= 2.7.0)
  - ProtonCore-CoreTranslation (2.7.0)
  - ProtonCore-Crypto (2.7.0)
  - ProtonCore-DataModel (2.7.0):
    - ProtonCore-Utilities (= 2.7.0)
  - ProtonCore-Doh (2.7.0):
    - ProtonCore-Log (= 2.7.0)
  - ProtonCore-Features (2.7.0):
    - ProtonCore-Common
    - ProtonCore-DataModel
    - ProtonCore-Features/UsingCrypto (= 2.7.0)
    - ProtonCore-Networking
    - ProtonCore-SRP
  - ProtonCore-Features/UsingCrypto (2.7.0):
    - ProtonCore-Authentication/UsingCrypto (= 2.7.0)
    - ProtonCore-Common
    - ProtonCore-Crypto (= 2.7.0)
    - ProtonCore-DataModel
    - ProtonCore-KeyManager/UsingCrypto (= 2.7.0)
    - ProtonCore-Networking
    - ProtonCore-SRP
  - ProtonCore-Foundations (2.7.0)
  - ProtonCore-KeyManager (2.7.0):
    - ProtonCore-DataModel (= 2.7.0)
    - ProtonCore-KeyManager/UsingCrypto (= 2.7.0)
  - ProtonCore-KeyManager/UsingCrypto (2.7.0):
    - ProtonCore-Crypto (= 2.7.0)
    - ProtonCore-DataModel (= 2.7.0)
  - ProtonCore-Log (2.7.0)
  - ProtonCore-Networking (2.7.0):
    - ProtonCore-CoreTranslation (= 2.7.0)
    - ProtonCore-Log (= 2.7.0)
    - ProtonCore-Networking/AFNetworking (= 2.7.0)
  - ProtonCore-Networking/AFNetworking (2.7.0):
    - AFNetworking (~> 4.0)
    - ProtonCore-CoreTranslation (= 2.7.0)
    - ProtonCore-Log (= 2.7.0)
    - TrustKit
  - ProtonCore-Networking/Alamofire (2.7.0):
    - Alamofire (~> 5.2)
    - ProtonCore-CoreTranslation (= 2.7.0)
    - ProtonCore-Log (= 2.7.0)
    - TrustKit
  - ProtonCore-OpenPGP (2.7.0)
  - ProtonCore-Services (2.7.0):
    - AwaitKit (~> 5.2.0)
    - PromiseKit (~> 6.0)
    - ProtonCore-DataModel (= 2.7.0)
    - ProtonCore-Doh (= 2.7.0)
    - ProtonCore-Log (= 2.7.0)
    - ProtonCore-Networking (= 2.7.0)
    - ProtonCore-Utilities (= 2.7.0)
    - TrustKit
  - ProtonCore-SRP (2.7.0)
  - ProtonCore-UIFoundations (2.7.0):
    - ProtonCore-CoreTranslation (= 2.7.0)
    - ProtonCore-Foundations (= 2.7.0)
    - ProtonCore-Log (= 2.7.0)
  - ProtonCore-Utilities (2.7.0):
    - ProtonCore-Log (= 2.7.0)
  - TrustKit (1.7.0)

DEPENDENCIES:
  - ProtonCore-APIClient (from `../../`)
  - ProtonCore-Authentication (from `../../`)
  - ProtonCore-Authentication-KeyGeneration (from `../../`)
  - ProtonCore-Common (from `../../`)
  - ProtonCore-CoreTranslation (from `../../`)
  - ProtonCore-Crypto (from `../../`)
  - ProtonCore-DataModel (from `../../`)
  - ProtonCore-Doh (from `../../`)
  - ProtonCore-Features (from `../../`)
  - ProtonCore-Foundations (from `../../`)
  - ProtonCore-KeyManager (from `../../`)
  - ProtonCore-Log (from `../../`)
  - ProtonCore-Networking/Alamofire (from `../../`)
  - ProtonCore-OpenPGP (from `../../`)
  - ProtonCore-Services (from `../../`)
  - ProtonCore-SRP (from `../../`)
  - ProtonCore-UIFoundations (from `../../`)
  - ProtonCore-Utilities (from `../../`)
  - TrustKit (from `https://github.com/ProtonMail/TrustKit.git`, branch `master`)

SPEC REPOS:
  trunk:
    - AFNetworking
    - Alamofire
    - AwaitKit
    - PromiseKit

EXTERNAL SOURCES:
  ProtonCore-APIClient:
    :path: "../../"
  ProtonCore-Authentication:
    :path: "../../"
  ProtonCore-Authentication-KeyGeneration:
    :path: "../../"
  ProtonCore-Common:
    :path: "../../"
  ProtonCore-CoreTranslation:
    :path: "../../"
  ProtonCore-Crypto:
    :path: "../../"
  ProtonCore-DataModel:
    :path: "../../"
  ProtonCore-Doh:
    :path: "../../"
  ProtonCore-Features:
    :path: "../../"
  ProtonCore-Foundations:
    :path: "../../"
  ProtonCore-KeyManager:
    :path: "../../"
  ProtonCore-Log:
    :path: "../../"
  ProtonCore-Networking:
    :path: "../../"
  ProtonCore-OpenPGP:
    :path: "../../"
  ProtonCore-Services:
    :path: "../../"
  ProtonCore-SRP:
    :path: "../../"
  ProtonCore-UIFoundations:
    :path: "../../"
  ProtonCore-Utilities:
    :path: "../../"
  TrustKit:
    :branch: master
    :git: https://github.com/ProtonMail/TrustKit.git

CHECKOUT OPTIONS:
  TrustKit:
    :commit: 838fba789e01c9cabff77acea3fb7135f71a220f
    :git: https://github.com/ProtonMail/TrustKit.git

SPEC CHECKSUMS:
  AFNetworking: 7864c38297c79aaca1500c33288e429c3451fdce
  Alamofire: e447a2774a40c996748296fa2c55112fdbbc42f9
  AwaitKit: 512626cd12c82b1fbffddc8f414d0364cb456004
  PromiseKit: 3b2b6995e51a954c46dbc550ce3da44fbfb563c5
  ProtonCore-APIClient: a3997a0207fc9c3424bcaf9dc6b7a883289cc802
  ProtonCore-Authentication: c8dedb1db8612ffde112388e66663ac423bc747b
  ProtonCore-Authentication-KeyGeneration: 8ff9f4c8ec5c031d0623bd633d17230c061f862a
  ProtonCore-Common: 8318134673cc1342bca7777749e526b132025786
  ProtonCore-CoreTranslation: ff65199a7fc15282de371281a263c14d36bd161b
  ProtonCore-Crypto: e5e775483c2f3615908b83ee771dc1f367936492
  ProtonCore-DataModel: 5d9dc273404a954f57f4ee378855acb4e71998fb
  ProtonCore-Doh: bb5d2af93931a78741ee051f860b9b6fdea937d6
  ProtonCore-Features: 51be671af64f54a4d2d12e74e1de3dd004fc3e2e
  ProtonCore-Foundations: 864e7ca61232a3044ab0d4c0869af78eeaee81c6
  ProtonCore-KeyManager: f9b9f692909a0cc49ffe37ba74d2e73a53f140a3
  ProtonCore-Log: 991cadb2cf2c10cd57ee1c2b85ae23eef6bac73a
  ProtonCore-Networking: 9644168238de46f196fcbe9657473cf1930be077
  ProtonCore-OpenPGP: bf9940553e96555ef6acec4eb509da03dc3740cf
  ProtonCore-Services: 43c06bd2a3fccfba6e09e89b092da56fa644f3c2
  ProtonCore-SRP: 22063eaaacc8e6b199e4c896d0edc1f90f2ef173
  ProtonCore-UIFoundations: 69cc6f15b210fb6c5cb34f1ffe616ecd390be1ea
  ProtonCore-Utilities: bf95733fb51fc03ab295a581249b80c445bd94c0
  TrustKit: 3fb011102271b79f7e3742bc2cfc54bb7193ca74

PODFILE CHECKSUM: 606c208fe760c4c5ad3c9978150c65cf678451f3

COCOAPODS: 1.10.1
